// !$*UTF8*$!
{
	archiveVersion = 1;
	classes = {
	};
	objectVersion = 48;
	objects = {

/* Begin PBXBuildFile section */
		50771EF020C304BA0001E666 /* AppDelegate.swift in Sources */ = {isa = PBXBuildFile; fileRef = 50771EEF20C304BA0001E666 /* AppDelegate.swift */; };
		50771EF220C304BA0001E666 /* ViewController.swift in Sources */ = {isa = PBXBuildFile; fileRef = 50771EF120C304BA0001E666 /* ViewController.swift */; };
		50771EF520C304BA0001E666 /* Main.storyboard in Resources */ = {isa = PBXBuildFile; fileRef = 50771EF320C304BA0001E666 /* Main.storyboard */; };
		50771EF820C304BA0001E666 /* Mueller.xcdatamodeld in Sources */ = {isa = PBXBuildFile; fileRef = 50771EF620C304BA0001E666 /* Mueller.xcdatamodeld */; };
		50771EFA20C304BB0001E666 /* Assets.xcassets in Resources */ = {isa = PBXBuildFile; fileRef = 50771EF920C304BB0001E666 /* Assets.xcassets */; };
		50771EFD20C304BB0001E666 /* LaunchScreen.storyboard in Resources */ = {isa = PBXBuildFile; fileRef = 50771EFB20C304BB0001E666 /* LaunchScreen.storyboard */; };
		50771F0520C304E00001E666 /* p022_names.txt in Resources */ = {isa = PBXBuildFile; fileRef = 50771F0420C304E00001E666 /* p022_names.txt */; };
		50A3710820E3CE0F0055B3AC /* sdsdf.swift in Sources */ = {isa = PBXBuildFile; fileRef = 50A3710720E3CE0F0055B3AC /* sdsdf.swift */; };
/* End PBXBuildFile section */

/* Begin PBXFileReference section */
		50771EEC20C304BA0001E666 /* Mueller.app */ = {isa = PBXFileReference; explicitFileType = wrapper.application; includeInIndex = 0; path = Mueller.app; sourceTree = BUILT_PRODUCTS_DIR; };
		50771EEF20C304BA0001E666 /* AppDelegate.swift */ = {isa = PBXFileReference; lastKnownFileType = sourcecode.swift; path = AppDelegate.swift; sourceTree = "<group>"; };
		50771EF120C304BA0001E666 /* ViewController.swift */ = {isa = PBXFileReference; lastKnownFileType = sourcecode.swift; path = ViewController.swift; sourceTree = "<group>"; };
		50771EF420C304BA0001E666 /* Base */ = {isa = PBXFileReference; lastKnownFileType = file.storyboard; name = Base; path = Base.lproj/Main.storyboard; sourceTree = "<group>"; };
		50771EF720C304BA0001E666 /* Mueller.xcdatamodel */ = {isa = PBXFileReference; lastKnownFileType = wrapper.xcdatamodel; path = Mueller.xcdatamodel; sourceTree = "<group>"; };
		50771EF920C304BB0001E666 /* Assets.xcassets */ = {isa = PBXFileReference; lastKnownFileType = folder.assetcatalog; path = Assets.xcassets; sourceTree = "<group>"; };
		50771EFC20C304BB0001E666 /* Base */ = {isa = PBXFileReference; lastKnownFileType = file.storyboard; name = Base; path = Base.lproj/LaunchScreen.storyboard; sourceTree = "<group>"; };
		50771EFE20C304BB0001E666 /* Info.plist */ = {isa = PBXFileReference; lastKnownFileType = text.plist.xml; path = Info.plist; sourceTree = "<group>"; };
		50771F0420C304E00001E666 /* p022_names.txt */ = {isa = PBXFileReference; fileEncoding = 4; lastKnownFileType = text; path = p022_names.txt; sourceTree = "<group>"; };
		50A3710720E3CE0F0055B3AC /* sdsdf.swift */ = {isa = PBXFileReference; lastKnownFileType = sourcecode.swift; path = sdsdf.swift; sourceTree = "<group>"; };
/* End PBXFileReference section */

/* Begin PBXFrameworksBuildPhase section */
		50771EE920C304BA0001E666 /* Frameworks */ = {
			isa = PBXFrameworksBuildPhase;
			buildActionMask = 2147483647;
			files = (
			);
			runOnlyForDeploymentPostprocessing = 0;
		};
/* End PBXFrameworksBuildPhase section */

/* Begin PBXGroup section */
		50771EE320C304BA0001E666 = {
			isa = PBXGroup;
			children = (
				50771EEE20C304BA0001E666 /* Mueller */,
				50771EED20C304BA0001E666 /* Products */,
			);
			sourceTree = "<group>";
		};
		50771EED20C304BA0001E666 /* Products */ = {
			isa = PBXGroup;
			children = (
				50771EEC20C304BA0001E666 /* Mueller.app */,
			);
			name = Products;
			sourceTree = "<group>";
		};
		50771EEE20C304BA0001E666 /* Mueller */ = {
			isa = PBXGroup;
			children = (
				50771F0420C304E00001E666 /* p022_names.txt */,
				50771EEF20C304BA0001E666 /* AppDelegate.swift */,
				50771EF120C304BA0001E666 /* ViewController.swift */,
				50A3710720E3CE0F0055B3AC /* sdsdf.swift */,
				50771EF320C304BA0001E666 /* Main.storyboard */,
				50771EF920C304BB0001E666 /* Assets.xcassets */,
				50771EFB20C304BB0001E666 /* LaunchScreen.storyboard */,
				50771EFE20C304BB0001E666 /* Info.plist */,
				50771EF620C304BA0001E666 /* Mueller.xcdatamodeld */,
			);
			path = Mueller;
			sourceTree = "<group>";
		};
/* End PBXGroup section */

/* Begin PBXNativeTarget section */
		50771EEB20C304BA0001E666 /* Mueller */ = {
			isa = PBXNativeTarget;
			buildConfigurationList = 50771F0120C304BB0001E666 /* Build configuration list for PBXNativeTarget "Mueller" */;
			buildPhases = (
				50771EE820C304BA0001E666 /* Sources */,
				50771EE920C304BA0001E666 /* Frameworks */,
				50771EEA20C304BA0001E666 /* Resources */,
			);
			buildRules = (
			);
			dependencies = (
			);
			name = Mueller;
			productName = Mueller;
			productReference = 50771EEC20C304BA0001E666 /* Mueller.app */;
			productType = "com.apple.product-type.application";
		};
/* End PBXNativeTarget section */

/* Begin PBXProject section */
		50771EE420C304BA0001E666 /* Project object */ = {
			isa = PBXProject;
			attributes = {
				LastSwiftUpdateCheck = 0920;
				LastUpgradeCheck = 0920;
				ORGANIZATIONNAME = "Raptis, Nicholas";
				TargetAttributes = {
					50771EEB20C304BA0001E666 = {
						CreatedOnToolsVersion = 9.2;
						ProvisioningStyle = Automatic;
					};
				};
			};
			buildConfigurationList = 50771EE720C304BA0001E666 /* Build configuration list for PBXProject "Mueller" */;
			compatibilityVersion = "Xcode 8.0";
			developmentRegion = en;
			hasScannedForEncodings = 0;
			knownRegions = (
				en,
				Base,
			);
			mainGroup = 50771EE320C304BA0001E666;
			productRefGroup = 50771EED20C304BA0001E666 /* Products */;
			projectDirPath = "";
			projectRoot = "";
			targets = (
				50771EEB20C304BA0001E666 /* Mueller */,
			);
		};
/* End PBXProject section */

/* Begin PBXResourcesBuildPhase section */
		50771EEA20C304BA0001E666 /* Resources */ = {
			isa = PBXResourcesBuildPhase;
			buildActionMask = 2147483647;
			files = (
				50771EFD20C304BB0001E666 /* LaunchScreen.storyboard in Resources */,
				50771EFA20C304BB0001E666 /* Assets.xcassets in Resources */,
				50771EF520C304BA0001E666 /* Main.storyboard in Resources */,
				50771F0520C304E00001E666 /* p022_names.txt in Resources */,
			);
			runOnlyForDeploymentPostprocessing = 0;
		};
/* End PBXResourcesBuildPhase section */

/* Begin PBXSourcesBuildPhase section */
		50771EE820C304BA0001E666 /* Sources */ = {
			isa = PBXSourcesBuildPhase;
			buildActionMask = 2147483647;
			files = (
				50771EF220C304BA0001E666 /* ViewController.swift in Sources */,
				50771EF020C304BA0001E666 /* AppDelegate.swift in Sources */,
				50A3710820E3CE0F0055B3AC /* sdsdf.swift in Sources */,
				50771EF820C304BA0001E666 /* Mueller.xcdatamodeld in Sources */,
			);
			runOnlyForDeploymentPostprocessing = 0;
		};
/* End PBXSourcesBuildPhase section */

/* Begin PBXVariantGroup section */
		50771EF320C304BA0001E666 /* Main.storyboard */ = {
			isa = PBXVariantGroup;
			children = (
				50771EF420C304BA0001E666 /* Base */,
			);
			name = Main.storyboard;
			sourceTree = "<group>";
		};
		50771EFB20C304BB0001E666 /* LaunchScreen.storyboard */ = {
			isa = PBXVariantGroup;
			children = (
				50771EFC20C304BB0001E666 /* Base */,
			);
			name = LaunchScreen.storyboard;
			sourceTree = "<group>";
		};
/* End PBXVariantGroup section */

/* Begin XCBuildConfiguration section */
		50771EFF20C304BB0001E666 /* Debug */ = {
			isa = XCBuildConfiguration;
			buildSettings = {
				ALWAYS_SEARCH_USER_PATHS = NO;
				CLANG_ANALYZER_NONNULL = YES;
				CLANG_ANALYZER_NUMBER_OBJECT_CONVERSION = YES_AGGRESSIVE;
				CLANG_CXX_LANGUAGE_STANDARD = "gnu++14";
				CLANG_CXX_LIBRARY = "libc++";
				CLANG_ENABLE_MODULES = YES;
				CLANG_ENABLE_OBJC_ARC = YES;
				CLANG_WARN_BLOCK_CAPTURE_AUTORELEASING = YES;
				CLANG_WARN_BOOL_CONVERSION = YES;
				CLANG_WARN_COMMA = YES;
				CLANG_WARN_CONSTANT_CONVERSION = YES;
				CLANG_WARN_DIRECT_OBJC_ISA_USAGE = YES_ERROR;
				CLANG_WARN_DOCUMENTATION_COMMENTS = YES;
				CLANG_WARN_EMPTY_BODY = YES;
				CLANG_WARN_ENUM_CONVERSION = YES;
				CLANG_WARN_INFINITE_RECURSION = YES;
				CLANG_WARN_INT_CONVERSION = YES;
				CLANG_WARN_NON_LITERAL_NULL_CONVERSION = YES;
				CLANG_WARN_OBJC_LITERAL_CONVERSION = YES;
				CLANG_WARN_OBJC_ROOT_CLASS = YES_ERROR;
				CLANG_WARN_RANGE_LOOP_ANALYSIS = YES;
				CLANG_WARN_STRICT_PROTOTYPES = YES;
				CLANG_WARN_SUSPICIOUS_MOVE = YES;
				CLANG_WARN_UNGUARDED_AVAILABILITY = YES_AGGRESSIVE;
				CLANG_WARN_UNREACHABLE_CODE = YES;
				CLANG_WARN__DUPLICATE_METHOD_MATCH = YES;
				CODE_SIGN_IDENTITY = "iPhone Developer";
				COPY_PHASE_STRIP = NO;
				DEBUG_INFORMATION_FORMAT = dwarf;
				ENABLE_STRICT_OBJC_MSGSEND = YES;
				ENABLE_TESTABILITY = YES;
				GCC_C_LANGUAGE_STANDARD = gnu11;
				GCC_DYNAMIC_NO_PIC = NO;
				GCC_NO_COMMON_BLOCKS = YES;
				GCC_OPTIMIZATION_LEVEL = 0;
				GCC_PREPROCESSOR_DEFINITIONS = (
					"DEBUG=1",
					"$(inherited)",
				);
				GCC_WARN_64_TO_32_BIT_CONVERSION = YES;
				GCC_WARN_ABOUT_RETURN_TYPE = YES_ERROR;
				GCC_WARN_UNDECLARED_SELECTOR = YES;
				GCC_WARN_UNINITIALIZED_AUTOS = YES_AGGRESSIVE;
				GCC_WARN_UNUSED_FUNCTION = YES;
				GCC_WARN_UNUSED_VARIABLE = YES;
				IPHONEOS_DEPLOYMENT_TARGET = 11.2;
				MTL_ENABLE_DEBUG_INFO = YES;
				ONLY_ACTIVE_ARCH = YES;
				SDKROOT = iphoneos;
				SWIFT_ACTIVE_COMPILATION_CONDITIONS = DEBUG;
				SWIFT_OPTIMIZATION_LEVEL = "-Onone";
			};
			name = Debug;
		};
		50771F0020C304BB0001E666 /* Release */ = {
			isa = XCBuildConfiguration;
			buildSettings = {
				ALWAYS_SEARCH_USER_PATHS = NO;
				CLANG_ANALYZER_NONNULL = YES;
				CLANG_ANALYZER_NUMBER_OBJECT_CONVERSION = YES_AGGRESSIVE;
				CLANG_CXX_LANGUAGE_STANDARD = "gnu++14";
				CLANG_CXX_LIBRARY = "libc++";
				CLANG_ENABLE_MODULES = YES;
				CLANG_ENABLE_OBJC_ARC = YES;
				CLANG_WARN_BLOCK_CAPTURE_AUTORELEASING = YES;
				CLANG_WARN_BOOL_CONVERSION = YES;
				CLANG_WARN_COMMA = YES;
				CLANG_WARN_CONSTANT_CONVERSION = YES;
				CLANG_WARN_DIRECT_OBJC_ISA_USAGE = YES_ERROR;
				CLANG_WARN_DOCUMENTATION_COMMENTS = YES;
				CLANG_WARN_EMPTY_BODY = YES;
				CLANG_WARN_ENUM_CONVERSION = YES;
				CLANG_WARN_INFINITE_RECURSION = YES;
				CLANG_WARN_INT_CONVERSION = YES;
				CLANG_WARN_NON_LITERAL_NULL_CONVERSION = YES;
				CLANG_WARN_OBJC_LITERAL_CONVERSION = YES;
				CLANG_WARN_OBJC_ROOT_CLASS = YES_ERROR;
				CLANG_WARN_RANGE_LOOP_ANALYSIS = YES;
				CLANG_WARN_STRICT_PROTOTYPES = YES;
				CLANG_WARN_SUSPICIOUS_MOVE = YES;
				CLANG_WARN_UNGUARDED_AVAILABILITY = YES_AGGRESSIVE;
				CLANG_WARN_UNREACHABLE_CODE = YES;
				CLANG_WARN__DUPLICATE_METHOD_MATCH = YES;
				CODE_SIGN_IDENTITY = "iPhone Developer";
				COPY_PHASE_STRIP = NO;
				DEBUG_INFORMATION_FORMAT = "dwarf-with-dsym";
				ENABLE_NS_ASSERTIONS = NO;
				ENABLE_STRICT_OBJC_MSGSEND = YES;
				GCC_C_LANGUAGE_STANDARD = gnu11;
				GCC_NO_COMMON_BLOCKS = YES;
				GCC_WARN_64_TO_32_BIT_CONVERSION = YES;
				GCC_WARN_ABOUT_RETURN_TYPE = YES_ERROR;
				GCC_WARN_UNDECLARED_SELECTOR = YES;
				GCC_WARN_UNINITIALIZED_AUTOS = YES_AGGRESSIVE;
				GCC_WARN_UNUSED_FUNCTION = YES;
				GCC_WARN_UNUSED_VARIABLE = YES;
				IPHONEOS_DEPLOYMENT_TARGET = 11.2;
				MTL_ENABLE_DEBUG_INFO = NO;
				SDKROOT = iphoneos;
				SWIFT_OPTIMIZATION_LEVEL = "-Owholemodule";
				VALIDATE_PRODUCT = YES;
			};
			name = Release;
		};
		50771F0220C304BB0001E666 /* Debug */ = {
			isa = XCBuildConfiguration;
			buildSettings = {
				ASSETCATALOG_COMPILER_APPICON_NAME = AppIcon;
				CODE_SIGN_STYLE = Automatic;
				INFOPLIST_FILE = Mueller/Info.plist;
				LD_RUNPATH_SEARCH_PATHS = "$(inherited) @executable_path/Frameworks";
				PRODUCT_BUNDLE_IDENTIFIER = com.bankofamerica.iphonevoicetestbundle.new.Mueller;
				PRODUCT_NAME = "$(TARGET_NAME)";
				SWIFT_VERSION = 4.0;
				TARGETED_DEVICE_FAMILY = "1,2";
			};
			name = Debug;
		};
		50771F0320C304BB0001E666 /* Release */ = {
			isa = XCBuildConfiguration;
			buildSettings = {
				ASSETCATALOG_COMPILER_APPICON_NAME = AppIcon;
				CODE_SIGN_STYLE = Automatic;
				INFOPLIST_FILE = Mueller/Info.plist;
				LD_RUNPATH_SEARCH_PATHS = "$(inherited) @executable_path/Frameworks";
				PRODUCT_BUNDLE_IDENTIFIER = com.bankofamerica.iphonevoicetestbundle.new.Mueller;
				PRODUCT_NAME = "$(TARGET_NAME)";
				SWIFT_VERSION = 4.0;
				TARGETED_DEVICE_FAMILY = "1,2";
			};
			name = Release;
		};
/* End XCBuildConfiguration section */

/* Begin XCConfigurationList section */
		50771EE720C304BA0001E666 /* Build configuration list for PBXProject "Mueller" */ = {
			isa = XCConfigurationList;
			buildConfigurations = (
				50771EFF20C304BB0001E666 /* Debug */,
				50771F0020C304BB0001E666 /* Release */,
			);
			defaultConfigurationIsVisible = 0;
			defaultConfigurationName = Release;
		};
		50771F0120C304BB0001E666 /* Build configuration list for PBXNativeTarget "Mueller" */ = {
			isa = XCConfigurationList;
			buildConfigurations = (
				50771F0220C304BB0001E666 /* Debug */,
				50771F0320C304BB0001E666 /* Release */,
			);
			defaultConfigurationIsVisible = 0;
			defaultConfigurationName = Release;
		};
/* End XCConfigurationList section */

/* Begin XCVersionGroup section */
		50771EF620C304BA0001E666 /* Mueller.xcdatamodeld */ = {
			isa = XCVersionGroup;
			children = (
				50771EF720C304BA0001E666 /* Mueller.xcdatamodel */,
			);
			currentVersion = 50771EF720C304BA0001E666 /* Mueller.xcdatamodel */;
			path = Mueller.xcdatamodeld;
			sourceTree = "<group>";
			versionGroupType = wrapper.xcdatamodel;
		};
/* End XCVersionGroup section */
	};
	rootObject = 50771EE420C304BA0001E666 /* Project object */;
}
