// !$*UTF8*$!
{
	archiveVersion = 1;
	classes = {
	};
	objectVersion = 48;
	objects = {

/* Begin PBXBuildFile section */
		504E563720B7290D00F6B0F8 /* AppDelegate.swift in Sources */ = {isa = PBXBuildFile; fileRef = 504E563620B7290D00F6B0F8 /* AppDelegate.swift */; };
		504E563920B7290D00F6B0F8 /* ViewController.swift in Sources */ = {isa = PBXBuildFile; fileRef = 504E563820B7290D00F6B0F8 /* ViewController.swift */; };
		504E563C20B7290D00F6B0F8 /* Main.storyboard in Resources */ = {isa = PBXBuildFile; fileRef = 504E563A20B7290D00F6B0F8 /* Main.storyboard */; };
		504E563F20B7290D00F6B0F8 /* Weasels.xcdatamodeld in Sources */ = {isa = PBXBuildFile; fileRef = 504E563D20B7290D00F6B0F8 /* Weasels.xcdatamodeld */; };
		504E564120B7290D00F6B0F8 /* Assets.xcassets in Resources */ = {isa = PBXBuildFile; fileRef = 504E564020B7290D00F6B0F8 /* Assets.xcassets */; };
		504E564420B7290D00F6B0F8 /* LaunchScreen.storyboard in Resources */ = {isa = PBXBuildFile; fileRef = 504E564220B7290D00F6B0F8 /* LaunchScreen.storyboard */; };
		50C0FF2D20C085DC00BFB7FC /* Pasteland.swift in Sources */ = {isa = PBXBuildFile; fileRef = 50C0FF2C20C085DC00BFB7FC /* Pasteland.swift */; };
/* End PBXBuildFile section */

/* Begin PBXFileReference section */
		504E563320B7290D00F6B0F8 /* Weasels.app */ = {isa = PBXFileReference; explicitFileType = wrapper.application; includeInIndex = 0; path = Weasels.app; sourceTree = BUILT_PRODUCTS_DIR; };
		504E563620B7290D00F6B0F8 /* AppDelegate.swift */ = {isa = PBXFileReference; lastKnownFileType = sourcecode.swift; path = AppDelegate.swift; sourceTree = "<group>"; };
		504E563820B7290D00F6B0F8 /* ViewController.swift */ = {isa = PBXFileReference; lastKnownFileType = sourcecode.swift; path = ViewController.swift; sourceTree = "<group>"; };
		504E563B20B7290D00F6B0F8 /* Base */ = {isa = PBXFileReference; lastKnownFileType = file.storyboard; name = Base; path = Base.lproj/Main.storyboard; sourceTree = "<group>"; };
		504E563E20B7290D00F6B0F8 /* Weasels.xcdatamodel */ = {isa = PBXFileReference; lastKnownFileType = wrapper.xcdatamodel; path = Weasels.xcdatamodel; sourceTree = "<group>"; };
		504E564020B7290D00F6B0F8 /* Assets.xcassets */ = {isa = PBXFileReference; lastKnownFileType = folder.assetcatalog; path = Assets.xcassets; sourceTree = "<group>"; };
		504E564320B7290D00F6B0F8 /* Base */ = {isa = PBXFileReference; lastKnownFileType = file.storyboard; name = Base; path = Base.lproj/LaunchScreen.storyboard; sourceTree = "<group>"; };
		504E564520B7290D00F6B0F8 /* Info.plist */ = {isa = PBXFileReference; lastKnownFileType = text.plist.xml; path = Info.plist; sourceTree = "<group>"; };
		50C0FF2C20C085DC00BFB7FC /* Pasteland.swift */ = {isa = PBXFileReference; lastKnownFileType = sourcecode.swift; path = Pasteland.swift; sourceTree = "<group>"; };
/* End PBXFileReference section */

/* Begin PBXFrameworksBuildPhase section */
		504E563020B7290D00F6B0F8 /* Frameworks */ = {
			isa = PBXFrameworksBuildPhase;
			buildActionMask = 2147483647;
			files = (
			);
			runOnlyForDeploymentPostprocessing = 0;
		};
/* End PBXFrameworksBuildPhase section */

/* Begin PBXGroup section */
		504E562A20B7290D00F6B0F8 = {
			isa = PBXGroup;
			children = (
				504E563520B7290D00F6B0F8 /* Weasels */,
				504E563420B7290D00F6B0F8 /* Products */,
			);
			sourceTree = "<group>";
		};
		504E563420B7290D00F6B0F8 /* Products */ = {
			isa = PBXGroup;
			children = (
				504E563320B7290D00F6B0F8 /* Weasels.app */,
			);
			name = Products;
			sourceTree = "<group>";
		};
		504E563520B7290D00F6B0F8 /* Weasels */ = {
			isa = PBXGroup;
			children = (
				504E563620B7290D00F6B0F8 /* AppDelegate.swift */,
				504E563820B7290D00F6B0F8 /* ViewController.swift */,
				504E563A20B7290D00F6B0F8 /* Main.storyboard */,
				504E564020B7290D00F6B0F8 /* Assets.xcassets */,
				504E564220B7290D00F6B0F8 /* LaunchScreen.storyboard */,
				504E564520B7290D00F6B0F8 /* Info.plist */,
				504E563D20B7290D00F6B0F8 /* Weasels.xcdatamodeld */,
				50C0FF2C20C085DC00BFB7FC /* Pasteland.swift */,
			);
			path = Weasels;
			sourceTree = "<group>";
		};
/* End PBXGroup section */

/* Begin PBXNativeTarget section */
		504E563220B7290D00F6B0F8 /* Weasels */ = {
			isa = PBXNativeTarget;
			buildConfigurationList = 504E564820B7290D00F6B0F8 /* Build configuration list for PBXNativeTarget "Weasels" */;
			buildPhases = (
				504E562F20B7290D00F6B0F8 /* Sources */,
				504E563020B7290D00F6B0F8 /* Frameworks */,
				504E563120B7290D00F6B0F8 /* Resources */,
			);
			buildRules = (
			);
			dependencies = (
			);
			name = Weasels;
			productName = Weasels;
			productReference = 504E563320B7290D00F6B0F8 /* Weasels.app */;
			productType = "com.apple.product-type.application";
		};
/* End PBXNativeTarget section */

/* Begin PBXProject section */
		504E562B20B7290D00F6B0F8 /* Project object */ = {
			isa = PBXProject;
			attributes = {
				LastSwiftUpdateCheck = 0920;
				LastUpgradeCheck = 0920;
				ORGANIZATIONNAME = "Raptis, Nicholas";
				TargetAttributes = {
					504E563220B7290D00F6B0F8 = {
						CreatedOnToolsVersion = 9.2;
						ProvisioningStyle = Automatic;
					};
				};
			};
			buildConfigurationList = 504E562E20B7290D00F6B0F8 /* Build configuration list for PBXProject "Weasels" */;
			compatibilityVersion = "Xcode 8.0";
			developmentRegion = en;
			hasScannedForEncodings = 0;
			knownRegions = (
				en,
				Base,
			);
			mainGroup = 504E562A20B7290D00F6B0F8;
			productRefGroup = 504E563420B7290D00F6B0F8 /* Products */;
			projectDirPath = "";
			projectRoot = "";
			targets = (
				504E563220B7290D00F6B0F8 /* Weasels */,
			);
		};
/* End PBXProject section */

/* Begin PBXResourcesBuildPhase section */
		504E563120B7290D00F6B0F8 /* Resources */ = {
			isa = PBXResourcesBuildPhase;
			buildActionMask = 2147483647;
			files = (
				504E564420B7290D00F6B0F8 /* LaunchScreen.storyboard in Resources */,
				504E564120B7290D00F6B0F8 /* Assets.xcassets in Resources */,
				504E563C20B7290D00F6B0F8 /* Main.storyboard in Resources */,
			);
			runOnlyForDeploymentPostprocessing = 0;
		};
/* End PBXResourcesBuildPhase section */

/* Begin PBXSourcesBuildPhase section */
		504E562F20B7290D00F6B0F8 /* Sources */ = {
			isa = PBXSourcesBuildPhase;
			buildActionMask = 2147483647;
			files = (
				504E563F20B7290D00F6B0F8 /* Weasels.xcdatamodeld in Sources */,
				504E563920B7290D00F6B0F8 /* ViewController.swift in Sources */,
				50C0FF2D20C085DC00BFB7FC /* Pasteland.swift in Sources */,
				504E563720B7290D00F6B0F8 /* AppDelegate.swift in Sources */,
			);
			runOnlyForDeploymentPostprocessing = 0;
		};
/* End PBXSourcesBuildPhase section */

/* Begin PBXVariantGroup section */
		504E563A20B7290D00F6B0F8 /* Main.storyboard */ = {
			isa = PBXVariantGroup;
			children = (
				504E563B20B7290D00F6B0F8 /* Base */,
			);
			name = Main.storyboard;
			sourceTree = "<group>";
		};
		504E564220B7290D00F6B0F8 /* LaunchScreen.storyboard */ = {
			isa = PBXVariantGroup;
			children = (
				504E564320B7290D00F6B0F8 /* Base */,
			);
			name = LaunchScreen.storyboard;
			sourceTree = "<group>";
		};
/* End PBXVariantGroup section */

/* Begin XCBuildConfiguration section */
		504E564620B7290D00F6B0F8 /* Debug */ = {
			isa = XCBuildConfiguration;
			buildSettings = {
				ALWAYS_SEARCH_USER_PATHS = NO;
				CLANG_ANALYZER_NONNULL = YES;
				CLANG_ANALYZER_NUMBER_OBJECT_CONVERSION = YES_AGGRESSIVE;
				CLANG_CXX_LANGUAGE_STANDARD = "gnu++14";
				CLANG_CXX_LIBRARY = "libc++";
				CLANG_ENABLE_MODULES = YES;
				CLANG_ENABLE_OBJC_ARC = YES;
				CLANG_WARN_BLOCK_CAPTURE_AUTORELEASING = YES;
				CLANG_WARN_BOOL_CONVERSION = YES;
				CLANG_WARN_COMMA = YES;
				CLANG_WARN_CONSTANT_CONVERSION = YES;
				CLANG_WARN_DIRECT_OBJC_ISA_USAGE = YES_ERROR;
				CLANG_WARN_DOCUMENTATION_COMMENTS = YES;
				CLANG_WARN_EMPTY_BODY = YES;
				CLANG_WARN_ENUM_CONVERSION = YES;
				CLANG_WARN_INFINITE_RECURSION = YES;
				CLANG_WARN_INT_CONVERSION = YES;
				CLANG_WARN_NON_LITERAL_NULL_CONVERSION = YES;
				CLANG_WARN_OBJC_LITERAL_CONVERSION = YES;
				CLANG_WARN_OBJC_ROOT_CLASS = YES_ERROR;
				CLANG_WARN_RANGE_LOOP_ANALYSIS = YES;
				CLANG_WARN_STRICT_PROTOTYPES = YES;
				CLANG_WARN_SUSPICIOUS_MOVE = YES;
				CLANG_WARN_UNGUARDED_AVAILABILITY = YES_AGGRESSIVE;
				CLANG_WARN_UNREACHABLE_CODE = YES;
				CLANG_WARN__DUPLICATE_METHOD_MATCH = YES;
				CODE_SIGN_IDENTITY = "iPhone Developer";
				COPY_PHASE_STRIP = NO;
				DEBUG_INFORMATION_FORMAT = dwarf;
				ENABLE_STRICT_OBJC_MSGSEND = YES;
				ENABLE_TESTABILITY = YES;
				GCC_C_LANGUAGE_STANDARD = gnu11;
				GCC_DYNAMIC_NO_PIC = NO;
				GCC_NO_COMMON_BLOCKS = YES;
				GCC_OPTIMIZATION_LEVEL = 0;
				GCC_PREPROCESSOR_DEFINITIONS = (
					"DEBUG=1",
					"$(inherited)",
				);
				GCC_WARN_64_TO_32_BIT_CONVERSION = YES;
				GCC_WARN_ABOUT_RETURN_TYPE = YES_ERROR;
				GCC_WARN_UNDECLARED_SELECTOR = YES;
				GCC_WARN_UNINITIALIZED_AUTOS = YES_AGGRESSIVE;
				GCC_WARN_UNUSED_FUNCTION = YES;
				GCC_WARN_UNUSED_VARIABLE = YES;
				IPHONEOS_DEPLOYMENT_TARGET = 11.2;
				MTL_ENABLE_DEBUG_INFO = YES;
				ONLY_ACTIVE_ARCH = YES;
				SDKROOT = iphoneos;
				SWIFT_ACTIVE_COMPILATION_CONDITIONS = DEBUG;
				SWIFT_OPTIMIZATION_LEVEL = "-Onone";
			};
			name = Debug;
		};
		504E564720B7290D00F6B0F8 /* Release */ = {
			isa = XCBuildConfiguration;
			buildSettings = {
				ALWAYS_SEARCH_USER_PATHS = NO;
				CLANG_ANALYZER_NONNULL = YES;
				CLANG_ANALYZER_NUMBER_OBJECT_CONVERSION = YES_AGGRESSIVE;
				CLANG_CXX_LANGUAGE_STANDARD = "gnu++14";
				CLANG_CXX_LIBRARY = "libc++";
				CLANG_ENABLE_MODULES = YES;
				CLANG_ENABLE_OBJC_ARC = YES;
				CLANG_WARN_BLOCK_CAPTURE_AUTORELEASING = YES;
				CLANG_WARN_BOOL_CONVERSION = YES;
				CLANG_WARN_COMMA = YES;
				CLANG_WARN_CONSTANT_CONVERSION = YES;
				CLANG_WARN_DIRECT_OBJC_ISA_USAGE = YES_ERROR;
				CLANG_WARN_DOCUMENTATION_COMMENTS = YES;
				CLANG_WARN_EMPTY_BODY = YES;
				CLANG_WARN_ENUM_CONVERSION = YES;
				CLANG_WARN_INFINITE_RECURSION = YES;
				CLANG_WARN_INT_CONVERSION = YES;
				CLANG_WARN_NON_LITERAL_NULL_CONVERSION = YES;
				CLANG_WARN_OBJC_LITERAL_CONVERSION = YES;
				CLANG_WARN_OBJC_ROOT_CLASS = YES_ERROR;
				CLANG_WARN_RANGE_LOOP_ANALYSIS = YES;
				CLANG_WARN_STRICT_PROTOTYPES = YES;
				CLANG_WARN_SUSPICIOUS_MOVE = YES;
				CLANG_WARN_UNGUARDED_AVAILABILITY = YES_AGGRESSIVE;
				CLANG_WARN_UNREACHABLE_CODE = YES;
				CLANG_WARN__DUPLICATE_METHOD_MATCH = YES;
				CODE_SIGN_IDENTITY = "iPhone Developer";
				COPY_PHASE_STRIP = NO;
				DEBUG_INFORMATION_FORMAT = "dwarf-with-dsym";
				ENABLE_NS_ASSERTIONS = NO;
				ENABLE_STRICT_OBJC_MSGSEND = YES;
				GCC_C_LANGUAGE_STANDARD = gnu11;
				GCC_NO_COMMON_BLOCKS = YES;
				GCC_WARN_64_TO_32_BIT_CONVERSION = YES;
				GCC_WARN_ABOUT_RETURN_TYPE = YES_ERROR;
				GCC_WARN_UNDECLARED_SELECTOR = YES;
				GCC_WARN_UNINITIALIZED_AUTOS = YES_AGGRESSIVE;
				GCC_WARN_UNUSED_FUNCTION = YES;
				GCC_WARN_UNUSED_VARIABLE = YES;
				IPHONEOS_DEPLOYMENT_TARGET = 11.2;
				MTL_ENABLE_DEBUG_INFO = NO;
				SDKROOT = iphoneos;
				SWIFT_OPTIMIZATION_LEVEL = "-Owholemodule";
				VALIDATE_PRODUCT = YES;
			};
			name = Release;
		};
		504E564920B7290D00F6B0F8 /* Debug */ = {
			isa = XCBuildConfiguration;
			buildSettings = {
				ASSETCATALOG_COMPILER_APPICON_NAME = AppIcon;
				CODE_SIGN_STYLE = Automatic;
				INFOPLIST_FILE = Weasels/Info.plist;
				LD_RUNPATH_SEARCH_PATHS = "$(inherited) @executable_path/Frameworks";
				PRODUCT_BUNDLE_IDENTIFIER = com.bankofamerica.iphonevoicetestbundle.new.Weasels;
				PRODUCT_NAME = "$(TARGET_NAME)";
				SWIFT_VERSION = 4.0;
				TARGETED_DEVICE_FAMILY = "1,2";
			};
			name = Debug;
		};
		504E564A20B7290D00F6B0F8 /* Release */ = {
			isa = XCBuildConfiguration;
			buildSettings = {
				ASSETCATALOG_COMPILER_APPICON_NAME = AppIcon;
				CODE_SIGN_STYLE = Automatic;
				INFOPLIST_FILE = Weasels/Info.plist;
				LD_RUNPATH_SEARCH_PATHS = "$(inherited) @executable_path/Frameworks";
				PRODUCT_BUNDLE_IDENTIFIER = com.bankofamerica.iphonevoicetestbundle.new.Weasels;
				PRODUCT_NAME = "$(TARGET_NAME)";
				SWIFT_VERSION = 4.0;
				TARGETED_DEVICE_FAMILY = "1,2";
			};
			name = Release;
		};
/* End XCBuildConfiguration section */

/* Begin XCConfigurationList section */
		504E562E20B7290D00F6B0F8 /* Build configuration list for PBXProject "Weasels" */ = {
			isa = XCConfigurationList;
			buildConfigurations = (
				504E564620B7290D00F6B0F8 /* Debug */,
				504E564720B7290D00F6B0F8 /* Release */,
			);
			defaultConfigurationIsVisible = 0;
			defaultConfigurationName = Release;
		};
		504E564820B7290D00F6B0F8 /* Build configuration list for PBXNativeTarget "Weasels" */ = {
			isa = XCConfigurationList;
			buildConfigurations = (
				504E564920B7290D00F6B0F8 /* Debug */,
				504E564A20B7290D00F6B0F8 /* Release */,
			);
			defaultConfigurationIsVisible = 0;
			defaultConfigurationName = Release;
		};
/* End XCConfigurationList section */

/* Begin XCVersionGroup section */
		504E563D20B7290D00F6B0F8 /* Weasels.xcdatamodeld */ = {
			isa = XCVersionGroup;
			children = (
				504E563E20B7290D00F6B0F8 /* Weasels.xcdatamodel */,
			);
			currentVersion = 504E563E20B7290D00F6B0F8 /* Weasels.xcdatamodel */;
			path = Weasels.xcdatamodeld;
			sourceTree = "<group>";
			versionGroupType = wrapper.xcdatamodel;
		};
/* End XCVersionGroup section */
	};
	rootObject = 504E562B20B7290D00F6B0F8 /* Project object */;
}
