// !$*UTF8*$!
{
	archiveVersion = 1;
	classes = {
	};
	objectVersion = 46;
	objects = {

/* Begin PBXBuildFile section */
		0D4D578D1A82B6D10059E8D1 /* main.cpp in Sources */ = {isa = PBXBuildFile; fileRef = 0D4D578C1A82B6D10059E8D1 /* main.cpp */; };
		0D4D57951A82B8300059E8D1 /* OpenGL.framework in Frameworks */ = {isa = PBXBuildFile; fileRef = 0D4D57941A82B82F0059E8D1 /* OpenGL.framework */; };
		0D4D57971A82B8660059E8D1 /* GLUT.framework in Frameworks */ = {isa = PBXBuildFile; fileRef = 0D4D57961A82B8660059E8D1 /* GLUT.framework */; };
		0D4D57991A82B86E0059E8D1 /* Cocoa.framework in Frameworks */ = {isa = PBXBuildFile; fileRef = 0D4D57981A82B86E0059E8D1 /* Cocoa.framework */; };
		0D4D5D6F1A83F15C0059E8D1 /* OpenAL.framework in Frameworks */ = {isa = PBXBuildFile; fileRef = 0D4D5D6E1A83F15C0059E8D1 /* OpenAL.framework */; };
		0D4F15F81A846B340064104F /* Foundation.framework in Frameworks */ = {isa = PBXBuildFile; fileRef = 0D4F15F71A846B340064104F /* Foundation.framework */; };
		0DA0B1BB1C54500C005C75B2 /* core_app_shell.cpp in Sources */ = {isa = PBXBuildFile; fileRef = 0DA0B1161C54500C005C75B2 /* core_app_shell.cpp */; };
		0DA0B1BC1C54500C005C75B2 /* core_graphics.cpp in Sources */ = {isa = PBXBuildFile; fileRef = 0DA0B1181C54500C005C75B2 /* core_graphics.cpp */; };
		0DA0B1BD1C54500C005C75B2 /* core_social.cpp in Sources */ = {isa = PBXBuildFile; fileRef = 0DA0B11B1C54500C005C75B2 /* core_social.cpp */; };
		0DA0B1BE1C54500C005C75B2 /* core_web.cpp in Sources */ = {isa = PBXBuildFile; fileRef = 0DA0B11D1C54500C005C75B2 /* core_web.cpp */; };
		0DA0B1BF1C54500C005C75B2 /* FAchievement.cpp in Sources */ = {isa = PBXBuildFile; fileRef = 0DA0B11F1C54500C005C75B2 /* FAchievement.cpp */; };
		0DA0B1C01C54500C005C75B2 /* FAnimation.cpp in Sources */ = {isa = PBXBuildFile; fileRef = 0DA0B1211C54500C005C75B2 /* FAnimation.cpp */; };
		0DA0B1C11C54500C005C75B2 /* FApp.cpp in Sources */ = {isa = PBXBuildFile; fileRef = 0DA0B1231C54500C005C75B2 /* FApp.cpp */; };
		0DA0B1C21C54500C005C75B2 /* FButton.cpp in Sources */ = {isa = PBXBuildFile; fileRef = 0DA0B1251C54500C005C75B2 /* FButton.cpp */; };
		0DA0B1C31C54500C005C75B2 /* FColor.cpp in Sources */ = {isa = PBXBuildFile; fileRef = 0DA0B1271C54500C005C75B2 /* FColor.cpp */; };
		0DA0B1C41C54500C005C75B2 /* FDrawQuad.cpp in Sources */ = {isa = PBXBuildFile; fileRef = 0DA0B1291C54500C005C75B2 /* FDrawQuad.cpp */; };
		0DA0B1C51C54500C005C75B2 /* FFile.cpp in Sources */ = {isa = PBXBuildFile; fileRef = 0DA0B12B1C54500C005C75B2 /* FFile.cpp */; };
		0DA0B1C61C54500C005C75B2 /* FFloatList.cpp in Sources */ = {isa = PBXBuildFile; fileRef = 0DA0B12D1C54500C005C75B2 /* FFloatList.cpp */; };
		0DA0B1C71C54500C005C75B2 /* FFont.cpp in Sources */ = {isa = PBXBuildFile; fileRef = 0DA0B12F1C54500C005C75B2 /* FFont.cpp */; };
		0DA0B1C81C54500C005C75B2 /* FGestureView.cpp in Sources */ = {isa = PBXBuildFile; fileRef = 0DA0B1311C54500C005C75B2 /* FGestureView.cpp */; };
		0DA0B1C91C54500C005C75B2 /* FHashTable.cpp in Sources */ = {isa = PBXBuildFile; fileRef = 0DA0B1331C54500C005C75B2 /* FHashTable.cpp */; };
		0DA0B1CA1C54500C005C75B2 /* FImage.cpp in Sources */ = {isa = PBXBuildFile; fileRef = 0DA0B1351C54500C005C75B2 /* FImage.cpp */; };
		0DA0B1CB1C54500C005C75B2 /* FImageBundler.cpp in Sources */ = {isa = PBXBuildFile; fileRef = 0DA0B1371C54500C005C75B2 /* FImageBundler.cpp */; };
		0DA0B1CC1C54500C005C75B2 /* FIndexList.cpp in Sources */ = {isa = PBXBuildFile; fileRef = 0DA0B1391C54500C005C75B2 /* FIndexList.cpp */; };
		0DA0B1CD1C54500C005C75B2 /* FInterp.cpp in Sources */ = {isa = PBXBuildFile; fileRef = 0DA0B13B1C54500C005C75B2 /* FInterp.cpp */; };
		0DA0B1CE1C54500C005C75B2 /* FJoystick.cpp in Sources */ = {isa = PBXBuildFile; fileRef = 0DA0B13D1C54500C005C75B2 /* FJoystick.cpp */; };
		0DA0B1CF1C54500C005C75B2 /* FLine.cpp in Sources */ = {isa = PBXBuildFile; fileRef = 0DA0B13F1C54500C005C75B2 /* FLine.cpp */; };
		0DA0B1D01C54500C005C75B2 /* FList.cpp in Sources */ = {isa = PBXBuildFile; fileRef = 0DA0B1411C54500C005C75B2 /* FList.cpp */; };
		0DA0B1D11C54500C005C75B2 /* FMath.cpp in Sources */ = {isa = PBXBuildFile; fileRef = 0DA0B1431C54500C005C75B2 /* FMath.cpp */; };
		0DA0B1D21C54500C005C75B2 /* FMatrix.cpp in Sources */ = {isa = PBXBuildFile; fileRef = 0DA0B1451C54500C005C75B2 /* FMatrix.cpp */; };
		0DA0B1D31C54500C005C75B2 /* FModelData.cpp in Sources */ = {isa = PBXBuildFile; fileRef = 0DA0B1471C54500C005C75B2 /* FModelData.cpp */; };
		0DA0B1D41C54500C005C75B2 /* FModelDataSequence.cpp in Sources */ = {isa = PBXBuildFile; fileRef = 0DA0B1491C54500C005C75B2 /* FModelDataSequence.cpp */; };
		0DA0B1D51C54500C005C75B2 /* FMotionObject.cpp in Sources */ = {isa = PBXBuildFile; fileRef = 0DA0B14B1C54500C005C75B2 /* FMotionObject.cpp */; };
		0DA0B1D61C54500C005C75B2 /* FObject.cpp in Sources */ = {isa = PBXBuildFile; fileRef = 0DA0B14D1C54500C005C75B2 /* FObject.cpp */; };
		0DA0B1D71C54500C005C75B2 /* FParticle.cpp in Sources */ = {isa = PBXBuildFile; fileRef = 0DA0B14F1C54500C005C75B2 /* FParticle.cpp */; };
		0DA0B1D81C54500C005C75B2 /* FPoint.cpp in Sources */ = {isa = PBXBuildFile; fileRef = 0DA0B1511C54500C005C75B2 /* FPoint.cpp */; };
		0DA0B1D91C54500C005C75B2 /* FPointList.cpp in Sources */ = {isa = PBXBuildFile; fileRef = 0DA0B1531C54500C005C75B2 /* FPointList.cpp */; };
		0DA0B1DA1C54500C005C75B2 /* FPolyPath.cpp in Sources */ = {isa = PBXBuildFile; fileRef = 0DA0B1551C54500C005C75B2 /* FPolyPath.cpp */; };
		0DA0B1DB1C54500C005C75B2 /* FPrimitive.cpp in Sources */ = {isa = PBXBuildFile; fileRef = 0DA0B1571C54500C005C75B2 /* FPrimitive.cpp */; };
		0DA0B1DC1C54500C005C75B2 /* FQuad.cpp in Sources */ = {isa = PBXBuildFile; fileRef = 0DA0B1591C54500C005C75B2 /* FQuad.cpp */; };
		0DA0B1DD1C54500C005C75B2 /* FRandomizer.cpp in Sources */ = {isa = PBXBuildFile; fileRef = 0DA0B15B1C54500C005C75B2 /* FRandomizer.cpp */; };
		0DA0B1DE1C54500C005C75B2 /* FRect.cpp in Sources */ = {isa = PBXBuildFile; fileRef = 0DA0B15D1C54500C005C75B2 /* FRect.cpp */; };
		0DA0B1DF1C54500C005C75B2 /* FResource.cpp in Sources */ = {isa = PBXBuildFile; fileRef = 0DA0B15F1C54500C005C75B2 /* FResource.cpp */; };
		0DA0B1E01C54500C005C75B2 /* FScrollView.cpp in Sources */ = {isa = PBXBuildFile; fileRef = 0DA0B1611C54500C005C75B2 /* FScrollView.cpp */; };
		0DA0B1E11C54500C005C75B2 /* FScrollViewPaged.cpp in Sources */ = {isa = PBXBuildFile; fileRef = 0DA0B1631C54500C005C75B2 /* FScrollViewPaged.cpp */; };
		0DA0B1E21C54500C005C75B2 /* FSlider.cpp in Sources */ = {isa = PBXBuildFile; fileRef = 0DA0B1651C54500C005C75B2 /* FSlider.cpp */; };
		0DA0B1E31C54500C005C75B2 /* FSound.cpp in Sources */ = {isa = PBXBuildFile; fileRef = 0DA0B1671C54500C005C75B2 /* FSound.cpp */; };
		0DA0B1E41C54500C005C75B2 /* FSpline.cpp in Sources */ = {isa = PBXBuildFile; fileRef = 0DA0B1691C54500C005C75B2 /* FSpline.cpp */; };
		0DA0B1E51C54500C005C75B2 /* FSprite.cpp in Sources */ = {isa = PBXBuildFile; fileRef = 0DA0B16B1C54500C005C75B2 /* FSprite.cpp */; };
		0DA0B1E61C54500C005C75B2 /* FSpriteSequence.cpp in Sources */ = {isa = PBXBuildFile; fileRef = 0DA0B16D1C54500C005C75B2 /* FSpriteSequence.cpp */; };
		0DA0B1E71C54500C005C75B2 /* FString.cpp in Sources */ = {isa = PBXBuildFile; fileRef = 0DA0B16F1C54500C005C75B2 /* FString.cpp */; };
		0DA0B1E81C54500C005C75B2 /* FStringBuffer.cpp in Sources */ = {isa = PBXBuildFile; fileRef = 0DA0B1711C54500C005C75B2 /* FStringBuffer.cpp */; };
		0DA0B1E91C54500C005C75B2 /* FTexture.cpp in Sources */ = {isa = PBXBuildFile; fileRef = 0DA0B1731C54500C005C75B2 /* FTexture.cpp */; };
		0DA0B1EA1C54500C005C75B2 /* FTextureCache.cpp in Sources */ = {isa = PBXBuildFile; fileRef = 0DA0B1751C54500C005C75B2 /* FTextureCache.cpp */; };
		0DA0B1EB1C54500C005C75B2 /* FTouchManager.cpp in Sources */ = {isa = PBXBuildFile; fileRef = 0DA0B1771C54500C005C75B2 /* FTouchManager.cpp */; };
		0DA0B1EC1C54500C005C75B2 /* FVec2.cpp in Sources */ = {isa = PBXBuildFile; fileRef = 0DA0B1791C54500C005C75B2 /* FVec2.cpp */; };
		0DA0B1ED1C54500C005C75B2 /* FVec3.cpp in Sources */ = {isa = PBXBuildFile; fileRef = 0DA0B17B1C54500C005C75B2 /* FVec3.cpp */; };
		0DA0B1EE1C54500C005C75B2 /* FVertexBuffer.cpp in Sources */ = {isa = PBXBuildFile; fileRef = 0DA0B17D1C54500C005C75B2 /* FVertexBuffer.cpp */; };
		0DA0B1F41C54500C005C75B2 /* FXML.cpp in Sources */ = {isa = PBXBuildFile; fileRef = 0DA0B1891C54500C005C75B2 /* FXML.cpp */; };
		0DA0B1FB1C54500C005C75B2 /* os_core_app_shell_mac.mm in Sources */ = {isa = PBXBuildFile; fileRef = 0DA0B19A1C54500C005C75B2 /* os_core_app_shell_mac.mm */; };
		0DA0B1FC1C54500C005C75B2 /* os_core_includes.cpp in Sources */ = {isa = PBXBuildFile; fileRef = 0DA0B19B1C54500C005C75B2 /* os_core_includes.cpp */; };
		0DA0B1FD1C54500C005C75B2 /* os_core_outlets_mac.mm in Sources */ = {isa = PBXBuildFile; fileRef = 0DA0B19E1C54500C005C75B2 /* os_core_outlets_mac.mm */; };
		0DA0B1FE1C54500C005C75B2 /* os_core_social.cpp in Sources */ = {isa = PBXBuildFile; fileRef = 0DA0B19F1C54500C005C75B2 /* os_core_social.cpp */; };
		0DA0B1FF1C54500C005C75B2 /* os_core_sound_mac.mm in Sources */ = {isa = PBXBuildFile; fileRef = 0DA0B1A21C54500C005C75B2 /* os_core_sound_mac.mm */; };
		0DA0B2001C54500C005C75B2 /* os_core_web.cpp in Sources */ = {isa = PBXBuildFile; fileRef = 0DA0B1A31C54500C005C75B2 /* os_core_web.cpp */; };
		0DA0B2011C54500C005C75B2 /* OSInputGrabber.mm in Sources */ = {isa = PBXBuildFile; fileRef = 0DA0B1A61C54500C005C75B2 /* OSInputGrabber.mm */; };
		0DA0B2021C54500C005C75B2 /* OSMusicPlayer.mm in Sources */ = {isa = PBXBuildFile; fileRef = 0DA0B1A81C54500C005C75B2 /* OSMusicPlayer.mm */; };
		0DD2ED801A85772700EAC001 /* AudioToolbox.framework in Frameworks */ = {isa = PBXBuildFile; fileRef = 0DD2ED7E1A85772700EAC001 /* AudioToolbox.framework */; };
		0DD2ED811A85772700EAC001 /* AVFoundation.framework in Frameworks */ = {isa = PBXBuildFile; fileRef = 0DD2ED7F1A85772700EAC001 /* AVFoundation.framework */; };
		0DD2ED831A85783900EAC001 /* QuartzCore.framework in Frameworks */ = {isa = PBXBuildFile; fileRef = 0DD2ED821A85783900EAC001 /* QuartzCore.framework */; };
		0DD2ED851A85786B00EAC001 /* CoreFoundation.framework in Frameworks */ = {isa = PBXBuildFile; fileRef = 0DD2ED841A85786B00EAC001 /* CoreFoundation.framework */; };
		0DD70E7520DF039B00295D84 /* UValuePicker.cpp in Sources */ = {isa = PBXBuildFile; fileRef = 0DD70E4220DF039B00295D84 /* UValuePicker.cpp */; };
		0DD70E7620DF039B00295D84 /* UMenuStyleExtended.cpp in Sources */ = {isa = PBXBuildFile; fileRef = 0DD70E4320DF039B00295D84 /* UMenuStyleExtended.cpp */; };
		0DD70E7720DF039B00295D84 /* UImagePicker.cpp in Sources */ = {isa = PBXBuildFile; fileRef = 0DD70E4620DF039B00295D84 /* UImagePicker.cpp */; };
		0DD70E7820DF039B00295D84 /* UImageCell.cpp in Sources */ = {isa = PBXBuildFile; fileRef = 0DD70E4920DF039B00295D84 /* UImageCell.cpp */; };
		0DD70E7920DF039B00295D84 /* UMenu.cpp in Sources */ = {isa = PBXBuildFile; fileRef = 0DD70E4A20DF039B00295D84 /* UMenu.cpp */; };
		0DD70E7A20DF039B00295D84 /* UMenuStyle.cpp in Sources */ = {isa = PBXBuildFile; fileRef = 0DD70E4E20DF039B00295D84 /* UMenuStyle.cpp */; };
		0DD70E7B20DF039B00295D84 /* FMotionKey.cpp in Sources */ = {isa = PBXBuildFile; fileRef = 0DD70E4F20DF039B00295D84 /* FMotionKey.cpp */; };
		0DD70E7C20DF039B00295D84 /* FParticleSource.cpp in Sources */ = {isa = PBXBuildFile; fileRef = 0DD70E5220DF039B00295D84 /* FParticleSource.cpp */; };
		0DD70E7D20DF039B00295D84 /* UPathMaker.cpp in Sources */ = {isa = PBXBuildFile; fileRef = 0DD70E5320DF039B00295D84 /* UPathMaker.cpp */; };
		0DD70E7E20DF039B00295D84 /* FMotionPath.cpp in Sources */ = {isa = PBXBuildFile; fileRef = 0DD70E5420DF039B00295D84 /* FMotionPath.cpp */; };
		0DD70E7F20DF039B00295D84 /* UMainCanvasOverlays.cpp in Sources */ = {isa = PBXBuildFile; fileRef = 0DD70E5520DF039B00295D84 /* UMainCanvasOverlays.cpp */; };
		0DD70E8020DF039B00295D84 /* FMotionKeySequence.cpp in Sources */ = {isa = PBXBuildFile; fileRef = 0DD70E5620DF039B00295D84 /* FMotionKeySequence.cpp */; };
		0DD70E8120DF039B00295D84 /* UMainCanvas.cpp in Sources */ = {isa = PBXBuildFile; fileRef = 0DD70E5820DF039B00295D84 /* UMainCanvas.cpp */; };
		0DD70E8220DF039B00295D84 /* UNode.cpp in Sources */ = {isa = PBXBuildFile; fileRef = 0DD70E5A20DF039B00295D84 /* UNode.cpp */; };
		0DD70E8320DF039B00295D84 /* UMainWorkspace.cpp in Sources */ = {isa = PBXBuildFile; fileRef = 0DD70E5D20DF039B00295D84 /* UMainWorkspace.cpp */; };
		0DD70E8420DF039B00295D84 /* UParticleEditorMenu.cpp in Sources */ = {isa = PBXBuildFile; fileRef = 0DD70E5F20DF039B00295D84 /* UParticleEditorMenu.cpp */; };
		0DD70E8520DF039B00295D84 /* UTimelineEditorMenu.cpp in Sources */ = {isa = PBXBuildFile; fileRef = 0DD70E6020DF039B00295D84 /* UTimelineEditorMenu.cpp */; };
		0DD70E8620DF039B00295D84 /* UTransformMenu.cpp in Sources */ = {isa = PBXBuildFile; fileRef = 0DD70E6220DF039B00295D84 /* UTransformMenu.cpp */; };
		0DD70E8720DF039B00295D84 /* UNodeEditorMenu.cpp in Sources */ = {isa = PBXBuildFile; fileRef = 0DD70E6320DF039B00295D84 /* UNodeEditorMenu.cpp */; };
		0DD70E8820DF039B00295D84 /* UParentPane.cpp in Sources */ = {isa = PBXBuildFile; fileRef = 0DD70E6520DF039B00295D84 /* UParentPane.cpp */; };
		0DD70E8920DF039B00295D84 /* UTimelineKey.cpp in Sources */ = {isa = PBXBuildFile; fileRef = 0DD70E6620DF039B00295D84 /* UTimelineKey.cpp */; };
		0DD70E8A20DF039B00295D84 /* UNodeMotionPanel.cpp in Sources */ = {isa = PBXBuildFile; fileRef = 0DD70E6720DF039B00295D84 /* UNodeMotionPanel.cpp */; };
		0DD70E8B20DF039B00295D84 /* UCanvasPane.cpp in Sources */ = {isa = PBXBuildFile; fileRef = 0DD70E6920DF039B00295D84 /* UCanvasPane.cpp */; };
		0DD70E8C20DF039B00295D84 /* UMainToolbar.cpp in Sources */ = {isa = PBXBuildFile; fileRef = 0DD70E7120DF039B00295D84 /* UMainToolbar.cpp */; };
		0DD70E8D20DF039B00295D84 /* FParticleTemplate.cpp in Sources */ = {isa = PBXBuildFile; fileRef = 0DD70E7220DF039B00295D84 /* FParticleTemplate.cpp */; };
		5006BA3020E7E2C400E329C1 /* CNVBadge.cpp in Sources */ = {isa = PBXBuildFile; fileRef = 5006BA0920E7E2C400E329C1 /* CNVBadge.cpp */; };
		5006BA3120E7E2C400E329C1 /* CNVBadgeDecor1.cpp in Sources */ = {isa = PBXBuildFile; fileRef = 5006BA0B20E7E2C400E329C1 /* CNVBadgeDecor1.cpp */; };
		5006BA3220E7E2C400E329C1 /* CNVBadgeDecor2.cpp in Sources */ = {isa = PBXBuildFile; fileRef = 5006BA0D20E7E2C400E329C1 /* CNVBadgeDecor2.cpp */; };
		5006BA3320E7E2C400E329C1 /* CNVBadgeDecor3.cpp in Sources */ = {isa = PBXBuildFile; fileRef = 5006BA0F20E7E2C400E329C1 /* CNVBadgeDecor3.cpp */; };
		5006BA3420E7E2C400E329C1 /* CNVBadgeDecor4.cpp in Sources */ = {isa = PBXBuildFile; fileRef = 5006BA1120E7E2C400E329C1 /* CNVBadgeDecor4.cpp */; };
		5006BA3520E7E2C400E329C1 /* CNVBoard.cpp in Sources */ = {isa = PBXBuildFile; fileRef = 5006BA1320E7E2C400E329C1 /* CNVBoard.cpp */; };
		5006BA3620E7E2C400E329C1 /* CNVFooter.cpp in Sources */ = {isa = PBXBuildFile; fileRef = 5006BA1520E7E2C400E329C1 /* CNVFooter.cpp */; };
		5006BA3720E7E2C400E329C1 /* CNVGame.cpp in Sources */ = {isa = PBXBuildFile; fileRef = 5006BA1720E7E2C400E329C1 /* CNVGame.cpp */; };
		5006BA3820E7E2C400E329C1 /* CNVHeader.cpp in Sources */ = {isa = PBXBuildFile; fileRef = 5006BA1920E7E2C400E329C1 /* CNVHeader.cpp */; };
		5006BA3920E7E2C400E329C1 /* CNVMiniWindow.cpp in Sources */ = {isa = PBXBuildFile; fileRef = 5006BA1B20E7E2C400E329C1 /* CNVMiniWindow.cpp */; };
		5006BA3A20E7E2C400E329C1 /* CNVWorld.cpp in Sources */ = {isa = PBXBuildFile; fileRef = 5006BA1D20E7E2C400E329C1 /* CNVWorld.cpp */; };
		5006BA3B20E7E2C400E329C1 /* CNVWorldContainer.cpp in Sources */ = {isa = PBXBuildFile; fileRef = 5006BA1F20E7E2C400E329C1 /* CNVWorldContainer.cpp */; };
		5006BA3C20E7E2C400E329C1 /* CNVWorldContainerContainer.cpp in Sources */ = {isa = PBXBuildFile; fileRef = 5006BA2120E7E2C400E329C1 /* CNVWorldContainerContainer.cpp */; };
		50727E4F20D5600800B16079 /* Util_ScreenFrame.cpp in Sources */ = {isa = PBXBuildFile; fileRef = 50727E4D20D5600800B16079 /* Util_ScreenFrame.cpp */; };
		5082482220EA96730081C541 /* FView.cpp in Sources */ = {isa = PBXBuildFile; fileRef = 5082481820EA96730081C541 /* FView.cpp */; };
		5082482320EA96730081C541 /* FViewAnimation.cpp in Sources */ = {isa = PBXBuildFile; fileRef = 5082481A20EA96730081C541 /* FViewAnimation.cpp */; };
		5082482420EA96730081C541 /* FViewContainer.cpp in Sources */ = {isa = PBXBuildFile; fileRef = 5082481C20EA96730081C541 /* FViewContainer.cpp */; };
		5082482520EA96730081C541 /* FViewController.cpp in Sources */ = {isa = PBXBuildFile; fileRef = 5082481E20EA96730081C541 /* FViewController.cpp */; };
		5082482620EA96730081C541 /* FViewTransform.cpp in Sources */ = {isa = PBXBuildFile; fileRef = 5082482020EA96730081C541 /* FViewTransform.cpp */; };
		5082482D20EAADCD0081C541 /* PGMainCanvas.cpp in Sources */ = {isa = PBXBuildFile; fileRef = 5082482B20EAADCD0081C541 /* PGMainCanvas.cpp */; };
		5082483020EAADE30081C541 /* PGMainToolbar.cpp in Sources */ = {isa = PBXBuildFile; fileRef = 5082482E20EAADE30081C541 /* PGMainToolbar.cpp */; };
		5082483320EAAFB10081C541 /* FHashMap.cpp in Sources */ = {isa = PBXBuildFile; fileRef = 5082483120EAAFB10081C541 /* FHashMap.cpp */; };
		5082483620EAC0730081C541 /* MouseTesterCanvas.cpp in Sources */ = {isa = PBXBuildFile; fileRef = 5082483420EAC0730081C541 /* MouseTesterCanvas.cpp */; };
		5082483F20EAEA800081C541 /* FNotificationCenter.cpp in Sources */ = {isa = PBXBuildFile; fileRef = 5082483D20EAEA7F0081C541 /* FNotificationCenter.cpp */; };
		5082484520EB103B0081C541 /* DragableCanvas.cpp in Sources */ = {isa = PBXBuildFile; fileRef = 5082484320EB103B0081C541 /* DragableCanvas.cpp */; };
		50971B6220D4402800381FBD /* FWindow.cpp in Sources */ = {isa = PBXBuildFile; fileRef = 50971B5920D4402800381FBD /* FWindow.cpp */; };
		50971B6320D4402800381FBD /* GLApp.cpp in Sources */ = {isa = PBXBuildFile; fileRef = 50971B5B20D4402800381FBD /* GLApp.cpp */; };
		50971B6420D4402800381FBD /* Grid.cpp in Sources */ = {isa = PBXBuildFile; fileRef = 50971B5D20D4402800381FBD /* Grid.cpp */; };
		50971B6520D4402800381FBD /* Tile.cpp in Sources */ = {isa = PBXBuildFile; fileRef = 50971B5F20D4402800381FBD /* Tile.cpp */; };
		50971B8C20D4480700381FBD /* FCanvas.cpp in Sources */ = {isa = PBXBuildFile; fileRef = 50971B8A20D4480700381FBD /* FCanvas.cpp */; };
		50BB54D920EBAEA50000F79C /* ToolMenu.cpp in Sources */ = {isa = PBXBuildFile; fileRef = 50BB54D720EBAEA50000F79C /* ToolMenu.cpp */; };
		50BB54DC20EBAEB30000F79C /* ToolMenuHeader.cpp in Sources */ = {isa = PBXBuildFile; fileRef = 50BB54DA20EBAEB30000F79C /* ToolMenuHeader.cpp */; };
		50BB54DF20EBB12D0000F79C /* UIRoundedRect.cpp in Sources */ = {isa = PBXBuildFile; fileRef = 50BB54DD20EBB12D0000F79C /* UIRoundedRect.cpp */; };
		50BB54E220EBDE6E0000F79C /* UIButton.cpp in Sources */ = {isa = PBXBuildFile; fileRef = 50BB54E020EBDE6E0000F79C /* UIButton.cpp */; };
/* End PBXBuildFile section */

/* Begin PBXCopyFilesBuildPhase section */
		0D4D57871A82B6D10059E8D1 /* CopyFiles */ = {
			isa = PBXCopyFilesBuildPhase;
			buildActionMask = 2147483647;
			dstPath = /usr/share/man/man1/;
			dstSubfolderSpec = 0;
			files = (
			);
			runOnlyForDeploymentPostprocessing = 1;
		};
/* End PBXCopyFilesBuildPhase section */

/* Begin PBXFileReference section */
		0D4D57891A82B6D10059E8D1 /* DigMMMac */ = {isa = PBXFileReference; explicitFileType = "compiled.mach-o.executable"; includeInIndex = 0; path = DigMMMac; sourceTree = BUILT_PRODUCTS_DIR; };
		0D4D578C1A82B6D10059E8D1 /* main.cpp */ = {isa = PBXFileReference; lastKnownFileType = sourcecode.cpp.cpp; path = main.cpp; sourceTree = "<group>"; };
		0D4D57941A82B82F0059E8D1 /* OpenGL.framework */ = {isa = PBXFileReference; lastKnownFileType = wrapper.framework; name = OpenGL.framework; path = System/Library/Frameworks/OpenGL.framework; sourceTree = SDKROOT; };
		0D4D57961A82B8660059E8D1 /* GLUT.framework */ = {isa = PBXFileReference; lastKnownFileType = wrapper.framework; name = GLUT.framework; path = System/Library/Frameworks/GLUT.framework; sourceTree = SDKROOT; };
		0D4D57981A82B86E0059E8D1 /* Cocoa.framework */ = {isa = PBXFileReference; lastKnownFileType = wrapper.framework; name = Cocoa.framework; path = System/Library/Frameworks/Cocoa.framework; sourceTree = SDKROOT; };
		0D4D5D6E1A83F15C0059E8D1 /* OpenAL.framework */ = {isa = PBXFileReference; lastKnownFileType = wrapper.framework; name = OpenAL.framework; path = System/Library/Frameworks/OpenAL.framework; sourceTree = SDKROOT; };
		0D4F15F71A846B340064104F /* Foundation.framework */ = {isa = PBXFileReference; lastKnownFileType = wrapper.framework; name = Foundation.framework; path = System/Library/Frameworks/Foundation.framework; sourceTree = SDKROOT; };
		0DA0B1161C54500C005C75B2 /* core_app_shell.cpp */ = {isa = PBXFileReference; fileEncoding = 4; lastKnownFileType = sourcecode.cpp.cpp; path = core_app_shell.cpp; sourceTree = "<group>"; };
		0DA0B1171C54500C005C75B2 /* core_app_shell.h */ = {isa = PBXFileReference; fileEncoding = 4; lastKnownFileType = sourcecode.c.h; path = core_app_shell.h; sourceTree = "<group>"; };
		0DA0B1181C54500C005C75B2 /* core_graphics.cpp */ = {isa = PBXFileReference; fileEncoding = 4; lastKnownFileType = sourcecode.cpp.cpp; path = core_graphics.cpp; sourceTree = "<group>"; };
		0DA0B1191C54500C005C75B2 /* core_graphics.h */ = {isa = PBXFileReference; fileEncoding = 4; lastKnownFileType = sourcecode.c.h; path = core_graphics.h; sourceTree = "<group>"; };
		0DA0B11A1C54500C005C75B2 /* core_includes.h */ = {isa = PBXFileReference; fileEncoding = 4; lastKnownFileType = sourcecode.c.h; path = core_includes.h; sourceTree = "<group>"; };
		0DA0B11B1C54500C005C75B2 /* core_social.cpp */ = {isa = PBXFileReference; fileEncoding = 4; lastKnownFileType = sourcecode.cpp.cpp; path = core_social.cpp; sourceTree = "<group>"; };
		0DA0B11C1C54500C005C75B2 /* core_social.h */ = {isa = PBXFileReference; fileEncoding = 4; lastKnownFileType = sourcecode.c.h; path = core_social.h; sourceTree = "<group>"; };
		0DA0B11D1C54500C005C75B2 /* core_web.cpp */ = {isa = PBXFileReference; fileEncoding = 4; lastKnownFileType = sourcecode.cpp.cpp; path = core_web.cpp; sourceTree = "<group>"; };
		0DA0B11E1C54500C005C75B2 /* core_web.h */ = {isa = PBXFileReference; fileEncoding = 4; lastKnownFileType = sourcecode.c.h; path = core_web.h; sourceTree = "<group>"; };
		0DA0B11F1C54500C005C75B2 /* FAchievement.cpp */ = {isa = PBXFileReference; fileEncoding = 4; lastKnownFileType = sourcecode.cpp.cpp; path = FAchievement.cpp; sourceTree = "<group>"; };
		0DA0B1201C54500C005C75B2 /* FAchievement.h */ = {isa = PBXFileReference; fileEncoding = 4; lastKnownFileType = sourcecode.c.h; path = FAchievement.h; sourceTree = "<group>"; };
		0DA0B1211C54500C005C75B2 /* FAnimation.cpp */ = {isa = PBXFileReference; fileEncoding = 4; lastKnownFileType = sourcecode.cpp.cpp; path = FAnimation.cpp; sourceTree = "<group>"; };
		0DA0B1221C54500C005C75B2 /* FAnimation.h */ = {isa = PBXFileReference; fileEncoding = 4; lastKnownFileType = sourcecode.c.h; path = FAnimation.h; sourceTree = "<group>"; };
		0DA0B1231C54500C005C75B2 /* FApp.cpp */ = {isa = PBXFileReference; fileEncoding = 4; lastKnownFileType = sourcecode.cpp.cpp; path = FApp.cpp; sourceTree = "<group>"; };
		0DA0B1241C54500C005C75B2 /* FApp.h */ = {isa = PBXFileReference; fileEncoding = 4; lastKnownFileType = sourcecode.c.h; path = FApp.h; sourceTree = "<group>"; };
		0DA0B1251C54500C005C75B2 /* FButton.cpp */ = {isa = PBXFileReference; fileEncoding = 4; lastKnownFileType = sourcecode.cpp.cpp; path = FButton.cpp; sourceTree = "<group>"; };
		0DA0B1261C54500C005C75B2 /* FButton.h */ = {isa = PBXFileReference; fileEncoding = 4; lastKnownFileType = sourcecode.c.h; path = FButton.h; sourceTree = "<group>"; };
		0DA0B1271C54500C005C75B2 /* FColor.cpp */ = {isa = PBXFileReference; fileEncoding = 4; lastKnownFileType = sourcecode.cpp.cpp; path = FColor.cpp; sourceTree = "<group>"; };
		0DA0B1281C54500C005C75B2 /* FColor.h */ = {isa = PBXFileReference; fileEncoding = 4; lastKnownFileType = sourcecode.c.h; path = FColor.h; sourceTree = "<group>"; };
		0DA0B1291C54500C005C75B2 /* FDrawQuad.cpp */ = {isa = PBXFileReference; fileEncoding = 4; lastKnownFileType = sourcecode.cpp.cpp; path = FDrawQuad.cpp; sourceTree = "<group>"; };
		0DA0B12A1C54500C005C75B2 /* FDrawQuad.h */ = {isa = PBXFileReference; fileEncoding = 4; lastKnownFileType = sourcecode.c.h; path = FDrawQuad.h; sourceTree = "<group>"; };
		0DA0B12B1C54500C005C75B2 /* FFile.cpp */ = {isa = PBXFileReference; fileEncoding = 4; lastKnownFileType = sourcecode.cpp.cpp; path = FFile.cpp; sourceTree = "<group>"; };
		0DA0B12C1C54500C005C75B2 /* FFile.h */ = {isa = PBXFileReference; fileEncoding = 4; lastKnownFileType = sourcecode.c.h; path = FFile.h; sourceTree = "<group>"; };
		0DA0B12D1C54500C005C75B2 /* FFloatList.cpp */ = {isa = PBXFileReference; fileEncoding = 4; lastKnownFileType = sourcecode.cpp.cpp; path = FFloatList.cpp; sourceTree = "<group>"; };
		0DA0B12E1C54500C005C75B2 /* FFloatList.h */ = {isa = PBXFileReference; fileEncoding = 4; lastKnownFileType = sourcecode.c.h; path = FFloatList.h; sourceTree = "<group>"; };
		0DA0B12F1C54500C005C75B2 /* FFont.cpp */ = {isa = PBXFileReference; fileEncoding = 4; lastKnownFileType = sourcecode.cpp.cpp; path = FFont.cpp; sourceTree = "<group>"; };
		0DA0B1301C54500C005C75B2 /* FFont.h */ = {isa = PBXFileReference; fileEncoding = 4; lastKnownFileType = sourcecode.c.h; path = FFont.h; sourceTree = "<group>"; };
		0DA0B1311C54500C005C75B2 /* FGestureView.cpp */ = {isa = PBXFileReference; fileEncoding = 4; lastKnownFileType = sourcecode.cpp.cpp; path = FGestureView.cpp; sourceTree = "<group>"; };
		0DA0B1321C54500C005C75B2 /* FGestureView.h */ = {isa = PBXFileReference; fileEncoding = 4; lastKnownFileType = sourcecode.c.h; path = FGestureView.h; sourceTree = "<group>"; };
		0DA0B1331C54500C005C75B2 /* FHashTable.cpp */ = {isa = PBXFileReference; fileEncoding = 4; lastKnownFileType = sourcecode.cpp.cpp; path = FHashTable.cpp; sourceTree = "<group>"; };
		0DA0B1341C54500C005C75B2 /* FHashTable.hpp */ = {isa = PBXFileReference; fileEncoding = 4; lastKnownFileType = sourcecode.cpp.h; path = FHashTable.hpp; sourceTree = "<group>"; };
		0DA0B1351C54500C005C75B2 /* FImage.cpp */ = {isa = PBXFileReference; fileEncoding = 4; lastKnownFileType = sourcecode.cpp.cpp; path = FImage.cpp; sourceTree = "<group>"; };
		0DA0B1361C54500C005C75B2 /* FImage.h */ = {isa = PBXFileReference; fileEncoding = 4; lastKnownFileType = sourcecode.c.h; path = FImage.h; sourceTree = "<group>"; };
		0DA0B1371C54500C005C75B2 /* FImageBundler.cpp */ = {isa = PBXFileReference; fileEncoding = 4; lastKnownFileType = sourcecode.cpp.cpp; path = FImageBundler.cpp; sourceTree = "<group>"; };
		0DA0B1381C54500C005C75B2 /* FImageBundler.h */ = {isa = PBXFileReference; fileEncoding = 4; lastKnownFileType = sourcecode.c.h; path = FImageBundler.h; sourceTree = "<group>"; };
		0DA0B1391C54500C005C75B2 /* FIndexList.cpp */ = {isa = PBXFileReference; fileEncoding = 4; lastKnownFileType = sourcecode.cpp.cpp; path = FIndexList.cpp; sourceTree = "<group>"; };
		0DA0B13A1C54500C005C75B2 /* FIndexList.h */ = {isa = PBXFileReference; fileEncoding = 4; lastKnownFileType = sourcecode.c.h; path = FIndexList.h; sourceTree = "<group>"; };
		0DA0B13B1C54500C005C75B2 /* FInterp.cpp */ = {isa = PBXFileReference; fileEncoding = 4; lastKnownFileType = sourcecode.cpp.cpp; path = FInterp.cpp; sourceTree = "<group>"; };
		0DA0B13C1C54500C005C75B2 /* FInterp.h */ = {isa = PBXFileReference; fileEncoding = 4; lastKnownFileType = sourcecode.c.h; path = FInterp.h; sourceTree = "<group>"; };
		0DA0B13D1C54500C005C75B2 /* FJoystick.cpp */ = {isa = PBXFileReference; fileEncoding = 4; lastKnownFileType = sourcecode.cpp.cpp; path = FJoystick.cpp; sourceTree = "<group>"; };
		0DA0B13E1C54500C005C75B2 /* FJoystick.h */ = {isa = PBXFileReference; fileEncoding = 4; lastKnownFileType = sourcecode.c.h; path = FJoystick.h; sourceTree = "<group>"; };
		0DA0B13F1C54500C005C75B2 /* FLine.cpp */ = {isa = PBXFileReference; fileEncoding = 4; lastKnownFileType = sourcecode.cpp.cpp; path = FLine.cpp; sourceTree = "<group>"; };
		0DA0B1401C54500C005C75B2 /* FLine.h */ = {isa = PBXFileReference; fileEncoding = 4; lastKnownFileType = sourcecode.c.h; path = FLine.h; sourceTree = "<group>"; };
		0DA0B1411C54500C005C75B2 /* FList.cpp */ = {isa = PBXFileReference; fileEncoding = 4; lastKnownFileType = sourcecode.cpp.cpp; path = FList.cpp; sourceTree = "<group>"; };
		0DA0B1421C54500C005C75B2 /* FList.h */ = {isa = PBXFileReference; fileEncoding = 4; lastKnownFileType = sourcecode.c.h; path = FList.h; sourceTree = "<group>"; };
		0DA0B1431C54500C005C75B2 /* FMath.cpp */ = {isa = PBXFileReference; fileEncoding = 4; lastKnownFileType = sourcecode.cpp.cpp; path = FMath.cpp; sourceTree = "<group>"; };
		0DA0B1441C54500C005C75B2 /* FMath.h */ = {isa = PBXFileReference; fileEncoding = 4; lastKnownFileType = sourcecode.c.h; path = FMath.h; sourceTree = "<group>"; };
		0DA0B1451C54500C005C75B2 /* FMatrix.cpp */ = {isa = PBXFileReference; fileEncoding = 4; lastKnownFileType = sourcecode.cpp.cpp; path = FMatrix.cpp; sourceTree = "<group>"; };
		0DA0B1461C54500C005C75B2 /* FMatrix.h */ = {isa = PBXFileReference; fileEncoding = 4; lastKnownFileType = sourcecode.c.h; path = FMatrix.h; sourceTree = "<group>"; };
		0DA0B1471C54500C005C75B2 /* FModelData.cpp */ = {isa = PBXFileReference; fileEncoding = 4; lastKnownFileType = sourcecode.cpp.cpp; path = FModelData.cpp; sourceTree = "<group>"; };
		0DA0B1481C54500C005C75B2 /* FModelData.h */ = {isa = PBXFileReference; fileEncoding = 4; lastKnownFileType = sourcecode.c.h; path = FModelData.h; sourceTree = "<group>"; };
		0DA0B1491C54500C005C75B2 /* FModelDataSequence.cpp */ = {isa = PBXFileReference; fileEncoding = 4; lastKnownFileType = sourcecode.cpp.cpp; path = FModelDataSequence.cpp; sourceTree = "<group>"; };
		0DA0B14A1C54500C005C75B2 /* FModelDataSequence.h */ = {isa = PBXFileReference; fileEncoding = 4; lastKnownFileType = sourcecode.c.h; path = FModelDataSequence.h; sourceTree = "<group>"; };
		0DA0B14B1C54500C005C75B2 /* FMotionObject.cpp */ = {isa = PBXFileReference; fileEncoding = 4; lastKnownFileType = sourcecode.cpp.cpp; path = FMotionObject.cpp; sourceTree = "<group>"; };
		0DA0B14C1C54500C005C75B2 /* FMotionObject.h */ = {isa = PBXFileReference; fileEncoding = 4; lastKnownFileType = sourcecode.c.h; path = FMotionObject.h; sourceTree = "<group>"; };
		0DA0B14D1C54500C005C75B2 /* FObject.cpp */ = {isa = PBXFileReference; fileEncoding = 4; lastKnownFileType = sourcecode.cpp.cpp; path = FObject.cpp; sourceTree = "<group>"; };
		0DA0B14E1C54500C005C75B2 /* FObject.h */ = {isa = PBXFileReference; fileEncoding = 4; lastKnownFileType = sourcecode.c.h; path = FObject.h; sourceTree = "<group>"; };
		0DA0B14F1C54500C005C75B2 /* FParticle.cpp */ = {isa = PBXFileReference; fileEncoding = 4; lastKnownFileType = sourcecode.cpp.cpp; path = FParticle.cpp; sourceTree = "<group>"; };
		0DA0B1501C54500C005C75B2 /* FParticle.h */ = {isa = PBXFileReference; fileEncoding = 4; lastKnownFileType = sourcecode.c.h; path = FParticle.h; sourceTree = "<group>"; };
		0DA0B1511C54500C005C75B2 /* FPoint.cpp */ = {isa = PBXFileReference; fileEncoding = 4; lastKnownFileType = sourcecode.cpp.cpp; path = FPoint.cpp; sourceTree = "<group>"; };
		0DA0B1521C54500C005C75B2 /* FPoint.h */ = {isa = PBXFileReference; fileEncoding = 4; lastKnownFileType = sourcecode.c.h; path = FPoint.h; sourceTree = "<group>"; };
		0DA0B1531C54500C005C75B2 /* FPointList.cpp */ = {isa = PBXFileReference; fileEncoding = 4; lastKnownFileType = sourcecode.cpp.cpp; path = FPointList.cpp; sourceTree = "<group>"; };
		0DA0B1541C54500C005C75B2 /* FPointList.h */ = {isa = PBXFileReference; fileEncoding = 4; lastKnownFileType = sourcecode.c.h; path = FPointList.h; sourceTree = "<group>"; };
		0DA0B1551C54500C005C75B2 /* FPolyPath.cpp */ = {isa = PBXFileReference; fileEncoding = 4; lastKnownFileType = sourcecode.cpp.cpp; path = FPolyPath.cpp; sourceTree = "<group>"; };
		0DA0B1561C54500C005C75B2 /* FPolyPath.h */ = {isa = PBXFileReference; fileEncoding = 4; lastKnownFileType = sourcecode.c.h; path = FPolyPath.h; sourceTree = "<group>"; };
		0DA0B1571C54500C005C75B2 /* FPrimitive.cpp */ = {isa = PBXFileReference; fileEncoding = 4; lastKnownFileType = sourcecode.cpp.cpp; path = FPrimitive.cpp; sourceTree = "<group>"; };
		0DA0B1581C54500C005C75B2 /* FPrimitive.h */ = {isa = PBXFileReference; fileEncoding = 4; lastKnownFileType = sourcecode.c.h; path = FPrimitive.h; sourceTree = "<group>"; };
		0DA0B1591C54500C005C75B2 /* FQuad.cpp */ = {isa = PBXFileReference; fileEncoding = 4; lastKnownFileType = sourcecode.cpp.cpp; path = FQuad.cpp; sourceTree = "<group>"; };
		0DA0B15A1C54500C005C75B2 /* FQuad.h */ = {isa = PBXFileReference; fileEncoding = 4; lastKnownFileType = sourcecode.c.h; path = FQuad.h; sourceTree = "<group>"; };
		0DA0B15B1C54500C005C75B2 /* FRandomizer.cpp */ = {isa = PBXFileReference; fileEncoding = 4; lastKnownFileType = sourcecode.cpp.cpp; path = FRandomizer.cpp; sourceTree = "<group>"; };
		0DA0B15C1C54500C005C75B2 /* FRandomizer.h */ = {isa = PBXFileReference; fileEncoding = 4; lastKnownFileType = sourcecode.c.h; path = FRandomizer.h; sourceTree = "<group>"; };
		0DA0B15D1C54500C005C75B2 /* FRect.cpp */ = {isa = PBXFileReference; fileEncoding = 4; lastKnownFileType = sourcecode.cpp.cpp; path = FRect.cpp; sourceTree = "<group>"; };
		0DA0B15E1C54500C005C75B2 /* FRect.h */ = {isa = PBXFileReference; fileEncoding = 4; lastKnownFileType = sourcecode.c.h; path = FRect.h; sourceTree = "<group>"; };
		0DA0B15F1C54500C005C75B2 /* FResource.cpp */ = {isa = PBXFileReference; fileEncoding = 4; lastKnownFileType = sourcecode.cpp.cpp; path = FResource.cpp; sourceTree = "<group>"; };
		0DA0B1601C54500C005C75B2 /* FResource.h */ = {isa = PBXFileReference; fileEncoding = 4; lastKnownFileType = sourcecode.c.h; path = FResource.h; sourceTree = "<group>"; };
		0DA0B1611C54500C005C75B2 /* FScrollView.cpp */ = {isa = PBXFileReference; fileEncoding = 4; lastKnownFileType = sourcecode.cpp.cpp; path = FScrollView.cpp; sourceTree = "<group>"; };
		0DA0B1621C54500C005C75B2 /* FScrollView.h */ = {isa = PBXFileReference; fileEncoding = 4; lastKnownFileType = sourcecode.c.h; path = FScrollView.h; sourceTree = "<group>"; };
		0DA0B1631C54500C005C75B2 /* FScrollViewPaged.cpp */ = {isa = PBXFileReference; fileEncoding = 4; lastKnownFileType = sourcecode.cpp.cpp; path = FScrollViewPaged.cpp; sourceTree = "<group>"; };
		0DA0B1641C54500C005C75B2 /* FScrollViewPaged.h */ = {isa = PBXFileReference; fileEncoding = 4; lastKnownFileType = sourcecode.c.h; path = FScrollViewPaged.h; sourceTree = "<group>"; };
		0DA0B1651C54500C005C75B2 /* FSlider.cpp */ = {isa = PBXFileReference; fileEncoding = 4; lastKnownFileType = sourcecode.cpp.cpp; path = FSlider.cpp; sourceTree = "<group>"; };
		0DA0B1661C54500C005C75B2 /* FSlider.h */ = {isa = PBXFileReference; fileEncoding = 4; lastKnownFileType = sourcecode.c.h; path = FSlider.h; sourceTree = "<group>"; };
		0DA0B1671C54500C005C75B2 /* FSound.cpp */ = {isa = PBXFileReference; fileEncoding = 4; lastKnownFileType = sourcecode.cpp.cpp; path = FSound.cpp; sourceTree = "<group>"; };
		0DA0B1681C54500C005C75B2 /* FSound.h */ = {isa = PBXFileReference; fileEncoding = 4; lastKnownFileType = sourcecode.c.h; path = FSound.h; sourceTree = "<group>"; };
		0DA0B1691C54500C005C75B2 /* FSpline.cpp */ = {isa = PBXFileReference; fileEncoding = 4; lastKnownFileType = sourcecode.cpp.cpp; path = FSpline.cpp; sourceTree = "<group>"; };
		0DA0B16A1C54500C005C75B2 /* FSpline.h */ = {isa = PBXFileReference; fileEncoding = 4; lastKnownFileType = sourcecode.c.h; path = FSpline.h; sourceTree = "<group>"; };
		0DA0B16B1C54500C005C75B2 /* FSprite.cpp */ = {isa = PBXFileReference; fileEncoding = 4; lastKnownFileType = sourcecode.cpp.cpp; path = FSprite.cpp; sourceTree = "<group>"; };
		0DA0B16C1C54500C005C75B2 /* FSprite.h */ = {isa = PBXFileReference; fileEncoding = 4; lastKnownFileType = sourcecode.c.h; path = FSprite.h; sourceTree = "<group>"; };
		0DA0B16D1C54500C005C75B2 /* FSpriteSequence.cpp */ = {isa = PBXFileReference; fileEncoding = 4; lastKnownFileType = sourcecode.cpp.cpp; path = FSpriteSequence.cpp; sourceTree = "<group>"; };
		0DA0B16E1C54500C005C75B2 /* FSpriteSequence.h */ = {isa = PBXFileReference; fileEncoding = 4; lastKnownFileType = sourcecode.c.h; path = FSpriteSequence.h; sourceTree = "<group>"; };
		0DA0B16F1C54500C005C75B2 /* FString.cpp */ = {isa = PBXFileReference; fileEncoding = 4; lastKnownFileType = sourcecode.cpp.cpp; path = FString.cpp; sourceTree = "<group>"; };
		0DA0B1701C54500C005C75B2 /* FString.h */ = {isa = PBXFileReference; fileEncoding = 4; lastKnownFileType = sourcecode.c.h; path = FString.h; sourceTree = "<group>"; };
		0DA0B1711C54500C005C75B2 /* FStringBuffer.cpp */ = {isa = PBXFileReference; fileEncoding = 4; lastKnownFileType = sourcecode.cpp.cpp; path = FStringBuffer.cpp; sourceTree = "<group>"; };
		0DA0B1721C54500C005C75B2 /* FStringBuffer.h */ = {isa = PBXFileReference; fileEncoding = 4; lastKnownFileType = sourcecode.c.h; path = FStringBuffer.h; sourceTree = "<group>"; };
		0DA0B1731C54500C005C75B2 /* FTexture.cpp */ = {isa = PBXFileReference; fileEncoding = 4; lastKnownFileType = sourcecode.cpp.cpp; path = FTexture.cpp; sourceTree = "<group>"; };
		0DA0B1741C54500C005C75B2 /* FTexture.h */ = {isa = PBXFileReference; fileEncoding = 4; lastKnownFileType = sourcecode.c.h; path = FTexture.h; sourceTree = "<group>"; };
		0DA0B1751C54500C005C75B2 /* FTextureCache.cpp */ = {isa = PBXFileReference; fileEncoding = 4; lastKnownFileType = sourcecode.cpp.cpp; path = FTextureCache.cpp; sourceTree = "<group>"; };
		0DA0B1761C54500C005C75B2 /* FTextureCache.h */ = {isa = PBXFileReference; fileEncoding = 4; lastKnownFileType = sourcecode.c.h; path = FTextureCache.h; sourceTree = "<group>"; };
		0DA0B1771C54500C005C75B2 /* FTouchManager.cpp */ = {isa = PBXFileReference; fileEncoding = 4; lastKnownFileType = sourcecode.cpp.cpp; path = FTouchManager.cpp; sourceTree = "<group>"; };
		0DA0B1781C54500C005C75B2 /* FTouchManager.h */ = {isa = PBXFileReference; fileEncoding = 4; lastKnownFileType = sourcecode.c.h; path = FTouchManager.h; sourceTree = "<group>"; };
		0DA0B1791C54500C005C75B2 /* FVec2.cpp */ = {isa = PBXFileReference; fileEncoding = 4; lastKnownFileType = sourcecode.cpp.cpp; path = FVec2.cpp; sourceTree = "<group>"; };
		0DA0B17A1C54500C005C75B2 /* FVec2.h */ = {isa = PBXFileReference; fileEncoding = 4; lastKnownFileType = sourcecode.c.h; path = FVec2.h; sourceTree = "<group>"; };
		0DA0B17B1C54500C005C75B2 /* FVec3.cpp */ = {isa = PBXFileReference; fileEncoding = 4; lastKnownFileType = sourcecode.cpp.cpp; path = FVec3.cpp; sourceTree = "<group>"; };
		0DA0B17C1C54500C005C75B2 /* FVec3.h */ = {isa = PBXFileReference; fileEncoding = 4; lastKnownFileType = sourcecode.c.h; path = FVec3.h; sourceTree = "<group>"; };
		0DA0B17D1C54500C005C75B2 /* FVertexBuffer.cpp */ = {isa = PBXFileReference; fileEncoding = 4; lastKnownFileType = sourcecode.cpp.cpp; path = FVertexBuffer.cpp; sourceTree = "<group>"; };
		0DA0B17E1C54500C005C75B2 /* FVertexBuffer.h */ = {isa = PBXFileReference; fileEncoding = 4; lastKnownFileType = sourcecode.c.h; path = FVertexBuffer.h; sourceTree = "<group>"; };
		0DA0B1891C54500C005C75B2 /* FXML.cpp */ = {isa = PBXFileReference; fileEncoding = 4; lastKnownFileType = sourcecode.cpp.cpp; path = FXML.cpp; sourceTree = "<group>"; };
		0DA0B18A1C54500C005C75B2 /* FXML.h */ = {isa = PBXFileReference; fileEncoding = 4; lastKnownFileType = sourcecode.c.h; path = FXML.h; sourceTree = "<group>"; };
		0DA0B1991C54500C005C75B2 /* os_core_app_shell.h */ = {isa = PBXFileReference; fileEncoding = 4; lastKnownFileType = sourcecode.c.h; path = os_core_app_shell.h; sourceTree = "<group>"; };
		0DA0B19A1C54500C005C75B2 /* os_core_app_shell_mac.mm */ = {isa = PBXFileReference; fileEncoding = 4; lastKnownFileType = sourcecode.cpp.objcpp; path = os_core_app_shell_mac.mm; sourceTree = "<group>"; };
		0DA0B19B1C54500C005C75B2 /* os_core_includes.cpp */ = {isa = PBXFileReference; fileEncoding = 4; lastKnownFileType = sourcecode.cpp.cpp; path = os_core_includes.cpp; sourceTree = "<group>"; };
		0DA0B19C1C54500C005C75B2 /* os_core_includes.h */ = {isa = PBXFileReference; fileEncoding = 4; lastKnownFileType = sourcecode.c.h; path = os_core_includes.h; sourceTree = "<group>"; };
		0DA0B19D1C54500C005C75B2 /* os_core_outlets.h */ = {isa = PBXFileReference; fileEncoding = 4; lastKnownFileType = sourcecode.c.h; path = os_core_outlets.h; sourceTree = "<group>"; };
		0DA0B19E1C54500C005C75B2 /* os_core_outlets_mac.mm */ = {isa = PBXFileReference; fileEncoding = 4; lastKnownFileType = sourcecode.cpp.objcpp; path = os_core_outlets_mac.mm; sourceTree = "<group>"; };
		0DA0B19F1C54500C005C75B2 /* os_core_social.cpp */ = {isa = PBXFileReference; fileEncoding = 4; lastKnownFileType = sourcecode.cpp.cpp; path = os_core_social.cpp; sourceTree = "<group>"; };
		0DA0B1A01C54500C005C75B2 /* os_core_social.h */ = {isa = PBXFileReference; fileEncoding = 4; lastKnownFileType = sourcecode.c.h; path = os_core_social.h; sourceTree = "<group>"; };
		0DA0B1A11C54500C005C75B2 /* os_core_sound.h */ = {isa = PBXFileReference; fileEncoding = 4; lastKnownFileType = sourcecode.c.h; path = os_core_sound.h; sourceTree = "<group>"; };
		0DA0B1A21C54500C005C75B2 /* os_core_sound_mac.mm */ = {isa = PBXFileReference; fileEncoding = 4; lastKnownFileType = sourcecode.cpp.objcpp; path = os_core_sound_mac.mm; sourceTree = "<group>"; };
		0DA0B1A31C54500C005C75B2 /* os_core_web.cpp */ = {isa = PBXFileReference; fileEncoding = 4; lastKnownFileType = sourcecode.cpp.cpp; path = os_core_web.cpp; sourceTree = "<group>"; };
		0DA0B1A41C54500C005C75B2 /* os_core_web.h */ = {isa = PBXFileReference; fileEncoding = 4; lastKnownFileType = sourcecode.c.h; path = os_core_web.h; sourceTree = "<group>"; };
		0DA0B1A51C54500C005C75B2 /* OSInputGrabber.h */ = {isa = PBXFileReference; fileEncoding = 4; lastKnownFileType = sourcecode.c.h; path = OSInputGrabber.h; sourceTree = "<group>"; };
		0DA0B1A61C54500C005C75B2 /* OSInputGrabber.mm */ = {isa = PBXFileReference; fileEncoding = 4; lastKnownFileType = sourcecode.cpp.objcpp; path = OSInputGrabber.mm; sourceTree = "<group>"; };
		0DA0B1A71C54500C005C75B2 /* OSMusicPlayer.h */ = {isa = PBXFileReference; fileEncoding = 4; lastKnownFileType = sourcecode.c.h; path = OSMusicPlayer.h; sourceTree = "<group>"; };
		0DA0B1A81C54500C005C75B2 /* OSMusicPlayer.mm */ = {isa = PBXFileReference; fileEncoding = 4; lastKnownFileType = sourcecode.cpp.objcpp; path = OSMusicPlayer.mm; sourceTree = "<group>"; };
		0DD2ED7E1A85772700EAC001 /* AudioToolbox.framework */ = {isa = PBXFileReference; lastKnownFileType = wrapper.framework; name = AudioToolbox.framework; path = System/Library/Frameworks/AudioToolbox.framework; sourceTree = SDKROOT; };
		0DD2ED7F1A85772700EAC001 /* AVFoundation.framework */ = {isa = PBXFileReference; lastKnownFileType = wrapper.framework; name = AVFoundation.framework; path = System/Library/Frameworks/AVFoundation.framework; sourceTree = SDKROOT; };
		0DD2ED821A85783900EAC001 /* QuartzCore.framework */ = {isa = PBXFileReference; lastKnownFileType = wrapper.framework; name = QuartzCore.framework; path = System/Library/Frameworks/QuartzCore.framework; sourceTree = SDKROOT; };
		0DD2ED841A85786B00EAC001 /* CoreFoundation.framework */ = {isa = PBXFileReference; lastKnownFileType = wrapper.framework; name = CoreFoundation.framework; path = System/Library/Frameworks/CoreFoundation.framework; sourceTree = SDKROOT; };
		0DD70E4020DF039B00295D84 /* UMainCanvas.h */ = {isa = PBXFileReference; fileEncoding = 4; lastKnownFileType = sourcecode.c.h; path = UMainCanvas.h; sourceTree = "<group>"; };
		0DD70E4220DF039B00295D84 /* UValuePicker.cpp */ = {isa = PBXFileReference; fileEncoding = 4; lastKnownFileType = sourcecode.cpp.cpp; path = UValuePicker.cpp; sourceTree = "<group>"; };
		0DD70E4320DF039B00295D84 /* UMenuStyleExtended.cpp */ = {isa = PBXFileReference; fileEncoding = 4; lastKnownFileType = sourcecode.cpp.cpp; path = UMenuStyleExtended.cpp; sourceTree = "<group>"; };
		0DD70E4420DF039B00295D84 /* UMenuStyle.h */ = {isa = PBXFileReference; fileEncoding = 4; lastKnownFileType = sourcecode.c.h; path = UMenuStyle.h; sourceTree = "<group>"; };
		0DD70E4620DF039B00295D84 /* UImagePicker.cpp */ = {isa = PBXFileReference; fileEncoding = 4; lastKnownFileType = sourcecode.cpp.cpp; path = UImagePicker.cpp; sourceTree = "<group>"; };
		0DD70E4720DF039B00295D84 /* UImagePicker.h */ = {isa = PBXFileReference; fileEncoding = 4; lastKnownFileType = sourcecode.c.h; path = UImagePicker.h; sourceTree = "<group>"; };
		0DD70E4820DF039B00295D84 /* UImageCell.h */ = {isa = PBXFileReference; fileEncoding = 4; lastKnownFileType = sourcecode.c.h; path = UImageCell.h; sourceTree = "<group>"; };
		0DD70E4920DF039B00295D84 /* UImageCell.cpp */ = {isa = PBXFileReference; fileEncoding = 4; lastKnownFileType = sourcecode.cpp.cpp; path = UImageCell.cpp; sourceTree = "<group>"; };
		0DD70E4A20DF039B00295D84 /* UMenu.cpp */ = {isa = PBXFileReference; fileEncoding = 4; lastKnownFileType = sourcecode.cpp.cpp; path = UMenu.cpp; sourceTree = "<group>"; };
		0DD70E4B20DF039B00295D84 /* UMenu.h */ = {isa = PBXFileReference; fileEncoding = 4; lastKnownFileType = sourcecode.c.h; path = UMenu.h; sourceTree = "<group>"; };
		0DD70E4C20DF039B00295D84 /* UValuePicker.h */ = {isa = PBXFileReference; fileEncoding = 4; lastKnownFileType = sourcecode.c.h; path = UValuePicker.h; sourceTree = "<group>"; };
		0DD70E4D20DF039B00295D84 /* UMenuStyleExtended.h */ = {isa = PBXFileReference; fileEncoding = 4; lastKnownFileType = sourcecode.c.h; path = UMenuStyleExtended.h; sourceTree = "<group>"; };
		0DD70E4E20DF039B00295D84 /* UMenuStyle.cpp */ = {isa = PBXFileReference; fileEncoding = 4; lastKnownFileType = sourcecode.cpp.cpp; path = UMenuStyle.cpp; sourceTree = "<group>"; };
		0DD70E4F20DF039B00295D84 /* FMotionKey.cpp */ = {isa = PBXFileReference; fileEncoding = 4; lastKnownFileType = sourcecode.cpp.cpp; path = FMotionKey.cpp; sourceTree = "<group>"; };
		0DD70E5020DF039B00295D84 /* UMainToolbar.h */ = {isa = PBXFileReference; fileEncoding = 4; lastKnownFileType = sourcecode.c.h; path = UMainToolbar.h; sourceTree = "<group>"; };
		0DD70E5120DF039B00295D84 /* UPathMaker.h */ = {isa = PBXFileReference; fileEncoding = 4; lastKnownFileType = sourcecode.c.h; path = UPathMaker.h; sourceTree = "<group>"; };
		0DD70E5220DF039B00295D84 /* FParticleSource.cpp */ = {isa = PBXFileReference; fileEncoding = 4; lastKnownFileType = sourcecode.cpp.cpp; path = FParticleSource.cpp; sourceTree = "<group>"; };
		0DD70E5320DF039B00295D84 /* UPathMaker.cpp */ = {isa = PBXFileReference; fileEncoding = 4; lastKnownFileType = sourcecode.cpp.cpp; path = UPathMaker.cpp; sourceTree = "<group>"; };
		0DD70E5420DF039B00295D84 /* FMotionPath.cpp */ = {isa = PBXFileReference; fileEncoding = 4; lastKnownFileType = sourcecode.cpp.cpp; path = FMotionPath.cpp; sourceTree = "<group>"; };
		0DD70E5520DF039B00295D84 /* UMainCanvasOverlays.cpp */ = {isa = PBXFileReference; fileEncoding = 4; lastKnownFileType = sourcecode.cpp.cpp; path = UMainCanvasOverlays.cpp; sourceTree = "<group>"; };
		0DD70E5620DF039B00295D84 /* FMotionKeySequence.cpp */ = {isa = PBXFileReference; fileEncoding = 4; lastKnownFileType = sourcecode.cpp.cpp; path = FMotionKeySequence.cpp; sourceTree = "<group>"; };
		0DD70E5720DF039B00295D84 /* UNode.h */ = {isa = PBXFileReference; fileEncoding = 4; lastKnownFileType = sourcecode.c.h; path = UNode.h; sourceTree = "<group>"; };
		0DD70E5820DF039B00295D84 /* UMainCanvas.cpp */ = {isa = PBXFileReference; fileEncoding = 4; lastKnownFileType = sourcecode.cpp.cpp; path = UMainCanvas.cpp; sourceTree = "<group>"; };
		0DD70E5920DF039B00295D84 /* FParticleSource.h */ = {isa = PBXFileReference; fileEncoding = 4; lastKnownFileType = sourcecode.c.h; path = FParticleSource.h; sourceTree = "<group>"; };
		0DD70E5A20DF039B00295D84 /* UNode.cpp */ = {isa = PBXFileReference; fileEncoding = 4; lastKnownFileType = sourcecode.cpp.cpp; path = UNode.cpp; sourceTree = "<group>"; };
		0DD70E5B20DF039B00295D84 /* UMainCanvasOverlays.h */ = {isa = PBXFileReference; fileEncoding = 4; lastKnownFileType = sourcecode.c.h; path = UMainCanvasOverlays.h; sourceTree = "<group>"; };
		0DD70E5C20DF039B00295D84 /* FParticleTemplate.h */ = {isa = PBXFileReference; fileEncoding = 4; lastKnownFileType = sourcecode.c.h; path = FParticleTemplate.h; sourceTree = "<group>"; };
		0DD70E5D20DF039B00295D84 /* UMainWorkspace.cpp */ = {isa = PBXFileReference; fileEncoding = 4; lastKnownFileType = sourcecode.cpp.cpp; path = UMainWorkspace.cpp; sourceTree = "<group>"; };
		0DD70E5F20DF039B00295D84 /* UParticleEditorMenu.cpp */ = {isa = PBXFileReference; fileEncoding = 4; lastKnownFileType = sourcecode.cpp.cpp; path = UParticleEditorMenu.cpp; sourceTree = "<group>"; };
		0DD70E6020DF039B00295D84 /* UTimelineEditorMenu.cpp */ = {isa = PBXFileReference; fileEncoding = 4; lastKnownFileType = sourcecode.cpp.cpp; path = UTimelineEditorMenu.cpp; sourceTree = "<group>"; };
		0DD70E6120DF039B00295D84 /* UParentPane.h */ = {isa = PBXFileReference; fileEncoding = 4; lastKnownFileType = sourcecode.c.h; path = UParentPane.h; sourceTree = "<group>"; };
		0DD70E6220DF039B00295D84 /* UTransformMenu.cpp */ = {isa = PBXFileReference; fileEncoding = 4; lastKnownFileType = sourcecode.cpp.cpp; path = UTransformMenu.cpp; sourceTree = "<group>"; };
		0DD70E6320DF039B00295D84 /* UNodeEditorMenu.cpp */ = {isa = PBXFileReference; fileEncoding = 4; lastKnownFileType = sourcecode.cpp.cpp; path = UNodeEditorMenu.cpp; sourceTree = "<group>"; };
		0DD70E6420DF039B00295D84 /* UTimelineKey.h */ = {isa = PBXFileReference; fileEncoding = 4; lastKnownFileType = sourcecode.c.h; path = UTimelineKey.h; sourceTree = "<group>"; };
		0DD70E6520DF039B00295D84 /* UParentPane.cpp */ = {isa = PBXFileReference; fileEncoding = 4; lastKnownFileType = sourcecode.cpp.cpp; path = UParentPane.cpp; sourceTree = "<group>"; };
		0DD70E6620DF039B00295D84 /* UTimelineKey.cpp */ = {isa = PBXFileReference; fileEncoding = 4; lastKnownFileType = sourcecode.cpp.cpp; path = UTimelineKey.cpp; sourceTree = "<group>"; };
		0DD70E6720DF039B00295D84 /* UNodeMotionPanel.cpp */ = {isa = PBXFileReference; fileEncoding = 4; lastKnownFileType = sourcecode.cpp.cpp; path = UNodeMotionPanel.cpp; sourceTree = "<group>"; };
		0DD70E6820DF039B00295D84 /* UTransformMenu.h */ = {isa = PBXFileReference; fileEncoding = 4; lastKnownFileType = sourcecode.c.h; path = UTransformMenu.h; sourceTree = "<group>"; };
		0DD70E6920DF039B00295D84 /* UCanvasPane.cpp */ = {isa = PBXFileReference; fileEncoding = 4; lastKnownFileType = sourcecode.cpp.cpp; path = UCanvasPane.cpp; sourceTree = "<group>"; };
		0DD70E6A20DF039B00295D84 /* UNodeEditorMenu.h */ = {isa = PBXFileReference; fileEncoding = 4; lastKnownFileType = sourcecode.c.h; path = UNodeEditorMenu.h; sourceTree = "<group>"; };
		0DD70E6B20DF039B00295D84 /* UCanvasPane.h */ = {isa = PBXFileReference; fileEncoding = 4; lastKnownFileType = sourcecode.c.h; path = UCanvasPane.h; sourceTree = "<group>"; };
		0DD70E6C20DF039B00295D84 /* UTimelineEditorMenu.h */ = {isa = PBXFileReference; fileEncoding = 4; lastKnownFileType = sourcecode.c.h; path = UTimelineEditorMenu.h; sourceTree = "<group>"; };
		0DD70E6D20DF039B00295D84 /* UNodeMotionPanel.h */ = {isa = PBXFileReference; fileEncoding = 4; lastKnownFileType = sourcecode.c.h; path = UNodeMotionPanel.h; sourceTree = "<group>"; };
		0DD70E6E20DF039B00295D84 /* UParticleEditorMenu.h */ = {isa = PBXFileReference; fileEncoding = 4; lastKnownFileType = sourcecode.c.h; path = UParticleEditorMenu.h; sourceTree = "<group>"; };
		0DD70E6F20DF039B00295D84 /* FMotionKey.h */ = {isa = PBXFileReference; fileEncoding = 4; lastKnownFileType = sourcecode.c.h; path = FMotionKey.h; sourceTree = "<group>"; };
		0DD70E7020DF039B00295D84 /* FMotionKeySequence.h */ = {isa = PBXFileReference; fileEncoding = 4; lastKnownFileType = sourcecode.c.h; path = FMotionKeySequence.h; sourceTree = "<group>"; };
		0DD70E7120DF039B00295D84 /* UMainToolbar.cpp */ = {isa = PBXFileReference; fileEncoding = 4; lastKnownFileType = sourcecode.cpp.cpp; path = UMainToolbar.cpp; sourceTree = "<group>"; };
		0DD70E7220DF039B00295D84 /* FParticleTemplate.cpp */ = {isa = PBXFileReference; fileEncoding = 4; lastKnownFileType = sourcecode.cpp.cpp; path = FParticleTemplate.cpp; sourceTree = "<group>"; };
		0DD70E7320DF039B00295D84 /* FMotionPath.h */ = {isa = PBXFileReference; fileEncoding = 4; lastKnownFileType = sourcecode.c.h; path = FMotionPath.h; sourceTree = "<group>"; };
		0DD70E7420DF039B00295D84 /* UMainWorkspace.h */ = {isa = PBXFileReference; fileEncoding = 4; lastKnownFileType = sourcecode.c.h; path = UMainWorkspace.h; sourceTree = "<group>"; };
		5006BA0920E7E2C400E329C1 /* CNVBadge.cpp */ = {isa = PBXFileReference; fileEncoding = 4; lastKnownFileType = sourcecode.cpp.cpp; path = CNVBadge.cpp; sourceTree = "<group>"; };
		5006BA0A20E7E2C400E329C1 /* CNVBadge.hpp */ = {isa = PBXFileReference; fileEncoding = 4; lastKnownFileType = sourcecode.cpp.h; path = CNVBadge.hpp; sourceTree = "<group>"; };
		5006BA0B20E7E2C400E329C1 /* CNVBadgeDecor1.cpp */ = {isa = PBXFileReference; fileEncoding = 4; lastKnownFileType = sourcecode.cpp.cpp; path = CNVBadgeDecor1.cpp; sourceTree = "<group>"; };
		5006BA0C20E7E2C400E329C1 /* CNVBadgeDecor1.hpp */ = {isa = PBXFileReference; fileEncoding = 4; lastKnownFileType = sourcecode.cpp.h; path = CNVBadgeDecor1.hpp; sourceTree = "<group>"; };
		5006BA0D20E7E2C400E329C1 /* CNVBadgeDecor2.cpp */ = {isa = PBXFileReference; fileEncoding = 4; lastKnownFileType = sourcecode.cpp.cpp; path = CNVBadgeDecor2.cpp; sourceTree = "<group>"; };
		5006BA0E20E7E2C400E329C1 /* CNVBadgeDecor2.hpp */ = {isa = PBXFileReference; fileEncoding = 4; lastKnownFileType = sourcecode.cpp.h; path = CNVBadgeDecor2.hpp; sourceTree = "<group>"; };
		5006BA0F20E7E2C400E329C1 /* CNVBadgeDecor3.cpp */ = {isa = PBXFileReference; fileEncoding = 4; lastKnownFileType = sourcecode.cpp.cpp; path = CNVBadgeDecor3.cpp; sourceTree = "<group>"; };
		5006BA1020E7E2C400E329C1 /* CNVBadgeDecor3.hpp */ = {isa = PBXFileReference; fileEncoding = 4; lastKnownFileType = sourcecode.cpp.h; path = CNVBadgeDecor3.hpp; sourceTree = "<group>"; };
		5006BA1120E7E2C400E329C1 /* CNVBadgeDecor4.cpp */ = {isa = PBXFileReference; fileEncoding = 4; lastKnownFileType = sourcecode.cpp.cpp; path = CNVBadgeDecor4.cpp; sourceTree = "<group>"; };
		5006BA1220E7E2C400E329C1 /* CNVBadgeDecor4.hpp */ = {isa = PBXFileReference; fileEncoding = 4; lastKnownFileType = sourcecode.cpp.h; path = CNVBadgeDecor4.hpp; sourceTree = "<group>"; };
		5006BA1320E7E2C400E329C1 /* CNVBoard.cpp */ = {isa = PBXFileReference; fileEncoding = 4; lastKnownFileType = sourcecode.cpp.cpp; path = CNVBoard.cpp; sourceTree = "<group>"; };
		5006BA1420E7E2C400E329C1 /* CNVBoard.hpp */ = {isa = PBXFileReference; fileEncoding = 4; lastKnownFileType = sourcecode.cpp.h; path = CNVBoard.hpp; sourceTree = "<group>"; };
		5006BA1520E7E2C400E329C1 /* CNVFooter.cpp */ = {isa = PBXFileReference; fileEncoding = 4; lastKnownFileType = sourcecode.cpp.cpp; path = CNVFooter.cpp; sourceTree = "<group>"; };
		5006BA1620E7E2C400E329C1 /* CNVFooter.hpp */ = {isa = PBXFileReference; fileEncoding = 4; lastKnownFileType = sourcecode.cpp.h; path = CNVFooter.hpp; sourceTree = "<group>"; };
		5006BA1720E7E2C400E329C1 /* CNVGame.cpp */ = {isa = PBXFileReference; fileEncoding = 4; lastKnownFileType = sourcecode.cpp.cpp; path = CNVGame.cpp; sourceTree = "<group>"; };
		5006BA1820E7E2C400E329C1 /* CNVGame.hpp */ = {isa = PBXFileReference; fileEncoding = 4; lastKnownFileType = sourcecode.cpp.h; path = CNVGame.hpp; sourceTree = "<group>"; };
		5006BA1920E7E2C400E329C1 /* CNVHeader.cpp */ = {isa = PBXFileReference; fileEncoding = 4; lastKnownFileType = sourcecode.cpp.cpp; path = CNVHeader.cpp; sourceTree = "<group>"; };
		5006BA1A20E7E2C400E329C1 /* CNVHeader.hpp */ = {isa = PBXFileReference; fileEncoding = 4; lastKnownFileType = sourcecode.cpp.h; path = CNVHeader.hpp; sourceTree = "<group>"; };
		5006BA1B20E7E2C400E329C1 /* CNVMiniWindow.cpp */ = {isa = PBXFileReference; fileEncoding = 4; lastKnownFileType = sourcecode.cpp.cpp; path = CNVMiniWindow.cpp; sourceTree = "<group>"; };
		5006BA1C20E7E2C400E329C1 /* CNVMiniWindow.hpp */ = {isa = PBXFileReference; fileEncoding = 4; lastKnownFileType = sourcecode.cpp.h; path = CNVMiniWindow.hpp; sourceTree = "<group>"; };
		5006BA1D20E7E2C400E329C1 /* CNVWorld.cpp */ = {isa = PBXFileReference; fileEncoding = 4; lastKnownFileType = sourcecode.cpp.cpp; path = CNVWorld.cpp; sourceTree = "<group>"; };
		5006BA1E20E7E2C400E329C1 /* CNVWorld.hpp */ = {isa = PBXFileReference; fileEncoding = 4; lastKnownFileType = sourcecode.cpp.h; path = CNVWorld.hpp; sourceTree = "<group>"; };
		5006BA1F20E7E2C400E329C1 /* CNVWorldContainer.cpp */ = {isa = PBXFileReference; fileEncoding = 4; lastKnownFileType = sourcecode.cpp.cpp; path = CNVWorldContainer.cpp; sourceTree = "<group>"; };
		5006BA2020E7E2C400E329C1 /* CNVWorldContainer.hpp */ = {isa = PBXFileReference; fileEncoding = 4; lastKnownFileType = sourcecode.cpp.h; path = CNVWorldContainer.hpp; sourceTree = "<group>"; };
		5006BA2120E7E2C400E329C1 /* CNVWorldContainerContainer.cpp */ = {isa = PBXFileReference; fileEncoding = 4; lastKnownFileType = sourcecode.cpp.cpp; path = CNVWorldContainerContainer.cpp; sourceTree = "<group>"; };
		5006BA2220E7E2C400E329C1 /* CNVWorldContainerContainer.hpp */ = {isa = PBXFileReference; fileEncoding = 4; lastKnownFileType = sourcecode.cpp.h; path = CNVWorldContainerContainer.hpp; sourceTree = "<group>"; };
		50727E4D20D5600800B16079 /* Util_ScreenFrame.cpp */ = {isa = PBXFileReference; fileEncoding = 4; lastKnownFileType = sourcecode.cpp.cpp; path = Util_ScreenFrame.cpp; sourceTree = "<group>"; };
		50727E4E20D5600800B16079 /* Util_ScreenFrame.h */ = {isa = PBXFileReference; fileEncoding = 4; lastKnownFileType = sourcecode.c.h; path = Util_ScreenFrame.h; sourceTree = "<group>"; };
		5082481820EA96730081C541 /* FView.cpp */ = {isa = PBXFileReference; fileEncoding = 4; lastKnownFileType = sourcecode.cpp.cpp; path = FView.cpp; sourceTree = "<group>"; };
		5082481920EA96730081C541 /* FView.h */ = {isa = PBXFileReference; fileEncoding = 4; lastKnownFileType = sourcecode.c.h; path = FView.h; sourceTree = "<group>"; };
		5082481A20EA96730081C541 /* FViewAnimation.cpp */ = {isa = PBXFileReference; fileEncoding = 4; lastKnownFileType = sourcecode.cpp.cpp; path = FViewAnimation.cpp; sourceTree = "<group>"; };
		5082481B20EA96730081C541 /* FViewAnimation.h */ = {isa = PBXFileReference; fileEncoding = 4; lastKnownFileType = sourcecode.c.h; path = FViewAnimation.h; sourceTree = "<group>"; };
		5082481C20EA96730081C541 /* FViewContainer.cpp */ = {isa = PBXFileReference; fileEncoding = 4; lastKnownFileType = sourcecode.cpp.cpp; path = FViewContainer.cpp; sourceTree = "<group>"; };
		5082481D20EA96730081C541 /* FViewContainer.h */ = {isa = PBXFileReference; fileEncoding = 4; lastKnownFileType = sourcecode.c.h; path = FViewContainer.h; sourceTree = "<group>"; };
		5082481E20EA96730081C541 /* FViewController.cpp */ = {isa = PBXFileReference; fileEncoding = 4; lastKnownFileType = sourcecode.cpp.cpp; path = FViewController.cpp; sourceTree = "<group>"; };
		5082481F20EA96730081C541 /* FViewController.h */ = {isa = PBXFileReference; fileEncoding = 4; lastKnownFileType = sourcecode.c.h; path = FViewController.h; sourceTree = "<group>"; };
		5082482020EA96730081C541 /* FViewTransform.cpp */ = {isa = PBXFileReference; fileEncoding = 4; lastKnownFileType = sourcecode.cpp.cpp; path = FViewTransform.cpp; sourceTree = "<group>"; };
		5082482120EA96730081C541 /* FViewTransform.h */ = {isa = PBXFileReference; fileEncoding = 4; lastKnownFileType = sourcecode.c.h; path = FViewTransform.h; sourceTree = "<group>"; };
		5082482B20EAADCD0081C541 /* PGMainCanvas.cpp */ = {isa = PBXFileReference; lastKnownFileType = sourcecode.cpp.cpp; path = PGMainCanvas.cpp; sourceTree = "<group>"; };
		5082482C20EAADCD0081C541 /* PGMainCanvas.hpp */ = {isa = PBXFileReference; lastKnownFileType = sourcecode.cpp.h; path = PGMainCanvas.hpp; sourceTree = "<group>"; };
		5082482E20EAADE30081C541 /* PGMainToolbar.cpp */ = {isa = PBXFileReference; lastKnownFileType = sourcecode.cpp.cpp; path = PGMainToolbar.cpp; sourceTree = "<group>"; };
		5082482F20EAADE30081C541 /* PGMainToolbar.hpp */ = {isa = PBXFileReference; lastKnownFileType = sourcecode.cpp.h; path = PGMainToolbar.hpp; sourceTree = "<group>"; };
		5082483120EAAFB10081C541 /* FHashMap.cpp */ = {isa = PBXFileReference; lastKnownFileType = sourcecode.cpp.cpp; path = FHashMap.cpp; sourceTree = "<group>"; };
		5082483220EAAFB10081C541 /* FHashMap.hpp */ = {isa = PBXFileReference; lastKnownFileType = sourcecode.cpp.h; path = FHashMap.hpp; sourceTree = "<group>"; };
		5082483420EAC0730081C541 /* MouseTesterCanvas.cpp */ = {isa = PBXFileReference; lastKnownFileType = sourcecode.cpp.cpp; path = MouseTesterCanvas.cpp; sourceTree = "<group>"; };
		5082483520EAC0730081C541 /* MouseTesterCanvas.hpp */ = {isa = PBXFileReference; lastKnownFileType = sourcecode.cpp.h; path = MouseTesterCanvas.hpp; sourceTree = "<group>"; };
		5082483D20EAEA7F0081C541 /* FNotificationCenter.cpp */ = {isa = PBXFileReference; fileEncoding = 4; lastKnownFileType = sourcecode.cpp.cpp; path = FNotificationCenter.cpp; sourceTree = "<group>"; };
		5082483E20EAEA7F0081C541 /* FNotificationCenter.hpp */ = {isa = PBXFileReference; fileEncoding = 4; lastKnownFileType = sourcecode.cpp.h; path = FNotificationCenter.hpp; sourceTree = "<group>"; };
		5082484320EB103B0081C541 /* DragableCanvas.cpp */ = {isa = PBXFileReference; lastKnownFileType = sourcecode.cpp.cpp; path = DragableCanvas.cpp; sourceTree = "<group>"; };
		5082484420EB103B0081C541 /* DragableCanvas.hpp */ = {isa = PBXFileReference; lastKnownFileType = sourcecode.cpp.h; path = DragableCanvas.hpp; sourceTree = "<group>"; };
		50971B5920D4402800381FBD /* FWindow.cpp */ = {isa = PBXFileReference; fileEncoding = 4; lastKnownFileType = sourcecode.cpp.cpp; path = FWindow.cpp; sourceTree = "<group>"; };
		50971B5A20D4402800381FBD /* FWindow.hpp */ = {isa = PBXFileReference; fileEncoding = 4; lastKnownFileType = sourcecode.cpp.h; path = FWindow.hpp; sourceTree = "<group>"; };
		50971B5B20D4402800381FBD /* GLApp.cpp */ = {isa = PBXFileReference; fileEncoding = 4; lastKnownFileType = sourcecode.cpp.cpp; path = GLApp.cpp; sourceTree = "<group>"; };
		50971B5C20D4402800381FBD /* GLApp.h */ = {isa = PBXFileReference; fileEncoding = 4; lastKnownFileType = sourcecode.c.h; path = GLApp.h; sourceTree = "<group>"; };
		50971B5D20D4402800381FBD /* Grid.cpp */ = {isa = PBXFileReference; fileEncoding = 4; lastKnownFileType = sourcecode.cpp.cpp; path = Grid.cpp; sourceTree = "<group>"; };
		50971B5E20D4402800381FBD /* Grid.hpp */ = {isa = PBXFileReference; fileEncoding = 4; lastKnownFileType = sourcecode.cpp.h; path = Grid.hpp; sourceTree = "<group>"; };
		50971B5F20D4402800381FBD /* Tile.cpp */ = {isa = PBXFileReference; fileEncoding = 4; lastKnownFileType = sourcecode.cpp.cpp; path = Tile.cpp; sourceTree = "<group>"; };
		50971B6020D4402800381FBD /* Tile.hpp */ = {isa = PBXFileReference; fileEncoding = 4; lastKnownFileType = sourcecode.cpp.h; path = Tile.hpp; sourceTree = "<group>"; };
		50971B8A20D4480700381FBD /* FCanvas.cpp */ = {isa = PBXFileReference; lastKnownFileType = sourcecode.cpp.cpp; path = FCanvas.cpp; sourceTree = "<group>"; };
		50971B8B20D4480700381FBD /* FCanvas.hpp */ = {isa = PBXFileReference; lastKnownFileType = sourcecode.cpp.h; path = FCanvas.hpp; sourceTree = "<group>"; };
		50BB54D720EBAEA50000F79C /* ToolMenu.cpp */ = {isa = PBXFileReference; lastKnownFileType = sourcecode.cpp.cpp; path = ToolMenu.cpp; sourceTree = "<group>"; };
		50BB54D820EBAEA50000F79C /* ToolMenu.hpp */ = {isa = PBXFileReference; lastKnownFileType = sourcecode.cpp.h; path = ToolMenu.hpp; sourceTree = "<group>"; };
		50BB54DA20EBAEB30000F79C /* ToolMenuHeader.cpp */ = {isa = PBXFileReference; lastKnownFileType = sourcecode.cpp.cpp; path = ToolMenuHeader.cpp; sourceTree = "<group>"; };
		50BB54DB20EBAEB30000F79C /* ToolMenuHeader.hpp */ = {isa = PBXFileReference; lastKnownFileType = sourcecode.cpp.h; path = ToolMenuHeader.hpp; sourceTree = "<group>"; };
		50BB54DD20EBB12D0000F79C /* UIRoundedRect.cpp */ = {isa = PBXFileReference; lastKnownFileType = sourcecode.cpp.cpp; path = UIRoundedRect.cpp; sourceTree = "<group>"; };
		50BB54DE20EBB12D0000F79C /* UIRoundedRect.hpp */ = {isa = PBXFileReference; lastKnownFileType = sourcecode.cpp.h; path = UIRoundedRect.hpp; sourceTree = "<group>"; };
		50BB54E020EBDE6E0000F79C /* UIButton.cpp */ = {isa = PBXFileReference; lastKnownFileType = sourcecode.cpp.cpp; path = UIButton.cpp; sourceTree = "<group>"; };
		50BB54E120EBDE6E0000F79C /* UIButton.hpp */ = {isa = PBXFileReference; lastKnownFileType = sourcecode.cpp.h; path = UIButton.hpp; sourceTree = "<group>"; };
/* End PBXFileReference section */

/* Begin PBXFrameworksBuildPhase section */
		0D4D57861A82B6D10059E8D1 /* Frameworks */ = {
			isa = PBXFrameworksBuildPhase;
			buildActionMask = 2147483647;
			files = (
				0D4D57991A82B86E0059E8D1 /* Cocoa.framework in Frameworks */,
				0DD2ED851A85786B00EAC001 /* CoreFoundation.framework in Frameworks */,
				0DD2ED831A85783900EAC001 /* QuartzCore.framework in Frameworks */,
				0DD2ED801A85772700EAC001 /* AudioToolbox.framework in Frameworks */,
				0DD2ED811A85772700EAC001 /* AVFoundation.framework in Frameworks */,
				0D4F15F81A846B340064104F /* Foundation.framework in Frameworks */,
				0D4D5D6F1A83F15C0059E8D1 /* OpenAL.framework in Frameworks */,
				0D4D57971A82B8660059E8D1 /* GLUT.framework in Frameworks */,
				0D4D57951A82B8300059E8D1 /* OpenGL.framework in Frameworks */,
			);
			runOnlyForDeploymentPostprocessing = 0;
		};
/* End PBXFrameworksBuildPhase section */

/* Begin PBXGroup section */
		0D4D57801A82B6D10059E8D1 = {
			isa = PBXGroup;
			children = (
				50971B5620D4402800381FBD /* Classes */,
				0DA0B1141C54500C005C75B2 /* Framework [V] */,
				0D4D578B1A82B6D10059E8D1 /* DigMMMac */,
				0D4D578A1A82B6D10059E8D1 /* Products */,
			);
			sourceTree = "<group>";
		};
		0D4D578A1A82B6D10059E8D1 /* Products */ = {
			isa = PBXGroup;
			children = (
				0D4D57891A82B6D10059E8D1 /* DigMMMac */,
			);
			name = Products;
			sourceTree = "<group>";
		};
		0D4D578B1A82B6D10059E8D1 /* DigMMMac */ = {
			isa = PBXGroup;
			children = (
				0DD2ED841A85786B00EAC001 /* CoreFoundation.framework */,
				0DD2ED821A85783900EAC001 /* QuartzCore.framework */,
				0DD2ED7E1A85772700EAC001 /* AudioToolbox.framework */,
				0DD2ED7F1A85772700EAC001 /* AVFoundation.framework */,
				0D4F15F71A846B340064104F /* Foundation.framework */,
				0D4D5D6E1A83F15C0059E8D1 /* OpenAL.framework */,
				0D4D57981A82B86E0059E8D1 /* Cocoa.framework */,
				0D4D57961A82B8660059E8D1 /* GLUT.framework */,
				0D4D57941A82B82F0059E8D1 /* OpenGL.framework */,
				0D4D578C1A82B6D10059E8D1 /* main.cpp */,
			);
			path = DigMMMac;
			sourceTree = "<group>";
		};
		0DA0B1141C54500C005C75B2 /* Framework [V] */ = {
			isa = PBXGroup;
			children = (
				5082481720EA96730081C541 /* [Deprecated] */,
				0DA0B1151C54500C005C75B2 /* [C++ Core] */,
				0DA0B1981C54500C005C75B2 /* [Mac] */,
			);
			name = "Framework [V]";
			path = "../Framework [V]";
			sourceTree = "<group>";
		};
		0DA0B1151C54500C005C75B2 /* [C++ Core] */ = {
			isa = PBXGroup;
			children = (
				0DA0B1161C54500C005C75B2 /* core_app_shell.cpp */,
				0DA0B1171C54500C005C75B2 /* core_app_shell.h */,
				0DA0B1181C54500C005C75B2 /* core_graphics.cpp */,
				0DA0B1191C54500C005C75B2 /* core_graphics.h */,
				0DA0B11A1C54500C005C75B2 /* core_includes.h */,
				0DA0B11B1C54500C005C75B2 /* core_social.cpp */,
				0DA0B11C1C54500C005C75B2 /* core_social.h */,
				0DA0B11D1C54500C005C75B2 /* core_web.cpp */,
				0DA0B11E1C54500C005C75B2 /* core_web.h */,
				0DA0B11F1C54500C005C75B2 /* FAchievement.cpp */,
				0DA0B1201C54500C005C75B2 /* FAchievement.h */,
				0DA0B1211C54500C005C75B2 /* FAnimation.cpp */,
				0DA0B1221C54500C005C75B2 /* FAnimation.h */,
				0DA0B1231C54500C005C75B2 /* FApp.cpp */,
				0DA0B1241C54500C005C75B2 /* FApp.h */,
				0DA0B1251C54500C005C75B2 /* FButton.cpp */,
				0DA0B1261C54500C005C75B2 /* FButton.h */,
				0DA0B1271C54500C005C75B2 /* FColor.cpp */,
				0DA0B1281C54500C005C75B2 /* FColor.h */,
				0DA0B1291C54500C005C75B2 /* FDrawQuad.cpp */,
				0DA0B12A1C54500C005C75B2 /* FDrawQuad.h */,
				0DA0B12B1C54500C005C75B2 /* FFile.cpp */,
				0DA0B12C1C54500C005C75B2 /* FFile.h */,
				0DA0B12D1C54500C005C75B2 /* FFloatList.cpp */,
				0DA0B12E1C54500C005C75B2 /* FFloatList.h */,
				0DA0B12F1C54500C005C75B2 /* FFont.cpp */,
				0DA0B1301C54500C005C75B2 /* FFont.h */,
				0DA0B1311C54500C005C75B2 /* FGestureView.cpp */,
				0DA0B1321C54500C005C75B2 /* FGestureView.h */,
				0DA0B1331C54500C005C75B2 /* FHashTable.cpp */,
				0DA0B1341C54500C005C75B2 /* FHashTable.hpp */,
				0DA0B1351C54500C005C75B2 /* FImage.cpp */,
				0DA0B1361C54500C005C75B2 /* FImage.h */,
				0DA0B1371C54500C005C75B2 /* FImageBundler.cpp */,
				0DA0B1381C54500C005C75B2 /* FImageBundler.h */,
				0DA0B1391C54500C005C75B2 /* FIndexList.cpp */,
				0DA0B13A1C54500C005C75B2 /* FIndexList.h */,
				0DA0B13B1C54500C005C75B2 /* FInterp.cpp */,
				0DA0B13C1C54500C005C75B2 /* FInterp.h */,
				0DA0B13D1C54500C005C75B2 /* FJoystick.cpp */,
				0DA0B13E1C54500C005C75B2 /* FJoystick.h */,
				0DA0B13F1C54500C005C75B2 /* FLine.cpp */,
				0DA0B1401C54500C005C75B2 /* FLine.h */,
				0DA0B1411C54500C005C75B2 /* FList.cpp */,
				0DA0B1421C54500C005C75B2 /* FList.h */,
				0DA0B1431C54500C005C75B2 /* FMath.cpp */,
				0DA0B1441C54500C005C75B2 /* FMath.h */,
				0DA0B1451C54500C005C75B2 /* FMatrix.cpp */,
				0DA0B1461C54500C005C75B2 /* FMatrix.h */,
				0DA0B1471C54500C005C75B2 /* FModelData.cpp */,
				0DA0B1481C54500C005C75B2 /* FModelData.h */,
				0DA0B1491C54500C005C75B2 /* FModelDataSequence.cpp */,
				0DA0B14A1C54500C005C75B2 /* FModelDataSequence.h */,
				0DA0B14B1C54500C005C75B2 /* FMotionObject.cpp */,
				0DA0B14C1C54500C005C75B2 /* FMotionObject.h */,
				0DA0B14D1C54500C005C75B2 /* FObject.cpp */,
				0DA0B14E1C54500C005C75B2 /* FObject.h */,
				0DA0B14F1C54500C005C75B2 /* FParticle.cpp */,
				0DA0B1501C54500C005C75B2 /* FParticle.h */,
				0DA0B1511C54500C005C75B2 /* FPoint.cpp */,
				0DA0B1521C54500C005C75B2 /* FPoint.h */,
				0DA0B1531C54500C005C75B2 /* FPointList.cpp */,
				0DA0B1541C54500C005C75B2 /* FPointList.h */,
				0DA0B1551C54500C005C75B2 /* FPolyPath.cpp */,
				0DA0B1561C54500C005C75B2 /* FPolyPath.h */,
				0DA0B1571C54500C005C75B2 /* FPrimitive.cpp */,
				0DA0B1581C54500C005C75B2 /* FPrimitive.h */,
				0DA0B1591C54500C005C75B2 /* FQuad.cpp */,
				0DA0B15A1C54500C005C75B2 /* FQuad.h */,
				0DA0B15B1C54500C005C75B2 /* FRandomizer.cpp */,
				0DA0B15C1C54500C005C75B2 /* FRandomizer.h */,
				0DA0B15D1C54500C005C75B2 /* FRect.cpp */,
				0DA0B15E1C54500C005C75B2 /* FRect.h */,
				0DA0B15F1C54500C005C75B2 /* FResource.cpp */,
				0DA0B1601C54500C005C75B2 /* FResource.h */,
				0DA0B1611C54500C005C75B2 /* FScrollView.cpp */,
				0DA0B1621C54500C005C75B2 /* FScrollView.h */,
				0DA0B1631C54500C005C75B2 /* FScrollViewPaged.cpp */,
				0DA0B1641C54500C005C75B2 /* FScrollViewPaged.h */,
				0DA0B1651C54500C005C75B2 /* FSlider.cpp */,
				0DA0B1661C54500C005C75B2 /* FSlider.h */,
				0DA0B1671C54500C005C75B2 /* FSound.cpp */,
				0DA0B1681C54500C005C75B2 /* FSound.h */,
				0DA0B1691C54500C005C75B2 /* FSpline.cpp */,
				0DA0B16A1C54500C005C75B2 /* FSpline.h */,
				0DA0B16B1C54500C005C75B2 /* FSprite.cpp */,
				0DA0B16C1C54500C005C75B2 /* FSprite.h */,
				0DA0B16D1C54500C005C75B2 /* FSpriteSequence.cpp */,
				0DA0B16E1C54500C005C75B2 /* FSpriteSequence.h */,
				0DA0B16F1C54500C005C75B2 /* FString.cpp */,
				0DA0B1701C54500C005C75B2 /* FString.h */,
				0DA0B1711C54500C005C75B2 /* FStringBuffer.cpp */,
				0DA0B1721C54500C005C75B2 /* FStringBuffer.h */,
				0DA0B1731C54500C005C75B2 /* FTexture.cpp */,
				0DA0B1741C54500C005C75B2 /* FTexture.h */,
				0DA0B1751C54500C005C75B2 /* FTextureCache.cpp */,
				0DA0B1761C54500C005C75B2 /* FTextureCache.h */,
				0DA0B1771C54500C005C75B2 /* FTouchManager.cpp */,
				0DA0B1781C54500C005C75B2 /* FTouchManager.h */,
				0DA0B1791C54500C005C75B2 /* FVec2.cpp */,
				0DA0B17A1C54500C005C75B2 /* FVec2.h */,
				0DA0B17B1C54500C005C75B2 /* FVec3.cpp */,
				0DA0B17C1C54500C005C75B2 /* FVec3.h */,
				0DA0B17D1C54500C005C75B2 /* FVertexBuffer.cpp */,
				0DA0B17E1C54500C005C75B2 /* FVertexBuffer.h */,
				0DA0B1891C54500C005C75B2 /* FXML.cpp */,
				0DA0B18A1C54500C005C75B2 /* FXML.h */,
			);
			path = "[C++ Core]";
			sourceTree = "<group>";
		};
		0DA0B1981C54500C005C75B2 /* [Mac] */ = {
			isa = PBXGroup;
			children = (
				0DA0B1991C54500C005C75B2 /* os_core_app_shell.h */,
				0DA0B19A1C54500C005C75B2 /* os_core_app_shell_mac.mm */,
				0DA0B19B1C54500C005C75B2 /* os_core_includes.cpp */,
				0DA0B19C1C54500C005C75B2 /* os_core_includes.h */,
				0DA0B19D1C54500C005C75B2 /* os_core_outlets.h */,
				0DA0B19E1C54500C005C75B2 /* os_core_outlets_mac.mm */,
				0DA0B19F1C54500C005C75B2 /* os_core_social.cpp */,
				0DA0B1A01C54500C005C75B2 /* os_core_social.h */,
				0DA0B1A11C54500C005C75B2 /* os_core_sound.h */,
				0DA0B1A21C54500C005C75B2 /* os_core_sound_mac.mm */,
				0DA0B1A31C54500C005C75B2 /* os_core_web.cpp */,
				0DA0B1A41C54500C005C75B2 /* os_core_web.h */,
				0DA0B1A51C54500C005C75B2 /* OSInputGrabber.h */,
				0DA0B1A61C54500C005C75B2 /* OSInputGrabber.mm */,
				0DA0B1A71C54500C005C75B2 /* OSMusicPlayer.h */,
				0DA0B1A81C54500C005C75B2 /* OSMusicPlayer.mm */,
			);
			path = "[Mac]";
			sourceTree = "<group>";
		};
		0DD70E3F20DF039B00295D84 /* Utils (Remove) */ = {
			isa = PBXGroup;
			children = (
				0DD70E4020DF039B00295D84 /* UMainCanvas.h */,
				0DD70E4120DF039B00295D84 /* UI Elements */,
				0DD70E4F20DF039B00295D84 /* FMotionKey.cpp */,
				0DD70E5020DF039B00295D84 /* UMainToolbar.h */,
				0DD70E5120DF039B00295D84 /* UPathMaker.h */,
				0DD70E5220DF039B00295D84 /* FParticleSource.cpp */,
				0DD70E5320DF039B00295D84 /* UPathMaker.cpp */,
				0DD70E5420DF039B00295D84 /* FMotionPath.cpp */,
				0DD70E5520DF039B00295D84 /* UMainCanvasOverlays.cpp */,
				0DD70E5620DF039B00295D84 /* FMotionKeySequence.cpp */,
				0DD70E5720DF039B00295D84 /* UNode.h */,
				0DD70E5820DF039B00295D84 /* UMainCanvas.cpp */,
				0DD70E5920DF039B00295D84 /* FParticleSource.h */,
				0DD70E5A20DF039B00295D84 /* UNode.cpp */,
				0DD70E5B20DF039B00295D84 /* UMainCanvasOverlays.h */,
				0DD70E5C20DF039B00295D84 /* FParticleTemplate.h */,
				0DD70E5D20DF039B00295D84 /* UMainWorkspace.cpp */,
				0DD70E5E20DF039B00295D84 /* [Editor Menus] */,
				0DD70E6F20DF039B00295D84 /* FMotionKey.h */,
				0DD70E7020DF039B00295D84 /* FMotionKeySequence.h */,
				0DD70E7120DF039B00295D84 /* UMainToolbar.cpp */,
				0DD70E7220DF039B00295D84 /* FParticleTemplate.cpp */,
				0DD70E7320DF039B00295D84 /* FMotionPath.h */,
				0DD70E7420DF039B00295D84 /* UMainWorkspace.h */,
			);
			path = "Utils (Remove)";
			sourceTree = "<group>";
		};
		0DD70E4120DF039B00295D84 /* UI Elements */ = {
			isa = PBXGroup;
			children = (
				0DD70E4220DF039B00295D84 /* UValuePicker.cpp */,
				0DD70E4320DF039B00295D84 /* UMenuStyleExtended.cpp */,
				0DD70E4520DF039B00295D84 /* Image Picker */,
				0DD70E4A20DF039B00295D84 /* UMenu.cpp */,
				0DD70E4B20DF039B00295D84 /* UMenu.h */,
				0DD70E4C20DF039B00295D84 /* UValuePicker.h */,
				0DD70E4D20DF039B00295D84 /* UMenuStyleExtended.h */,
				0DD70E4420DF039B00295D84 /* UMenuStyle.h */,
				0DD70E4E20DF039B00295D84 /* UMenuStyle.cpp */,
			);
			path = "UI Elements";
			sourceTree = "<group>";
		};
		0DD70E4520DF039B00295D84 /* Image Picker */ = {
			isa = PBXGroup;
			children = (
				0DD70E4620DF039B00295D84 /* UImagePicker.cpp */,
				0DD70E4720DF039B00295D84 /* UImagePicker.h */,
				0DD70E4820DF039B00295D84 /* UImageCell.h */,
				0DD70E4920DF039B00295D84 /* UImageCell.cpp */,
			);
			path = "Image Picker";
			sourceTree = "<group>";
		};
		0DD70E5E20DF039B00295D84 /* [Editor Menus] */ = {
			isa = PBXGroup;
			children = (
				0DD70E5F20DF039B00295D84 /* UParticleEditorMenu.cpp */,
				0DD70E6020DF039B00295D84 /* UTimelineEditorMenu.cpp */,
				0DD70E6120DF039B00295D84 /* UParentPane.h */,
				0DD70E6220DF039B00295D84 /* UTransformMenu.cpp */,
				0DD70E6320DF039B00295D84 /* UNodeEditorMenu.cpp */,
				0DD70E6420DF039B00295D84 /* UTimelineKey.h */,
				0DD70E6520DF039B00295D84 /* UParentPane.cpp */,
				0DD70E6620DF039B00295D84 /* UTimelineKey.cpp */,
				0DD70E6720DF039B00295D84 /* UNodeMotionPanel.cpp */,
				0DD70E6820DF039B00295D84 /* UTransformMenu.h */,
				0DD70E6920DF039B00295D84 /* UCanvasPane.cpp */,
				0DD70E6A20DF039B00295D84 /* UNodeEditorMenu.h */,
				0DD70E6B20DF039B00295D84 /* UCanvasPane.h */,
				0DD70E6C20DF039B00295D84 /* UTimelineEditorMenu.h */,
				0DD70E6D20DF039B00295D84 /* UNodeMotionPanel.h */,
				0DD70E6E20DF039B00295D84 /* UParticleEditorMenu.h */,
			);
			path = "[Editor Menus]";
			sourceTree = "<group>";
		};
		5006BA0820E7E2C400E329C1 /* Test Canvas */ = {
			isa = PBXGroup;
			children = (
				5006BA2120E7E2C400E329C1 /* CNVWorldContainerContainer.cpp */,
				5006BA2220E7E2C400E329C1 /* CNVWorldContainerContainer.hpp */,
				5006BA1F20E7E2C400E329C1 /* CNVWorldContainer.cpp */,
				5006BA2020E7E2C400E329C1 /* CNVWorldContainer.hpp */,
				5006BA1D20E7E2C400E329C1 /* CNVWorld.cpp */,
				5006BA1E20E7E2C400E329C1 /* CNVWorld.hpp */,
				5006BA0920E7E2C400E329C1 /* CNVBadge.cpp */,
				5006BA0A20E7E2C400E329C1 /* CNVBadge.hpp */,
				5006BA0B20E7E2C400E329C1 /* CNVBadgeDecor1.cpp */,
				5006BA0C20E7E2C400E329C1 /* CNVBadgeDecor1.hpp */,
				5006BA0D20E7E2C400E329C1 /* CNVBadgeDecor2.cpp */,
				5006BA0E20E7E2C400E329C1 /* CNVBadgeDecor2.hpp */,
				5006BA0F20E7E2C400E329C1 /* CNVBadgeDecor3.cpp */,
				5006BA1020E7E2C400E329C1 /* CNVBadgeDecor3.hpp */,
				5006BA1120E7E2C400E329C1 /* CNVBadgeDecor4.cpp */,
				5006BA1220E7E2C400E329C1 /* CNVBadgeDecor4.hpp */,
				5006BA1320E7E2C400E329C1 /* CNVBoard.cpp */,
				5006BA1420E7E2C400E329C1 /* CNVBoard.hpp */,
				5006BA1520E7E2C400E329C1 /* CNVFooter.cpp */,
				5006BA1620E7E2C400E329C1 /* CNVFooter.hpp */,
				5006BA1720E7E2C400E329C1 /* CNVGame.cpp */,
				5006BA1820E7E2C400E329C1 /* CNVGame.hpp */,
				5006BA1920E7E2C400E329C1 /* CNVHeader.cpp */,
				5006BA1A20E7E2C400E329C1 /* CNVHeader.hpp */,
				5006BA1B20E7E2C400E329C1 /* CNVMiniWindow.cpp */,
				5006BA1C20E7E2C400E329C1 /* CNVMiniWindow.hpp */,
			);
			path = "Test Canvas";
			sourceTree = "<group>";
		};
		5082481720EA96730081C541 /* [Deprecated] */ = {
			isa = PBXGroup;
			children = (
				5082481820EA96730081C541 /* FView.cpp */,
				5082481920EA96730081C541 /* FView.h */,
				5082481A20EA96730081C541 /* FViewAnimation.cpp */,
				5082481B20EA96730081C541 /* FViewAnimation.h */,
				5082481C20EA96730081C541 /* FViewContainer.cpp */,
				5082481D20EA96730081C541 /* FViewContainer.h */,
				5082481E20EA96730081C541 /* FViewController.cpp */,
				5082481F20EA96730081C541 /* FViewController.h */,
				5082482020EA96730081C541 /* FViewTransform.cpp */,
				5082482120EA96730081C541 /* FViewTransform.h */,
			);
			path = "[Deprecated]";
			sourceTree = "<group>";
		};
		5082482A20EAADA20081C541 /* [[Playground]] */ = {
			isa = PBXGroup;
			children = (
				5082482B20EAADCD0081C541 /* PGMainCanvas.cpp */,
				5082482C20EAADCD0081C541 /* PGMainCanvas.hpp */,
				5082482E20EAADE30081C541 /* PGMainToolbar.cpp */,
				5082482F20EAADE30081C541 /* PGMainToolbar.hpp */,
				5082484320EB103B0081C541 /* DragableCanvas.cpp */,
				5082484420EB103B0081C541 /* DragableCanvas.hpp */,
				50BB54D720EBAEA50000F79C /* ToolMenu.cpp */,
				50BB54D820EBAEA50000F79C /* ToolMenu.hpp */,
				50BB54DA20EBAEB30000F79C /* ToolMenuHeader.cpp */,
				50BB54DB20EBAEB30000F79C /* ToolMenuHeader.hpp */,
				50BB54DD20EBB12D0000F79C /* UIRoundedRect.cpp */,
				50BB54DE20EBB12D0000F79C /* UIRoundedRect.hpp */,
				50BB54E020EBDE6E0000F79C /* UIButton.cpp */,
				50BB54E120EBDE6E0000F79C /* UIButton.hpp */,
			);
			path = "[[Playground]]";
			sourceTree = "<group>";
		};
		50971B5620D4402800381FBD /* Classes */ = {
			isa = PBXGroup;
			children = (
				5082482A20EAADA20081C541 /* [[Playground]] */,
				5006BA0820E7E2C400E329C1 /* Test Canvas */,
				50971B5920D4402800381FBD /* FWindow.cpp */,
				50971B5A20D4402800381FBD /* FWindow.hpp */,
				5082483D20EAEA7F0081C541 /* FNotificationCenter.cpp */,
				5082483E20EAEA7F0081C541 /* FNotificationCenter.hpp */,
				50971B8A20D4480700381FBD /* FCanvas.cpp */,
				50971B8B20D4480700381FBD /* FCanvas.hpp */,
				0DD70E3F20DF039B00295D84 /* Utils (Remove) */,
				50727E4D20D5600800B16079 /* Util_ScreenFrame.cpp */,
				50727E4E20D5600800B16079 /* Util_ScreenFrame.h */,
				50971B5B20D4402800381FBD /* GLApp.cpp */,
				50971B5C20D4402800381FBD /* GLApp.h */,
				50971B5D20D4402800381FBD /* Grid.cpp */,
				50971B5E20D4402800381FBD /* Grid.hpp */,
				50971B5F20D4402800381FBD /* Tile.cpp */,
				50971B6020D4402800381FBD /* Tile.hpp */,
				5082483120EAAFB10081C541 /* FHashMap.cpp */,
				5082483220EAAFB10081C541 /* FHashMap.hpp */,
				5082483420EAC0730081C541 /* MouseTesterCanvas.cpp */,
				5082483520EAC0730081C541 /* MouseTesterCanvas.hpp */,
			);
			path = Classes;
			sourceTree = "<group>";
		};
/* End PBXGroup section */

/* Begin PBXNativeTarget section */
		0D4D57881A82B6D10059E8D1 /* DigMMMac */ = {
			isa = PBXNativeTarget;
			buildConfigurationList = 0D4D57901A82B6D10059E8D1 /* Build configuration list for PBXNativeTarget "DigMMMac" */;
			buildPhases = (
				0D4D57851A82B6D10059E8D1 /* Sources */,
				0D4D57861A82B6D10059E8D1 /* Frameworks */,
				0D4D57871A82B6D10059E8D1 /* CopyFiles */,
			);
			buildRules = (
			);
			dependencies = (
			);
			name = DigMMMac;
			productName = DigMMMac;
			productReference = 0D4D57891A82B6D10059E8D1 /* DigMMMac */;
			productType = "com.apple.product-type.tool";
		};
/* End PBXNativeTarget section */

/* Begin PBXProject section */
		0D4D57811A82B6D10059E8D1 /* Project object */ = {
			isa = PBXProject;
			attributes = {
				LastUpgradeCheck = 0610;
				ORGANIZATIONNAME = "Darkswarm LLC";
				TargetAttributes = {
					0D4D57881A82B6D10059E8D1 = {
						CreatedOnToolsVersion = 6.1.1;
					};
				};
			};
			buildConfigurationList = 0D4D57841A82B6D10059E8D1 /* Build configuration list for PBXProject "DigMMMac" */;
			compatibilityVersion = "Xcode 3.2";
			developmentRegion = English;
			hasScannedForEncodings = 0;
			knownRegions = (
				en,
			);
			mainGroup = 0D4D57801A82B6D10059E8D1;
			productRefGroup = 0D4D578A1A82B6D10059E8D1 /* Products */;
			projectDirPath = "";
			projectRoot = "";
			targets = (
				0D4D57881A82B6D10059E8D1 /* DigMMMac */,
			);
		};
/* End PBXProject section */

/* Begin PBXSourcesBuildPhase section */
		0D4D57851A82B6D10059E8D1 /* Sources */ = {
			isa = PBXSourcesBuildPhase;
			buildActionMask = 2147483647;
			files = (
				5006BA3220E7E2C400E329C1 /* CNVBadgeDecor2.cpp in Sources */,
				0DA0B1EE1C54500C005C75B2 /* FVertexBuffer.cpp in Sources */,
				50BB54E220EBDE6E0000F79C /* UIButton.cpp in Sources */,
				0DA0B1E21C54500C005C75B2 /* FSlider.cpp in Sources */,
				0DA0B1C01C54500C005C75B2 /* FAnimation.cpp in Sources */,
				0DA0B1CE1C54500C005C75B2 /* FJoystick.cpp in Sources */,
				0DA0B1C31C54500C005C75B2 /* FColor.cpp in Sources */,
				0DD70E7520DF039B00295D84 /* UValuePicker.cpp in Sources */,
				5006BA3720E7E2C400E329C1 /* CNVGame.cpp in Sources */,
				0DA0B1FE1C54500C005C75B2 /* os_core_social.cpp in Sources */,
				0DA0B2011C54500C005C75B2 /* OSInputGrabber.mm in Sources */,
				50727E4F20D5600800B16079 /* Util_ScreenFrame.cpp in Sources */,
				0DD70E8C20DF039B00295D84 /* UMainToolbar.cpp in Sources */,
				0DA0B1C21C54500C005C75B2 /* FButton.cpp in Sources */,
				0DA0B1E11C54500C005C75B2 /* FScrollViewPaged.cpp in Sources */,
				0DA0B1BB1C54500C005C75B2 /* core_app_shell.cpp in Sources */,
				0DA0B1E31C54500C005C75B2 /* FSound.cpp in Sources */,
				0DA0B1EA1C54500C005C75B2 /* FTextureCache.cpp in Sources */,
				0DA0B1C61C54500C005C75B2 /* FFloatList.cpp in Sources */,
				0DD70E8720DF039B00295D84 /* UNodeEditorMenu.cpp in Sources */,
				0DA0B1DC1C54500C005C75B2 /* FQuad.cpp in Sources */,
				0DA0B1EC1C54500C005C75B2 /* FVec2.cpp in Sources */,
				0DD70E8520DF039B00295D84 /* UTimelineEditorMenu.cpp in Sources */,
				0DD70E8420DF039B00295D84 /* UParticleEditorMenu.cpp in Sources */,
				0DD70E8320DF039B00295D84 /* UMainWorkspace.cpp in Sources */,
				0DA0B1CB1C54500C005C75B2 /* FImageBundler.cpp in Sources */,
				0DA0B1FD1C54500C005C75B2 /* os_core_outlets_mac.mm in Sources */,
				0DD70E7C20DF039B00295D84 /* FParticleSource.cpp in Sources */,
				50971B6320D4402800381FBD /* GLApp.cpp in Sources */,
				50971B6420D4402800381FBD /* Grid.cpp in Sources */,
				5006BA3820E7E2C400E329C1 /* CNVHeader.cpp in Sources */,
				0DA0B1BD1C54500C005C75B2 /* core_social.cpp in Sources */,
				0DD70E8920DF039B00295D84 /* UTimelineKey.cpp in Sources */,
				0DA0B1C81C54500C005C75B2 /* FGestureView.cpp in Sources */,
				0DD70E7E20DF039B00295D84 /* FMotionPath.cpp in Sources */,
				0DA0B1CF1C54500C005C75B2 /* FLine.cpp in Sources */,
				0DD70E8B20DF039B00295D84 /* UCanvasPane.cpp in Sources */,
				0DD70E8120DF039B00295D84 /* UMainCanvas.cpp in Sources */,
				5006BA3620E7E2C400E329C1 /* CNVFooter.cpp in Sources */,
				0DA0B1C91C54500C005C75B2 /* FHashTable.cpp in Sources */,
				0DA0B1F41C54500C005C75B2 /* FXML.cpp in Sources */,
				5082482220EA96730081C541 /* FView.cpp in Sources */,
				0DA0B2021C54500C005C75B2 /* OSMusicPlayer.mm in Sources */,
				5006BA3120E7E2C400E329C1 /* CNVBadgeDecor1.cpp in Sources */,
				0DA0B1DA1C54500C005C75B2 /* FPolyPath.cpp in Sources */,
				0DA0B1FB1C54500C005C75B2 /* os_core_app_shell_mac.mm in Sources */,
				0DA0B1E01C54500C005C75B2 /* FScrollView.cpp in Sources */,
				0DA0B1BE1C54500C005C75B2 /* core_web.cpp in Sources */,
				5082482320EA96730081C541 /* FViewAnimation.cpp in Sources */,
				0DD70E7F20DF039B00295D84 /* UMainCanvasOverlays.cpp in Sources */,
				50971B6220D4402800381FBD /* FWindow.cpp in Sources */,
				0DA0B1D31C54500C005C75B2 /* FModelData.cpp in Sources */,
				0DA0B1D71C54500C005C75B2 /* FParticle.cpp in Sources */,
				0DD70E7720DF039B00295D84 /* UImagePicker.cpp in Sources */,
				0DA0B1C51C54500C005C75B2 /* FFile.cpp in Sources */,
				0DD70E8D20DF039B00295D84 /* FParticleTemplate.cpp in Sources */,
				0DA0B2001C54500C005C75B2 /* os_core_web.cpp in Sources */,
				5006BA3C20E7E2C400E329C1 /* CNVWorldContainerContainer.cpp in Sources */,
				0DA0B1CD1C54500C005C75B2 /* FInterp.cpp in Sources */,
				0DA0B1C11C54500C005C75B2 /* FApp.cpp in Sources */,
				0DA0B1E61C54500C005C75B2 /* FSpriteSequence.cpp in Sources */,
				0DA0B1E81C54500C005C75B2 /* FStringBuffer.cpp in Sources */,
				0DA0B1E51C54500C005C75B2 /* FSprite.cpp in Sources */,
				0DA0B1E41C54500C005C75B2 /* FSpline.cpp in Sources */,
				0DA0B1D81C54500C005C75B2 /* FPoint.cpp in Sources */,
				5082482420EA96730081C541 /* FViewContainer.cpp in Sources */,
				0DA0B1C41C54500C005C75B2 /* FDrawQuad.cpp in Sources */,
				5082482520EA96730081C541 /* FViewController.cpp in Sources */,
				0DA0B1E71C54500C005C75B2 /* FString.cpp in Sources */,
				0DD70E8820DF039B00295D84 /* UParentPane.cpp in Sources */,
				0DA0B1DE1C54500C005C75B2 /* FRect.cpp in Sources */,
				0DD70E7D20DF039B00295D84 /* UPathMaker.cpp in Sources */,
				0DA0B1FC1C54500C005C75B2 /* os_core_includes.cpp in Sources */,
				50971B8C20D4480700381FBD /* FCanvas.cpp in Sources */,
				0DA0B1DF1C54500C005C75B2 /* FResource.cpp in Sources */,
				0DD70E7A20DF039B00295D84 /* UMenuStyle.cpp in Sources */,
				0DD70E7B20DF039B00295D84 /* FMotionKey.cpp in Sources */,
				5006BA3420E7E2C400E329C1 /* CNVBadgeDecor4.cpp in Sources */,
				50BB54D920EBAEA50000F79C /* ToolMenu.cpp in Sources */,
				0DA0B1E91C54500C005C75B2 /* FTexture.cpp in Sources */,
				0DD70E7920DF039B00295D84 /* UMenu.cpp in Sources */,
				0DA0B1CA1C54500C005C75B2 /* FImage.cpp in Sources */,
				50BB54DF20EBB12D0000F79C /* UIRoundedRect.cpp in Sources */,
				0DD70E8220DF039B00295D84 /* UNode.cpp in Sources */,
				5082482D20EAADCD0081C541 /* PGMainCanvas.cpp in Sources */,
				5006BA3520E7E2C400E329C1 /* CNVBoard.cpp in Sources */,
				0DA0B1FF1C54500C005C75B2 /* os_core_sound_mac.mm in Sources */,
				0DD70E8A20DF039B00295D84 /* UNodeMotionPanel.cpp in Sources */,
				0DA0B1D11C54500C005C75B2 /* FMath.cpp in Sources */,
				0DA0B1D91C54500C005C75B2 /* FPointList.cpp in Sources */,
				0DA0B1ED1C54500C005C75B2 /* FVec3.cpp in Sources */,
				5082482620EA96730081C541 /* FViewTransform.cpp in Sources */,
				5082483620EAC0730081C541 /* MouseTesterCanvas.cpp in Sources */,
				5006BA3B20E7E2C400E329C1 /* CNVWorldContainer.cpp in Sources */,
				5082484520EB103B0081C541 /* DragableCanvas.cpp in Sources */,
				5006BA3920E7E2C400E329C1 /* CNVMiniWindow.cpp in Sources */,
				50BB54DC20EBAEB30000F79C /* ToolMenuHeader.cpp in Sources */,
				5006BA3020E7E2C400E329C1 /* CNVBadge.cpp in Sources */,
				0DA0B1BC1C54500C005C75B2 /* core_graphics.cpp in Sources */,
				5006BA3320E7E2C400E329C1 /* CNVBadgeDecor3.cpp in Sources */,
				0DA0B1CC1C54500C005C75B2 /* FIndexList.cpp in Sources */,
				0DA0B1D51C54500C005C75B2 /* FMotionObject.cpp in Sources */,
				0DA0B1BF1C54500C005C75B2 /* FAchievement.cpp in Sources */,
				0DA0B1EB1C54500C005C75B2 /* FTouchManager.cpp in Sources */,
				50971B6520D4402800381FBD /* Tile.cpp in Sources */,
				5082483020EAADE30081C541 /* PGMainToolbar.cpp in Sources */,
				0DA0B1DB1C54500C005C75B2 /* FPrimitive.cpp in Sources */,
				5082483320EAAFB10081C541 /* FHashMap.cpp in Sources */,
				0DA0B1D41C54500C005C75B2 /* FModelDataSequence.cpp in Sources */,
				5006BA3A20E7E2C400E329C1 /* CNVWorld.cpp in Sources */,
				0DD70E8020DF039B00295D84 /* FMotionKeySequence.cpp in Sources */,
				0DD70E7820DF039B00295D84 /* UImageCell.cpp in Sources */,
				0DA0B1D61C54500C005C75B2 /* FObject.cpp in Sources */,
				5082483F20EAEA800081C541 /* FNotificationCenter.cpp in Sources */,
				0DD70E7620DF039B00295D84 /* UMenuStyleExtended.cpp in Sources */,
				0DA0B1C71C54500C005C75B2 /* FFont.cpp in Sources */,
				0DA0B1D01C54500C005C75B2 /* FList.cpp in Sources */,
				0DD70E8620DF039B00295D84 /* UTransformMenu.cpp in Sources */,
				0DA0B1D21C54500C005C75B2 /* FMatrix.cpp in Sources */,
				0DA0B1DD1C54500C005C75B2 /* FRandomizer.cpp in Sources */,
				0D4D578D1A82B6D10059E8D1 /* main.cpp in Sources */,
			);
			runOnlyForDeploymentPostprocessing = 0;
		};
/* End PBXSourcesBuildPhase section */

/* Begin XCBuildConfiguration section */
		0D4D578E1A82B6D10059E8D1 /* Debug */ = {
			isa = XCBuildConfiguration;
			buildSettings = {
				ALWAYS_SEARCH_USER_PATHS = NO;
				CLANG_CXX_LANGUAGE_STANDARD = "gnu++0x";
				CLANG_CXX_LIBRARY = "libc++";
				CLANG_ENABLE_MODULES = YES;
				CLANG_ENABLE_OBJC_ARC = YES;
				CLANG_WARN_BOOL_CONVERSION = YES;
				CLANG_WARN_CONSTANT_CONVERSION = YES;
				CLANG_WARN_DIRECT_OBJC_ISA_USAGE = YES_ERROR;
				CLANG_WARN_EMPTY_BODY = YES;
				CLANG_WARN_ENUM_CONVERSION = YES;
				CLANG_WARN_INT_CONVERSION = YES;
				CLANG_WARN_OBJC_ROOT_CLASS = YES_ERROR;
				CLANG_WARN_UNREACHABLE_CODE = YES;
				CLANG_WARN__DUPLICATE_METHOD_MATCH = YES;
				COPY_PHASE_STRIP = NO;
				ENABLE_STRICT_OBJC_MSGSEND = YES;
				GCC_C_LANGUAGE_STANDARD = gnu99;
				GCC_DYNAMIC_NO_PIC = NO;
				GCC_OPTIMIZATION_LEVEL = 0;
				GCC_PREPROCESSOR_DEFINITIONS = (
					"DEBUG=1",
					"$(inherited)",
				);
				GCC_SYMBOLS_PRIVATE_EXTERN = NO;
				GCC_WARN_64_TO_32_BIT_CONVERSION = YES;
				GCC_WARN_ABOUT_RETURN_TYPE = YES_ERROR;
				GCC_WARN_UNDECLARED_SELECTOR = YES;
				GCC_WARN_UNINITIALIZED_AUTOS = YES_AGGRESSIVE;
				GCC_WARN_UNUSED_FUNCTION = YES;
				GCC_WARN_UNUSED_VARIABLE = YES;
				MACOSX_DEPLOYMENT_TARGET = 10.10;
				MTL_ENABLE_DEBUG_INFO = YES;
				ONLY_ACTIVE_ARCH = YES;
				SDKROOT = macosx;
			};
			name = Debug;
		};
		0D4D578F1A82B6D10059E8D1 /* Release */ = {
			isa = XCBuildConfiguration;
			buildSettings = {
				ALWAYS_SEARCH_USER_PATHS = NO;
				CLANG_CXX_LANGUAGE_STANDARD = "gnu++0x";
				CLANG_CXX_LIBRARY = "libc++";
				CLANG_ENABLE_MODULES = YES;
				CLANG_ENABLE_OBJC_ARC = YES;
				CLANG_WARN_BOOL_CONVERSION = YES;
				CLANG_WARN_CONSTANT_CONVERSION = YES;
				CLANG_WARN_DIRECT_OBJC_ISA_USAGE = YES_ERROR;
				CLANG_WARN_EMPTY_BODY = YES;
				CLANG_WARN_ENUM_CONVERSION = YES;
				CLANG_WARN_INT_CONVERSION = YES;
				CLANG_WARN_OBJC_ROOT_CLASS = YES_ERROR;
				CLANG_WARN_UNREACHABLE_CODE = YES;
				CLANG_WARN__DUPLICATE_METHOD_MATCH = YES;
				COPY_PHASE_STRIP = YES;
				DEBUG_INFORMATION_FORMAT = "dwarf-with-dsym";
				ENABLE_NS_ASSERTIONS = NO;
				ENABLE_STRICT_OBJC_MSGSEND = YES;
				GCC_C_LANGUAGE_STANDARD = gnu99;
				GCC_WARN_64_TO_32_BIT_CONVERSION = YES;
				GCC_WARN_ABOUT_RETURN_TYPE = YES_ERROR;
				GCC_WARN_UNDECLARED_SELECTOR = YES;
				GCC_WARN_UNINITIALIZED_AUTOS = YES_AGGRESSIVE;
				GCC_WARN_UNUSED_FUNCTION = YES;
				GCC_WARN_UNUSED_VARIABLE = YES;
				MACOSX_DEPLOYMENT_TARGET = 10.10;
				MTL_ENABLE_DEBUG_INFO = NO;
				SDKROOT = macosx;
			};
			name = Release;
		};
		0D4D57911A82B6D10059E8D1 /* Debug */ = {
			isa = XCBuildConfiguration;
			buildSettings = {
				FRAMEWORK_SEARCH_PATHS = (
					"$(inherited)",
					/Users/nraptis/Desktop/Darkswarm/Framework,
					"[iOS",
					"IV]/[iOS]/[[FB]]",
					/Users/nraptis/Desktop/Darkswarm/Framework,
					"[IV]/[iOS]/[[FB]]",
					/Users/nraptis/Desktop/Darkswarm/Archive,
					2/Framework,
					"[iOS",
					"IV]/[iOS]/[[FB]]",
					/Users/nraptis/Desktop/Darkswarm/Framework,
					"[IV]/[iOS]/[[FB]]",
					/Users/nraptis/Desktop/Darkswarm/Framework,
					"[IV]/[iOS]/[[FB]]",
					/Users/nraptis/Desktop/Darkswarm/Framework,
					"[IV]/[iOS]/[[FB]]",
				);
				PRODUCT_NAME = "$(TARGET_NAME)";
			};
			name = Debug;
		};
		0D4D57921A82B6D10059E8D1 /* Release */ = {
			isa = XCBuildConfiguration;
			buildSettings = {
				FRAMEWORK_SEARCH_PATHS = (
					"$(inherited)",
					/Users/nraptis/Desktop/Darkswarm/Framework,
					"[iOS",
					"IV]/[iOS]/[[FB]]",
					/Users/nraptis/Desktop/Darkswarm/Framework,
					"[IV]/[iOS]/[[FB]]",
					/Users/nraptis/Desktop/Darkswarm/Archive,
					2/Framework,
					"[iOS",
					"IV]/[iOS]/[[FB]]",
					/Users/nraptis/Desktop/Darkswarm/Framework,
					"[IV]/[iOS]/[[FB]]",
					/Users/nraptis/Desktop/Darkswarm/Framework,
					"[IV]/[iOS]/[[FB]]",
					/Users/nraptis/Desktop/Darkswarm/Framework,
					"[IV]/[iOS]/[[FB]]",
				);
				PRODUCT_NAME = "$(TARGET_NAME)";
			};
			name = Release;
		};
/* End XCBuildConfiguration section */

/* Begin XCConfigurationList section */
		0D4D57841A82B6D10059E8D1 /* Build configuration list for PBXProject "DigMMMac" */ = {
			isa = XCConfigurationList;
			buildConfigurations = (
				0D4D578E1A82B6D10059E8D1 /* Debug */,
				0D4D578F1A82B6D10059E8D1 /* Release */,
			);
			defaultConfigurationIsVisible = 0;
			defaultConfigurationName = Release;
		};
		0D4D57901A82B6D10059E8D1 /* Build configuration list for PBXNativeTarget "DigMMMac" */ = {
			isa = XCConfigurationList;
			buildConfigurations = (
				0D4D57911A82B6D10059E8D1 /* Debug */,
				0D4D57921A82B6D10059E8D1 /* Release */,
			);
			defaultConfigurationIsVisible = 0;
			defaultConfigurationName = Release;
		};
/* End XCConfigurationList section */
	};
	rootObject = 0D4D57811A82B6D10059E8D1 /* Project object */;
}
