// !$*UTF8*$!
{
	archiveVersion = 1;
	classes = {
	};
	objectVersion = 48;
	objects = {

/* Begin PBXBuildFile section */
		0DC1E24020F6CE14006349B6 /* GamePath.cpp in Sources */ = {isa = PBXBuildFile; fileRef = 0DC1E1E220F6CE14006349B6 /* GamePath.cpp */; };
		0DC1E24120F6CE14006349B6 /* WorldContainer.cpp in Sources */ = {isa = PBXBuildFile; fileRef = 0DC1E1E320F6CE14006349B6 /* WorldContainer.cpp */; };
		0DC1E24220F6CE14006349B6 /* GameObject.cpp in Sources */ = {isa = PBXBuildFile; fileRef = 0DC1E1E420F6CE14006349B6 /* GameObject.cpp */; };
		0DC1E24320F6CE14006349B6 /* TilePathFinderHeap.cpp in Sources */ = {isa = PBXBuildFile; fileRef = 0DC1E1E520F6CE14006349B6 /* TilePathFinderHeap.cpp */; };
		0DC1E24420F6CE14006349B6 /* WorldGestureContainer.cpp in Sources */ = {isa = PBXBuildFile; fileRef = 0DC1E1E620F6CE14006349B6 /* WorldGestureContainer.cpp */; };
		0DC1E24520F6CE14006349B6 /* Tower.cpp in Sources */ = {isa = PBXBuildFile; fileRef = 0DC1E1E720F6CE14006349B6 /* Tower.cpp */; };
		0DC1E24620F6CE14006349B6 /* GameTile.cpp in Sources */ = {isa = PBXBuildFile; fileRef = 0DC1E1E820F6CE14006349B6 /* GameTile.cpp */; };
		0DC1E24720F6CE14006349B6 /* WorldTransformContainer.cpp in Sources */ = {isa = PBXBuildFile; fileRef = 0DC1E1E920F6CE14006349B6 /* WorldTransformContainer.cpp */; };
		0DC1E24820F6CE14006349B6 /* TowerDetailMenu.cpp in Sources */ = {isa = PBXBuildFile; fileRef = 0DC1E1EE20F6CE14006349B6 /* TowerDetailMenu.cpp */; };
		0DC1E24920F6CE14006349B6 /* PGPathEditor.cpp in Sources */ = {isa = PBXBuildFile; fileRef = 0DC1E1F120F6CE14006349B6 /* PGPathEditor.cpp */; };
		0DC1E24A20F6CE14006349B6 /* ToolMenuHeader.cpp in Sources */ = {isa = PBXBuildFile; fileRef = 0DC1E1F720F6CE14006349B6 /* ToolMenuHeader.cpp */; };
		0DC1E24B20F6CE14006349B6 /* ToolMenuSectionRow.cpp in Sources */ = {isa = PBXBuildFile; fileRef = 0DC1E1FA20F6CE14006349B6 /* ToolMenuSectionRow.cpp */; };
		0DC1E24C20F6CE14006349B6 /* DragableCanvas.cpp in Sources */ = {isa = PBXBuildFile; fileRef = 0DC1E1FB20F6CE14006349B6 /* DragableCanvas.cpp */; };
		0DC1E24D20F6CE14006349B6 /* ToolMenuSection.cpp in Sources */ = {isa = PBXBuildFile; fileRef = 0DC1E1FD20F6CE14006349B6 /* ToolMenuSection.cpp */; };
		0DC1E24E20F6CE14006349B6 /* ToolMenu.cpp in Sources */ = {isa = PBXBuildFile; fileRef = 0DC1E1FE20F6CE14006349B6 /* ToolMenu.cpp */; };
		0DC1E24F20F6CE14006349B6 /* ToolMenuPanelHeader.cpp in Sources */ = {isa = PBXBuildFile; fileRef = 0DC1E20020F6CE14006349B6 /* ToolMenuPanelHeader.cpp */; };
		0DC1E25020F6CE14006349B6 /* ToolMenuPanel.cpp in Sources */ = {isa = PBXBuildFile; fileRef = 0DC1E20120F6CE14006349B6 /* ToolMenuPanel.cpp */; };
		0DC1E25120F6CE14006349B6 /* PGNode.cpp in Sources */ = {isa = PBXBuildFile; fileRef = 0DC1E20420F6CE14006349B6 /* PGNode.cpp */; };
		0DC1E25220F6CE14006349B6 /* ScreenTransformMenu.cpp in Sources */ = {isa = PBXBuildFile; fileRef = 0DC1E20520F6CE14006349B6 /* ScreenTransformMenu.cpp */; };
		0DC1E25320F6CE14006349B6 /* ToolMenuModalUnderlay.cpp in Sources */ = {isa = PBXBuildFile; fileRef = 0DC1E20620F6CE14006349B6 /* ToolMenuModalUnderlay.cpp */; };
		0DC1E25420F6CE14006349B6 /* UILabel.cpp in Sources */ = {isa = PBXBuildFile; fileRef = 0DC1E20A20F6CE14006349B6 /* UILabel.cpp */; };
		0DC1E25520F6CE14006349B6 /* UIElement.cpp in Sources */ = {isa = PBXBuildFile; fileRef = 0DC1E20B20F6CE14006349B6 /* UIElement.cpp */; };
		0DC1E25620F6CE14006349B6 /* UISegment.cpp in Sources */ = {isa = PBXBuildFile; fileRef = 0DC1E20D20F6CE14006349B6 /* UISegment.cpp */; };
		0DC1E25720F6CE14006349B6 /* UIButton.cpp in Sources */ = {isa = PBXBuildFile; fileRef = 0DC1E20E20F6CE14006349B6 /* UIButton.cpp */; };
		0DC1E25820F6CE14006349B6 /* UISegmentButton.cpp in Sources */ = {isa = PBXBuildFile; fileRef = 0DC1E20F20F6CE14006349B6 /* UISegmentButton.cpp */; };
		0DC1E25920F6CE14006349B6 /* UICheckBox.cpp in Sources */ = {isa = PBXBuildFile; fileRef = 0DC1E21020F6CE14006349B6 /* UICheckBox.cpp */; };
		0DC1E25A20F6CE14006349B6 /* UIAlignmentPicker.cpp in Sources */ = {isa = PBXBuildFile; fileRef = 0DC1E21120F6CE14006349B6 /* UIAlignmentPicker.cpp */; };
		0DC1E25B20F6CE14006349B6 /* UIAlignmentPickerButton.cpp in Sources */ = {isa = PBXBuildFile; fileRef = 0DC1E21220F6CE14006349B6 /* UIAlignmentPickerButton.cpp */; };
		0DC1E25C20F6CE14006349B6 /* UIRoundedRect.cpp in Sources */ = {isa = PBXBuildFile; fileRef = 0DC1E21720F6CE14006349B6 /* UIRoundedRect.cpp */; };
		0DC1E25D20F6CE14006349B6 /* UIStepper.cpp in Sources */ = {isa = PBXBuildFile; fileRef = 0DC1E21820F6CE14006349B6 /* UIStepper.cpp */; };
		0DC1E25E20F6CE14006349B6 /* UISlider.cpp in Sources */ = {isa = PBXBuildFile; fileRef = 0DC1E21C20F6CE14006349B6 /* UISlider.cpp */; };
		0DC1E25F20F6CE14006349B6 /* PGMainToolbar.cpp in Sources */ = {isa = PBXBuildFile; fileRef = 0DC1E21F20F6CE14006349B6 /* PGMainToolbar.cpp */; };
		0DC1E26020F6CE14006349B6 /* PGPath.cpp in Sources */ = {isa = PBXBuildFile; fileRef = 0DC1E22020F6CE14006349B6 /* PGPath.cpp */; };
		0DC1E26120F6CE14006349B6 /* UIImagePicker.cpp in Sources */ = {isa = PBXBuildFile; fileRef = 0DC1E22420F6CE14006349B6 /* UIImagePicker.cpp */; };
		0DC1E26220F6CE14006349B6 /* UIImagePickerCell.cpp in Sources */ = {isa = PBXBuildFile; fileRef = 0DC1E22520F6CE14006349B6 /* UIImagePickerCell.cpp */; };
		0DC1E26320F6CE14006349B6 /* PGMainCanvas.cpp in Sources */ = {isa = PBXBuildFile; fileRef = 0DC1E22920F6CE14006349B6 /* PGMainCanvas.cpp */; };
		0DC1E26420F6CE14006349B6 /* PathEditorMenu.cpp in Sources */ = {isa = PBXBuildFile; fileRef = 0DC1E22B20F6CE14006349B6 /* PathEditorMenu.cpp */; };
		0DC1E26520F6CE14006349B6 /* TowerBullet.cpp in Sources */ = {isa = PBXBuildFile; fileRef = 0DC1E22E20F6CE14006349B6 /* TowerBullet.cpp */; };
		0DC1E26620F6CE14006349B6 /* TilePathFinder.cpp in Sources */ = {isa = PBXBuildFile; fileRef = 0DC1E23020F6CE14006349B6 /* TilePathFinder.cpp */; };
		0DC1E26720F6CE14006349B6 /* TowerPickerMenuButton.cpp in Sources */ = {isa = PBXBuildFile; fileRef = 0DC1E23120F6CE14006349B6 /* TowerPickerMenuButton.cpp */; };
		0DC1E26820F6CE14006349B6 /* Unit.cpp in Sources */ = {isa = PBXBuildFile; fileRef = 0DC1E23320F6CE14006349B6 /* Unit.cpp */; };
		0DC1E26920F6CE14006349B6 /* WorldMenu.cpp in Sources */ = {isa = PBXBuildFile; fileRef = 0DC1E23520F6CE14006349B6 /* WorldMenu.cpp */; };
		0DC1E26A20F6CE14006349B6 /* Util_ScreenFrame.cpp in Sources */ = {isa = PBXBuildFile; fileRef = 0DC1E23620F6CE14006349B6 /* Util_ScreenFrame.cpp */; };
		0DC1E26C20F6CE14006349B6 /* GameArena.cpp in Sources */ = {isa = PBXBuildFile; fileRef = 0DC1E23920F6CE14006349B6 /* GameArena.cpp */; };
		0DC1E26D20F6CE14006349B6 /* SpriteSequenceNested.cpp in Sources */ = {isa = PBXBuildFile; fileRef = 0DC1E23A20F6CE14006349B6 /* SpriteSequenceNested.cpp */; };
		0DC1E26E20F6CE14006349B6 /* GLApp.cpp in Sources */ = {isa = PBXBuildFile; fileRef = 0DC1E23B20F6CE14006349B6 /* GLApp.cpp */; };
		0DC1E26F20F6CE14006349B6 /* TowerPickerMenu.cpp in Sources */ = {isa = PBXBuildFile; fileRef = 0DC1E23C20F6CE14006349B6 /* TowerPickerMenu.cpp */; };
		50183DB120F2C4B100C776FA /* core_app_shell.cpp in Sources */ = {isa = PBXBuildFile; fileRef = 50183D0120F2C4B100C776FA /* core_app_shell.cpp */; };
		50183DB220F2C4B100C776FA /* core_graphics.cpp in Sources */ = {isa = PBXBuildFile; fileRef = 50183D0320F2C4B100C776FA /* core_graphics.cpp */; };
		50183DB320F2C4B100C776FA /* core_social.cpp in Sources */ = {isa = PBXBuildFile; fileRef = 50183D0620F2C4B100C776FA /* core_social.cpp */; };
		50183DB420F2C4B100C776FA /* core_web.cpp in Sources */ = {isa = PBXBuildFile; fileRef = 50183D0820F2C4B100C776FA /* core_web.cpp */; };
		50183DB520F2C4B100C776FA /* FAchievement.cpp in Sources */ = {isa = PBXBuildFile; fileRef = 50183D0A20F2C4B100C776FA /* FAchievement.cpp */; };
		50183DB620F2C4B100C776FA /* FAnimation.cpp in Sources */ = {isa = PBXBuildFile; fileRef = 50183D0C20F2C4B100C776FA /* FAnimation.cpp */; };
		50183DB720F2C4B100C776FA /* FApp.cpp in Sources */ = {isa = PBXBuildFile; fileRef = 50183D0E20F2C4B100C776FA /* FApp.cpp */; };
		50183DB820F2C4B100C776FA /* FButton.cpp in Sources */ = {isa = PBXBuildFile; fileRef = 50183D1020F2C4B100C776FA /* FButton.cpp */; };
		50183DB920F2C4B100C776FA /* FCanvas.cpp in Sources */ = {isa = PBXBuildFile; fileRef = 50183D1220F2C4B100C776FA /* FCanvas.cpp */; };
		50183DBA20F2C4B100C776FA /* FColor.cpp in Sources */ = {isa = PBXBuildFile; fileRef = 50183D1420F2C4B100C776FA /* FColor.cpp */; };
		50183DBB20F2C4B100C776FA /* FDrawQuad.cpp in Sources */ = {isa = PBXBuildFile; fileRef = 50183D1620F2C4B100C776FA /* FDrawQuad.cpp */; };
		50183DBC20F2C4B100C776FA /* FFile.cpp in Sources */ = {isa = PBXBuildFile; fileRef = 50183D1820F2C4B100C776FA /* FFile.cpp */; };
		50183DBD20F2C4B100C776FA /* FFloatList.cpp in Sources */ = {isa = PBXBuildFile; fileRef = 50183D1A20F2C4B100C776FA /* FFloatList.cpp */; };
		50183DBE20F2C4B100C776FA /* FFont.cpp in Sources */ = {isa = PBXBuildFile; fileRef = 50183D1C20F2C4B100C776FA /* FFont.cpp */; };
		50183DBF20F2C4B100C776FA /* FGestureCanvas.cpp in Sources */ = {isa = PBXBuildFile; fileRef = 50183D1E20F2C4B100C776FA /* FGestureCanvas.cpp */; };
		50183DC020F2C4B100C776FA /* FGestureView.cpp in Sources */ = {isa = PBXBuildFile; fileRef = 50183D2020F2C4B100C776FA /* FGestureView.cpp */; };
		50183DC120F2C4B100C776FA /* FHashTable.cpp in Sources */ = {isa = PBXBuildFile; fileRef = 50183D2220F2C4B100C776FA /* FHashTable.cpp */; };
		50183DC220F2C4B100C776FA /* FImage.cpp in Sources */ = {isa = PBXBuildFile; fileRef = 50183D2420F2C4B100C776FA /* FImage.cpp */; };
		50183DC320F2C4B100C776FA /* FImageBundler.cpp in Sources */ = {isa = PBXBuildFile; fileRef = 50183D2620F2C4B100C776FA /* FImageBundler.cpp */; };
		50183DC420F2C4B100C776FA /* FIndexList.cpp in Sources */ = {isa = PBXBuildFile; fileRef = 50183D2820F2C4B100C776FA /* FIndexList.cpp */; };
		50183DC620F2C4B100C776FA /* FJoystick.cpp in Sources */ = {isa = PBXBuildFile; fileRef = 50183D2C20F2C4B100C776FA /* FJoystick.cpp */; };
		50183DC720F2C4B100C776FA /* FLine.cpp in Sources */ = {isa = PBXBuildFile; fileRef = 50183D2E20F2C4B100C776FA /* FLine.cpp */; };
		50183DC820F2C4B100C776FA /* FList.cpp in Sources */ = {isa = PBXBuildFile; fileRef = 50183D3020F2C4B100C776FA /* FList.cpp */; };
		50183DC920F2C4B100C776FA /* FMath.cpp in Sources */ = {isa = PBXBuildFile; fileRef = 50183D3220F2C4B100C776FA /* FMath.cpp */; };
		50183DCA20F2C4B100C776FA /* FMatrix.cpp in Sources */ = {isa = PBXBuildFile; fileRef = 50183D3420F2C4B100C776FA /* FMatrix.cpp */; };
		50183DCB20F2C4B100C776FA /* FModelData.cpp in Sources */ = {isa = PBXBuildFile; fileRef = 50183D3620F2C4B100C776FA /* FModelData.cpp */; };
		50183DCC20F2C4B100C776FA /* FModelDataSequence.cpp in Sources */ = {isa = PBXBuildFile; fileRef = 50183D3820F2C4B100C776FA /* FModelDataSequence.cpp */; };
		50183DCE20F2C4B100C776FA /* FNotificationCenter.cpp in Sources */ = {isa = PBXBuildFile; fileRef = 50183D3C20F2C4B100C776FA /* FNotificationCenter.cpp */; };
		50183DCF20F2C4B100C776FA /* FObject.cpp in Sources */ = {isa = PBXBuildFile; fileRef = 50183D3E20F2C4B100C776FA /* FObject.cpp */; };
		50183DD020F2C4B100C776FA /* FParticle.cpp in Sources */ = {isa = PBXBuildFile; fileRef = 50183D4020F2C4B100C776FA /* FParticle.cpp */; };
		50183DD120F2C4B100C776FA /* FPoint.cpp in Sources */ = {isa = PBXBuildFile; fileRef = 50183D4220F2C4B100C776FA /* FPoint.cpp */; };
		50183DD220F2C4B100C776FA /* FPointList.cpp in Sources */ = {isa = PBXBuildFile; fileRef = 50183D4420F2C4B100C776FA /* FPointList.cpp */; };
		50183DD320F2C4B100C776FA /* FPolyPath.cpp in Sources */ = {isa = PBXBuildFile; fileRef = 50183D4620F2C4B100C776FA /* FPolyPath.cpp */; };
		50183DD420F2C4B100C776FA /* FPrimitive.cpp in Sources */ = {isa = PBXBuildFile; fileRef = 50183D4820F2C4B100C776FA /* FPrimitive.cpp */; };
		50183DD520F2C4B100C776FA /* FQuad.cpp in Sources */ = {isa = PBXBuildFile; fileRef = 50183D4A20F2C4B100C776FA /* FQuad.cpp */; };
		50183DD620F2C4B100C776FA /* FRandomizer.cpp in Sources */ = {isa = PBXBuildFile; fileRef = 50183D4C20F2C4B100C776FA /* FRandomizer.cpp */; };
		50183DD720F2C4B100C776FA /* FRect.cpp in Sources */ = {isa = PBXBuildFile; fileRef = 50183D4E20F2C4B100C776FA /* FRect.cpp */; };
		50183DD820F2C4B100C776FA /* FResource.cpp in Sources */ = {isa = PBXBuildFile; fileRef = 50183D5020F2C4B100C776FA /* FResource.cpp */; };
		50183DD920F2C4B100C776FA /* FScrollCanvas.cpp in Sources */ = {isa = PBXBuildFile; fileRef = 50183D5220F2C4B100C776FA /* FScrollCanvas.cpp */; };
		50183DDA20F2C4B100C776FA /* FSize.cpp in Sources */ = {isa = PBXBuildFile; fileRef = 50183D5420F2C4B100C776FA /* FSize.cpp */; };
		50183DDB20F2C4B100C776FA /* FSlider.cpp in Sources */ = {isa = PBXBuildFile; fileRef = 50183D5620F2C4B100C776FA /* FSlider.cpp */; };
		50183DDC20F2C4B100C776FA /* FSound.cpp in Sources */ = {isa = PBXBuildFile; fileRef = 50183D5820F2C4B100C776FA /* FSound.cpp */; };
		50183DDD20F2C4B100C776FA /* FSpline.cpp in Sources */ = {isa = PBXBuildFile; fileRef = 50183D5A20F2C4B100C776FA /* FSpline.cpp */; };
		50183DDE20F2C4B100C776FA /* FSprite.cpp in Sources */ = {isa = PBXBuildFile; fileRef = 50183D5C20F2C4B100C776FA /* FSprite.cpp */; };
		50183DDF20F2C4B100C776FA /* FSpriteSequence.cpp in Sources */ = {isa = PBXBuildFile; fileRef = 50183D5E20F2C4B100C776FA /* FSpriteSequence.cpp */; };
		50183DE020F2C4B100C776FA /* FString.cpp in Sources */ = {isa = PBXBuildFile; fileRef = 50183D6020F2C4B100C776FA /* FString.cpp */; };
		50183DE120F2C4B100C776FA /* FStringBuffer.cpp in Sources */ = {isa = PBXBuildFile; fileRef = 50183D6220F2C4B100C776FA /* FStringBuffer.cpp */; };
		50183DE220F2C4B100C776FA /* FTexture.cpp in Sources */ = {isa = PBXBuildFile; fileRef = 50183D6420F2C4B100C776FA /* FTexture.cpp */; };
		50183DE320F2C4B100C776FA /* FTextureCache.cpp in Sources */ = {isa = PBXBuildFile; fileRef = 50183D6620F2C4B100C776FA /* FTextureCache.cpp */; };
		50183DE420F2C4B100C776FA /* FTouchManager.cpp in Sources */ = {isa = PBXBuildFile; fileRef = 50183D6820F2C4B100C776FA /* FTouchManager.cpp */; };
		50183DE520F2C4B100C776FA /* FVec2.cpp in Sources */ = {isa = PBXBuildFile; fileRef = 50183D6A20F2C4B100C776FA /* FVec2.cpp */; };
		50183DE620F2C4B100C776FA /* FVec3.cpp in Sources */ = {isa = PBXBuildFile; fileRef = 50183D6C20F2C4B100C776FA /* FVec3.cpp */; };
		50183DE720F2C4B100C776FA /* FVertexBuffer.cpp in Sources */ = {isa = PBXBuildFile; fileRef = 50183D6E20F2C4B100C776FA /* FVertexBuffer.cpp */; };
		50183DE820F2C4B100C776FA /* FWindow.cpp in Sources */ = {isa = PBXBuildFile; fileRef = 50183D7020F2C4B100C776FA /* FWindow.cpp */; };
		50183DE920F2C4B100C776FA /* FXML.cpp in Sources */ = {isa = PBXBuildFile; fileRef = 50183D7220F2C4B100C776FA /* FXML.cpp */; };
		50183DF020F2C4B100C776FA /* FScrollView.cpp in Sources */ = {isa = PBXBuildFile; fileRef = 50183D8220F2C4B100C776FA /* FScrollView.cpp */; };
		50183DF120F2C4B100C776FA /* FScrollViewPaged.cpp in Sources */ = {isa = PBXBuildFile; fileRef = 50183D8420F2C4B100C776FA /* FScrollViewPaged.cpp */; };
		50183DF220F2C4B100C776FA /* FView.cpp in Sources */ = {isa = PBXBuildFile; fileRef = 50183D8620F2C4B100C776FA /* FView.cpp */; };
		50183DF320F2C4B100C776FA /* FViewAnimation.cpp in Sources */ = {isa = PBXBuildFile; fileRef = 50183D8820F2C4B100C776FA /* FViewAnimation.cpp */; };
		50183DF420F2C4B100C776FA /* FViewContainer.cpp in Sources */ = {isa = PBXBuildFile; fileRef = 50183D8A20F2C4B100C776FA /* FViewContainer.cpp */; };
		50183DF520F2C4B100C776FA /* FViewController.cpp in Sources */ = {isa = PBXBuildFile; fileRef = 50183D8C20F2C4B100C776FA /* FViewController.cpp */; };
		50183DF620F2C4B100C776FA /* FViewTransform.cpp in Sources */ = {isa = PBXBuildFile; fileRef = 50183D8E20F2C4B100C776FA /* FViewTransform.cpp */; };
		50183DF720F2C4B100C776FA /* os_core_app_shell_mac.mm in Sources */ = {isa = PBXBuildFile; fileRef = 50183D9220F2C4B100C776FA /* os_core_app_shell_mac.mm */; };
		50183DF820F2C4B100C776FA /* os_core_includes.cpp in Sources */ = {isa = PBXBuildFile; fileRef = 50183D9320F2C4B100C776FA /* os_core_includes.cpp */; };
		50183DF920F2C4B100C776FA /* os_core_outlets_mac.mm in Sources */ = {isa = PBXBuildFile; fileRef = 50183D9620F2C4B100C776FA /* os_core_outlets_mac.mm */; };
		50183DFA20F2C4B100C776FA /* os_core_social.cpp in Sources */ = {isa = PBXBuildFile; fileRef = 50183D9720F2C4B100C776FA /* os_core_social.cpp */; };
		50183DFB20F2C4B100C776FA /* os_core_sound_mac.mm in Sources */ = {isa = PBXBuildFile; fileRef = 50183D9A20F2C4B100C776FA /* os_core_sound_mac.mm */; };
		50183DFC20F2C4B100C776FA /* os_core_web.cpp in Sources */ = {isa = PBXBuildFile; fileRef = 50183D9B20F2C4B100C776FA /* os_core_web.cpp */; };
		50183DFD20F2C4B100C776FA /* OSInputGrabber.mm in Sources */ = {isa = PBXBuildFile; fileRef = 50183D9E20F2C4B100C776FA /* OSInputGrabber.mm */; };
		50183DFE20F2C4B100C776FA /* OSMusicPlayer.mm in Sources */ = {isa = PBXBuildFile; fileRef = 50183DA020F2C4B100C776FA /* OSMusicPlayer.mm */; };
		50183E0F20F2C53800C776FA /* GLUT.framework in Frameworks */ = {isa = PBXBuildFile; fileRef = 50183E0820F2C53700C776FA /* GLUT.framework */; };
		50183E1020F2C53800C776FA /* Foundation.framework in Frameworks */ = {isa = PBXBuildFile; fileRef = 50183E0920F2C53700C776FA /* Foundation.framework */; };
		50183E1120F2C53800C776FA /* AVFoundation.framework in Frameworks */ = {isa = PBXBuildFile; fileRef = 50183E0A20F2C53700C776FA /* AVFoundation.framework */; };
		50183E1220F2C53800C776FA /* OpenGL.framework in Frameworks */ = {isa = PBXBuildFile; fileRef = 50183E0B20F2C53700C776FA /* OpenGL.framework */; };
		50183E1320F2C53800C776FA /* QuartzCore.framework in Frameworks */ = {isa = PBXBuildFile; fileRef = 50183E0C20F2C53700C776FA /* QuartzCore.framework */; };
		50183E1420F2C53800C776FA /* AudioToolbox.framework in Frameworks */ = {isa = PBXBuildFile; fileRef = 50183E0D20F2C53700C776FA /* AudioToolbox.framework */; };
		50183E1520F2C53800C776FA /* OpenAL.framework in Frameworks */ = {isa = PBXBuildFile; fileRef = 50183E0E20F2C53800C776FA /* OpenAL.framework */; };
		50183E1720F2C55200C776FA /* Cocoa.framework in Frameworks */ = {isa = PBXBuildFile; fileRef = 50183E1620F2C55200C776FA /* Cocoa.framework */; };
		5039F4A320F7B85E0048EC1B /* AnimatedGamePath.cpp in Sources */ = {isa = PBXBuildFile; fileRef = 5039F4A120F7B85E0048EC1B /* AnimatedGamePath.cpp */; };
		50CBEA8F20F2C40800DD30B2 /* main.cpp in Sources */ = {isa = PBXBuildFile; fileRef = 50CBEA8E20F2C40800DD30B2 /* main.cpp */; };
		50CF4E7220F9840200C8A5E5 /* EditorMainMenu.cpp in Sources */ = {isa = PBXBuildFile; fileRef = 50CF4E7020F9840200C8A5E5 /* EditorMainMenu.cpp */; };
		50E0CF9720F8E0D200616486 /* EditorGameArena.cpp in Sources */ = {isa = PBXBuildFile; fileRef = 50E0CF9520F8E0D200616486 /* EditorGameArena.cpp */; };
/* End PBXBuildFile section */

/* Begin PBXFileReference section */
		0DC1E1DB20F6CE14006349B6 /* TowerDetailMenu.h */ = {isa = PBXFileReference; fileEncoding = 4; lastKnownFileType = sourcecode.c.h; path = TowerDetailMenu.h; sourceTree = "<group>"; };
		0DC1E1DC20F6CE14006349B6 /* GameArena.h */ = {isa = PBXFileReference; fileEncoding = 4; lastKnownFileType = sourcecode.c.h; path = GameArena.h; sourceTree = "<group>"; };
		0DC1E1DD20F6CE14006349B6 /* TowerBullet.h */ = {isa = PBXFileReference; fileEncoding = 4; lastKnownFileType = sourcecode.c.h; path = TowerBullet.h; sourceTree = "<group>"; };
		0DC1E1DE20F6CE14006349B6 /* GameObject.h */ = {isa = PBXFileReference; fileEncoding = 4; lastKnownFileType = sourcecode.c.h; path = GameObject.h; sourceTree = "<group>"; };
		0DC1E1DF20F6CE14006349B6 /* SpriteSequenceNested.h */ = {isa = PBXFileReference; fileEncoding = 4; lastKnownFileType = sourcecode.c.h; path = SpriteSequenceNested.h; sourceTree = "<group>"; };
		0DC1E1E020F6CE14006349B6 /* GLApp.h */ = {isa = PBXFileReference; fileEncoding = 4; lastKnownFileType = sourcecode.c.h; path = GLApp.h; sourceTree = "<group>"; };
		0DC1E1E120F6CE14006349B6 /* Tower.h */ = {isa = PBXFileReference; fileEncoding = 4; lastKnownFileType = sourcecode.c.h; path = Tower.h; sourceTree = "<group>"; };
		0DC1E1E220F6CE14006349B6 /* GamePath.cpp */ = {isa = PBXFileReference; fileEncoding = 4; lastKnownFileType = sourcecode.cpp.cpp; path = GamePath.cpp; sourceTree = "<group>"; };
		0DC1E1E320F6CE14006349B6 /* WorldContainer.cpp */ = {isa = PBXFileReference; fileEncoding = 4; lastKnownFileType = sourcecode.cpp.cpp; path = WorldContainer.cpp; sourceTree = "<group>"; };
		0DC1E1E420F6CE14006349B6 /* GameObject.cpp */ = {isa = PBXFileReference; fileEncoding = 4; lastKnownFileType = sourcecode.cpp.cpp; path = GameObject.cpp; sourceTree = "<group>"; };
		0DC1E1E520F6CE14006349B6 /* TilePathFinderHeap.cpp */ = {isa = PBXFileReference; fileEncoding = 4; lastKnownFileType = sourcecode.cpp.cpp; path = TilePathFinderHeap.cpp; sourceTree = "<group>"; };
		0DC1E1E620F6CE14006349B6 /* WorldGestureContainer.cpp */ = {isa = PBXFileReference; fileEncoding = 4; lastKnownFileType = sourcecode.cpp.cpp; path = WorldGestureContainer.cpp; sourceTree = "<group>"; };
		0DC1E1E720F6CE14006349B6 /* Tower.cpp */ = {isa = PBXFileReference; fileEncoding = 4; lastKnownFileType = sourcecode.cpp.cpp; path = Tower.cpp; sourceTree = "<group>"; };
		0DC1E1E820F6CE14006349B6 /* GameTile.cpp */ = {isa = PBXFileReference; fileEncoding = 4; lastKnownFileType = sourcecode.cpp.cpp; path = GameTile.cpp; sourceTree = "<group>"; };
		0DC1E1E920F6CE14006349B6 /* WorldTransformContainer.cpp */ = {isa = PBXFileReference; fileEncoding = 4; lastKnownFileType = sourcecode.cpp.cpp; path = WorldTransformContainer.cpp; sourceTree = "<group>"; };
		0DC1E1EA20F6CE14006349B6 /* Unit.h */ = {isa = PBXFileReference; fileEncoding = 4; lastKnownFileType = sourcecode.c.h; path = Unit.h; sourceTree = "<group>"; };
		0DC1E1EB20F6CE14006349B6 /* TilePathFinderHeap.h */ = {isa = PBXFileReference; fileEncoding = 4; lastKnownFileType = sourcecode.c.h; path = TilePathFinderHeap.h; sourceTree = "<group>"; };
		0DC1E1EC20F6CE14006349B6 /* GameTile.h */ = {isa = PBXFileReference; fileEncoding = 4; lastKnownFileType = sourcecode.c.h; path = GameTile.h; sourceTree = "<group>"; };
		0DC1E1ED20F6CE14006349B6 /* WorldMenu.hpp */ = {isa = PBXFileReference; fileEncoding = 4; lastKnownFileType = sourcecode.cpp.h; path = WorldMenu.hpp; sourceTree = "<group>"; };
		0DC1E1EE20F6CE14006349B6 /* TowerDetailMenu.cpp */ = {isa = PBXFileReference; fileEncoding = 4; lastKnownFileType = sourcecode.cpp.cpp; path = TowerDetailMenu.cpp; sourceTree = "<group>"; };
		0DC1E1EF20F6CE14006349B6 /* GamePath.h */ = {isa = PBXFileReference; fileEncoding = 4; lastKnownFileType = sourcecode.c.h; path = GamePath.h; sourceTree = "<group>"; };
		0DC1E1F120F6CE14006349B6 /* PGPathEditor.cpp */ = {isa = PBXFileReference; fileEncoding = 4; lastKnownFileType = sourcecode.cpp.cpp; path = PGPathEditor.cpp; sourceTree = "<group>"; };
		0DC1E1F220F6CE14006349B6 /* PathEditorMenu.hpp */ = {isa = PBXFileReference; fileEncoding = 4; lastKnownFileType = sourcecode.cpp.h; path = PathEditorMenu.hpp; sourceTree = "<group>"; };
		0DC1E1F420F6CE14006349B6 /* ToolMenuPanelHeader.hpp */ = {isa = PBXFileReference; fileEncoding = 4; lastKnownFileType = sourcecode.cpp.h; path = ToolMenuPanelHeader.hpp; sourceTree = "<group>"; };
		0DC1E1F520F6CE14006349B6 /* ToolMenuPanel.hpp */ = {isa = PBXFileReference; fileEncoding = 4; lastKnownFileType = sourcecode.cpp.h; path = ToolMenuPanel.hpp; sourceTree = "<group>"; };
		0DC1E1F620F6CE14006349B6 /* DragableCanvas.hpp */ = {isa = PBXFileReference; fileEncoding = 4; lastKnownFileType = sourcecode.cpp.h; path = DragableCanvas.hpp; sourceTree = "<group>"; };
		0DC1E1F720F6CE14006349B6 /* ToolMenuHeader.cpp */ = {isa = PBXFileReference; fileEncoding = 4; lastKnownFileType = sourcecode.cpp.cpp; path = ToolMenuHeader.cpp; sourceTree = "<group>"; };
		0DC1E1F820F6CE14006349B6 /* ToolMenuSection.hpp */ = {isa = PBXFileReference; fileEncoding = 4; lastKnownFileType = sourcecode.cpp.h; path = ToolMenuSection.hpp; sourceTree = "<group>"; };
		0DC1E1F920F6CE14006349B6 /* ToolMenu.hpp */ = {isa = PBXFileReference; fileEncoding = 4; lastKnownFileType = sourcecode.cpp.h; path = ToolMenu.hpp; sourceTree = "<group>"; };
		0DC1E1FA20F6CE14006349B6 /* ToolMenuSectionRow.cpp */ = {isa = PBXFileReference; fileEncoding = 4; lastKnownFileType = sourcecode.cpp.cpp; path = ToolMenuSectionRow.cpp; sourceTree = "<group>"; };
		0DC1E1FB20F6CE14006349B6 /* DragableCanvas.cpp */ = {isa = PBXFileReference; fileEncoding = 4; lastKnownFileType = sourcecode.cpp.cpp; path = DragableCanvas.cpp; sourceTree = "<group>"; };
		0DC1E1FC20F6CE14006349B6 /* ToolMenuHeader.hpp */ = {isa = PBXFileReference; fileEncoding = 4; lastKnownFileType = sourcecode.cpp.h; path = ToolMenuHeader.hpp; sourceTree = "<group>"; };
		0DC1E1FD20F6CE14006349B6 /* ToolMenuSection.cpp */ = {isa = PBXFileReference; fileEncoding = 4; lastKnownFileType = sourcecode.cpp.cpp; path = ToolMenuSection.cpp; sourceTree = "<group>"; };
		0DC1E1FE20F6CE14006349B6 /* ToolMenu.cpp */ = {isa = PBXFileReference; fileEncoding = 4; lastKnownFileType = sourcecode.cpp.cpp; path = ToolMenu.cpp; sourceTree = "<group>"; };
		0DC1E1FF20F6CE14006349B6 /* ToolMenuSectionRow.hpp */ = {isa = PBXFileReference; fileEncoding = 4; lastKnownFileType = sourcecode.cpp.h; path = ToolMenuSectionRow.hpp; sourceTree = "<group>"; };
		0DC1E20020F6CE14006349B6 /* ToolMenuPanelHeader.cpp */ = {isa = PBXFileReference; fileEncoding = 4; lastKnownFileType = sourcecode.cpp.cpp; path = ToolMenuPanelHeader.cpp; sourceTree = "<group>"; };
		0DC1E20120F6CE14006349B6 /* ToolMenuPanel.cpp */ = {isa = PBXFileReference; fileEncoding = 4; lastKnownFileType = sourcecode.cpp.cpp; path = ToolMenuPanel.cpp; sourceTree = "<group>"; };
		0DC1E20220F6CE14006349B6 /* PGMainToolbar.hpp */ = {isa = PBXFileReference; fileEncoding = 4; lastKnownFileType = sourcecode.cpp.h; path = PGMainToolbar.hpp; sourceTree = "<group>"; };
		0DC1E20320F6CE14006349B6 /* PGPath.hpp */ = {isa = PBXFileReference; fileEncoding = 4; lastKnownFileType = sourcecode.cpp.h; path = PGPath.hpp; sourceTree = "<group>"; };
		0DC1E20420F6CE14006349B6 /* PGNode.cpp */ = {isa = PBXFileReference; fileEncoding = 4; lastKnownFileType = sourcecode.cpp.cpp; path = PGNode.cpp; sourceTree = "<group>"; };
		0DC1E20520F6CE14006349B6 /* ScreenTransformMenu.cpp */ = {isa = PBXFileReference; fileEncoding = 4; lastKnownFileType = sourcecode.cpp.cpp; path = ScreenTransformMenu.cpp; sourceTree = "<group>"; };
		0DC1E20620F6CE14006349B6 /* ToolMenuModalUnderlay.cpp */ = {isa = PBXFileReference; fileEncoding = 4; lastKnownFileType = sourcecode.cpp.cpp; path = ToolMenuModalUnderlay.cpp; sourceTree = "<group>"; };
		0DC1E20720F6CE14006349B6 /* PGMainCanvas.hpp */ = {isa = PBXFileReference; fileEncoding = 4; lastKnownFileType = sourcecode.cpp.h; path = PGMainCanvas.hpp; sourceTree = "<group>"; };
		0DC1E20920F6CE14006349B6 /* UIStepper.hpp */ = {isa = PBXFileReference; fileEncoding = 4; lastKnownFileType = sourcecode.cpp.h; path = UIStepper.hpp; sourceTree = "<group>"; };
		0DC1E20A20F6CE14006349B6 /* UILabel.cpp */ = {isa = PBXFileReference; fileEncoding = 4; lastKnownFileType = sourcecode.cpp.cpp; path = UILabel.cpp; sourceTree = "<group>"; };
		0DC1E20B20F6CE14006349B6 /* UIElement.cpp */ = {isa = PBXFileReference; fileEncoding = 4; lastKnownFileType = sourcecode.cpp.cpp; path = UIElement.cpp; sourceTree = "<group>"; };
		0DC1E20C20F6CE14006349B6 /* UISlider.hpp */ = {isa = PBXFileReference; fileEncoding = 4; lastKnownFileType = sourcecode.cpp.h; path = UISlider.hpp; sourceTree = "<group>"; };
		0DC1E20D20F6CE14006349B6 /* UISegment.cpp */ = {isa = PBXFileReference; fileEncoding = 4; lastKnownFileType = sourcecode.cpp.cpp; path = UISegment.cpp; sourceTree = "<group>"; };
		0DC1E20E20F6CE14006349B6 /* UIButton.cpp */ = {isa = PBXFileReference; fileEncoding = 4; lastKnownFileType = sourcecode.cpp.cpp; path = UIButton.cpp; sourceTree = "<group>"; };
		0DC1E20F20F6CE14006349B6 /* UISegmentButton.cpp */ = {isa = PBXFileReference; fileEncoding = 4; lastKnownFileType = sourcecode.cpp.cpp; path = UISegmentButton.cpp; sourceTree = "<group>"; };
		0DC1E21020F6CE14006349B6 /* UICheckBox.cpp */ = {isa = PBXFileReference; fileEncoding = 4; lastKnownFileType = sourcecode.cpp.cpp; path = UICheckBox.cpp; sourceTree = "<group>"; };
		0DC1E21120F6CE14006349B6 /* UIAlignmentPicker.cpp */ = {isa = PBXFileReference; fileEncoding = 4; lastKnownFileType = sourcecode.cpp.cpp; path = UIAlignmentPicker.cpp; sourceTree = "<group>"; };
		0DC1E21220F6CE14006349B6 /* UIAlignmentPickerButton.cpp */ = {isa = PBXFileReference; fileEncoding = 4; lastKnownFileType = sourcecode.cpp.cpp; path = UIAlignmentPickerButton.cpp; sourceTree = "<group>"; };
		0DC1E21320F6CE14006349B6 /* UIRoundedRect.hpp */ = {isa = PBXFileReference; fileEncoding = 4; lastKnownFileType = sourcecode.cpp.h; path = UIRoundedRect.hpp; sourceTree = "<group>"; };
		0DC1E21420F6CE14006349B6 /* UICheckBox.hpp */ = {isa = PBXFileReference; fileEncoding = 4; lastKnownFileType = sourcecode.cpp.h; path = UICheckBox.hpp; sourceTree = "<group>"; };
		0DC1E21520F6CE14006349B6 /* UIAlignmentPicker.hpp */ = {isa = PBXFileReference; fileEncoding = 4; lastKnownFileType = sourcecode.cpp.h; path = UIAlignmentPicker.hpp; sourceTree = "<group>"; };
		0DC1E21620F6CE14006349B6 /* UIAlignmentPickerButton.hpp */ = {isa = PBXFileReference; fileEncoding = 4; lastKnownFileType = sourcecode.cpp.h; path = UIAlignmentPickerButton.hpp; sourceTree = "<group>"; };
		0DC1E21720F6CE14006349B6 /* UIRoundedRect.cpp */ = {isa = PBXFileReference; fileEncoding = 4; lastKnownFileType = sourcecode.cpp.cpp; path = UIRoundedRect.cpp; sourceTree = "<group>"; };
		0DC1E21820F6CE14006349B6 /* UIStepper.cpp */ = {isa = PBXFileReference; fileEncoding = 4; lastKnownFileType = sourcecode.cpp.cpp; path = UIStepper.cpp; sourceTree = "<group>"; };
		0DC1E21920F6CE14006349B6 /* UILabel.hpp */ = {isa = PBXFileReference; fileEncoding = 4; lastKnownFileType = sourcecode.cpp.h; path = UILabel.hpp; sourceTree = "<group>"; };
		0DC1E21A20F6CE14006349B6 /* UIElement.hpp */ = {isa = PBXFileReference; fileEncoding = 4; lastKnownFileType = sourcecode.cpp.h; path = UIElement.hpp; sourceTree = "<group>"; };
		0DC1E21B20F6CE14006349B6 /* UISegment.hpp */ = {isa = PBXFileReference; fileEncoding = 4; lastKnownFileType = sourcecode.cpp.h; path = UISegment.hpp; sourceTree = "<group>"; };
		0DC1E21C20F6CE14006349B6 /* UISlider.cpp */ = {isa = PBXFileReference; fileEncoding = 4; lastKnownFileType = sourcecode.cpp.cpp; path = UISlider.cpp; sourceTree = "<group>"; };
		0DC1E21D20F6CE14006349B6 /* UIButton.hpp */ = {isa = PBXFileReference; fileEncoding = 4; lastKnownFileType = sourcecode.cpp.h; path = UIButton.hpp; sourceTree = "<group>"; };
		0DC1E21E20F6CE14006349B6 /* UISegmentButton.hpp */ = {isa = PBXFileReference; fileEncoding = 4; lastKnownFileType = sourcecode.cpp.h; path = UISegmentButton.hpp; sourceTree = "<group>"; };
		0DC1E21F20F6CE14006349B6 /* PGMainToolbar.cpp */ = {isa = PBXFileReference; fileEncoding = 4; lastKnownFileType = sourcecode.cpp.cpp; path = PGMainToolbar.cpp; sourceTree = "<group>"; };
		0DC1E22020F6CE14006349B6 /* PGPath.cpp */ = {isa = PBXFileReference; fileEncoding = 4; lastKnownFileType = sourcecode.cpp.cpp; path = PGPath.cpp; sourceTree = "<group>"; };
		0DC1E22220F6CE14006349B6 /* UIImagePickerCell.hpp */ = {isa = PBXFileReference; fileEncoding = 4; lastKnownFileType = sourcecode.cpp.h; path = UIImagePickerCell.hpp; sourceTree = "<group>"; };
		0DC1E22320F6CE14006349B6 /* UIImagePicker.hpp */ = {isa = PBXFileReference; fileEncoding = 4; lastKnownFileType = sourcecode.cpp.h; path = UIImagePicker.hpp; sourceTree = "<group>"; };
		0DC1E22420F6CE14006349B6 /* UIImagePicker.cpp */ = {isa = PBXFileReference; fileEncoding = 4; lastKnownFileType = sourcecode.cpp.cpp; path = UIImagePicker.cpp; sourceTree = "<group>"; };
		0DC1E22520F6CE14006349B6 /* UIImagePickerCell.cpp */ = {isa = PBXFileReference; fileEncoding = 4; lastKnownFileType = sourcecode.cpp.cpp; path = UIImagePickerCell.cpp; sourceTree = "<group>"; };
		0DC1E22620F6CE14006349B6 /* PGNode.hpp */ = {isa = PBXFileReference; fileEncoding = 4; lastKnownFileType = sourcecode.cpp.h; path = PGNode.hpp; sourceTree = "<group>"; };
		0DC1E22720F6CE14006349B6 /* ScreenTransformMenu.hpp */ = {isa = PBXFileReference; fileEncoding = 4; lastKnownFileType = sourcecode.cpp.h; path = ScreenTransformMenu.hpp; sourceTree = "<group>"; };
		0DC1E22820F6CE14006349B6 /* ToolMenuModalUnderlay.hpp */ = {isa = PBXFileReference; fileEncoding = 4; lastKnownFileType = sourcecode.cpp.h; path = ToolMenuModalUnderlay.hpp; sourceTree = "<group>"; };
		0DC1E22920F6CE14006349B6 /* PGMainCanvas.cpp */ = {isa = PBXFileReference; fileEncoding = 4; lastKnownFileType = sourcecode.cpp.cpp; path = PGMainCanvas.cpp; sourceTree = "<group>"; };
		0DC1E22A20F6CE14006349B6 /* PGPathEditor.hpp */ = {isa = PBXFileReference; fileEncoding = 4; lastKnownFileType = sourcecode.cpp.h; path = PGPathEditor.hpp; sourceTree = "<group>"; };
		0DC1E22B20F6CE14006349B6 /* PathEditorMenu.cpp */ = {isa = PBXFileReference; fileEncoding = 4; lastKnownFileType = sourcecode.cpp.cpp; path = PathEditorMenu.cpp; sourceTree = "<group>"; };
		0DC1E22C20F6CE14006349B6 /* TowerPickerMenu.h */ = {isa = PBXFileReference; fileEncoding = 4; lastKnownFileType = sourcecode.c.h; path = TowerPickerMenu.h; sourceTree = "<group>"; };
		0DC1E22E20F6CE14006349B6 /* TowerBullet.cpp */ = {isa = PBXFileReference; fileEncoding = 4; lastKnownFileType = sourcecode.cpp.cpp; path = TowerBullet.cpp; sourceTree = "<group>"; };
		0DC1E22F20F6CE14006349B6 /* WorldGestureContainer.hpp */ = {isa = PBXFileReference; fileEncoding = 4; lastKnownFileType = sourcecode.cpp.h; path = WorldGestureContainer.hpp; sourceTree = "<group>"; };
		0DC1E23020F6CE14006349B6 /* TilePathFinder.cpp */ = {isa = PBXFileReference; fileEncoding = 4; lastKnownFileType = sourcecode.cpp.cpp; path = TilePathFinder.cpp; sourceTree = "<group>"; };
		0DC1E23120F6CE14006349B6 /* TowerPickerMenuButton.cpp */ = {isa = PBXFileReference; fileEncoding = 4; lastKnownFileType = sourcecode.cpp.cpp; path = TowerPickerMenuButton.cpp; sourceTree = "<group>"; };
		0DC1E23220F6CE14006349B6 /* WorldTransformContainer.hpp */ = {isa = PBXFileReference; fileEncoding = 4; lastKnownFileType = sourcecode.cpp.h; path = WorldTransformContainer.hpp; sourceTree = "<group>"; };
		0DC1E23320F6CE14006349B6 /* Unit.cpp */ = {isa = PBXFileReference; fileEncoding = 4; lastKnownFileType = sourcecode.cpp.cpp; path = Unit.cpp; sourceTree = "<group>"; };
		0DC1E23420F6CE14006349B6 /* TilePathFinder.h */ = {isa = PBXFileReference; fileEncoding = 4; lastKnownFileType = sourcecode.c.h; path = TilePathFinder.h; sourceTree = "<group>"; };
		0DC1E23520F6CE14006349B6 /* WorldMenu.cpp */ = {isa = PBXFileReference; fileEncoding = 4; lastKnownFileType = sourcecode.cpp.cpp; path = WorldMenu.cpp; sourceTree = "<group>"; };
		0DC1E23620F6CE14006349B6 /* Util_ScreenFrame.cpp */ = {isa = PBXFileReference; fileEncoding = 4; lastKnownFileType = sourcecode.cpp.cpp; path = Util_ScreenFrame.cpp; sourceTree = "<group>"; };
		0DC1E23820F6CE14006349B6 /* TowerPickerMenuButton.h */ = {isa = PBXFileReference; fileEncoding = 4; lastKnownFileType = sourcecode.c.h; path = TowerPickerMenuButton.h; sourceTree = "<group>"; };
		0DC1E23920F6CE14006349B6 /* GameArena.cpp */ = {isa = PBXFileReference; fileEncoding = 4; lastKnownFileType = sourcecode.cpp.cpp; path = GameArena.cpp; sourceTree = "<group>"; };
		0DC1E23A20F6CE14006349B6 /* SpriteSequenceNested.cpp */ = {isa = PBXFileReference; fileEncoding = 4; lastKnownFileType = sourcecode.cpp.cpp; path = SpriteSequenceNested.cpp; sourceTree = "<group>"; };
		0DC1E23B20F6CE14006349B6 /* GLApp.cpp */ = {isa = PBXFileReference; fileEncoding = 4; lastKnownFileType = sourcecode.cpp.cpp; path = GLApp.cpp; sourceTree = "<group>"; };
		0DC1E23C20F6CE14006349B6 /* TowerPickerMenu.cpp */ = {isa = PBXFileReference; fileEncoding = 4; lastKnownFileType = sourcecode.cpp.cpp; path = TowerPickerMenu.cpp; sourceTree = "<group>"; };
		0DC1E23D20F6CE14006349B6 /* Util_ScreenFrame.h */ = {isa = PBXFileReference; fileEncoding = 4; lastKnownFileType = sourcecode.c.h; path = Util_ScreenFrame.h; sourceTree = "<group>"; };
		0DC1E23E20F6CE14006349B6 /* WorldContainer.hpp */ = {isa = PBXFileReference; fileEncoding = 4; lastKnownFileType = sourcecode.cpp.h; path = WorldContainer.hpp; sourceTree = "<group>"; };
		50183D0120F2C4B100C776FA /* core_app_shell.cpp */ = {isa = PBXFileReference; fileEncoding = 4; lastKnownFileType = sourcecode.cpp.cpp; path = core_app_shell.cpp; sourceTree = "<group>"; };
		50183D0220F2C4B100C776FA /* core_app_shell.h */ = {isa = PBXFileReference; fileEncoding = 4; lastKnownFileType = sourcecode.c.h; path = core_app_shell.h; sourceTree = "<group>"; };
		50183D0320F2C4B100C776FA /* core_graphics.cpp */ = {isa = PBXFileReference; fileEncoding = 4; lastKnownFileType = sourcecode.cpp.cpp; path = core_graphics.cpp; sourceTree = "<group>"; };
		50183D0420F2C4B100C776FA /* core_graphics.h */ = {isa = PBXFileReference; fileEncoding = 4; lastKnownFileType = sourcecode.c.h; path = core_graphics.h; sourceTree = "<group>"; };
		50183D0520F2C4B100C776FA /* core_includes.h */ = {isa = PBXFileReference; fileEncoding = 4; lastKnownFileType = sourcecode.c.h; path = core_includes.h; sourceTree = "<group>"; };
		50183D0620F2C4B100C776FA /* core_social.cpp */ = {isa = PBXFileReference; fileEncoding = 4; lastKnownFileType = sourcecode.cpp.cpp; path = core_social.cpp; sourceTree = "<group>"; };
		50183D0720F2C4B100C776FA /* core_social.h */ = {isa = PBXFileReference; fileEncoding = 4; lastKnownFileType = sourcecode.c.h; path = core_social.h; sourceTree = "<group>"; };
		50183D0820F2C4B100C776FA /* core_web.cpp */ = {isa = PBXFileReference; fileEncoding = 4; lastKnownFileType = sourcecode.cpp.cpp; path = core_web.cpp; sourceTree = "<group>"; };
		50183D0920F2C4B100C776FA /* core_web.h */ = {isa = PBXFileReference; fileEncoding = 4; lastKnownFileType = sourcecode.c.h; path = core_web.h; sourceTree = "<group>"; };
		50183D0A20F2C4B100C776FA /* FAchievement.cpp */ = {isa = PBXFileReference; fileEncoding = 4; lastKnownFileType = sourcecode.cpp.cpp; path = FAchievement.cpp; sourceTree = "<group>"; };
		50183D0B20F2C4B100C776FA /* FAchievement.h */ = {isa = PBXFileReference; fileEncoding = 4; lastKnownFileType = sourcecode.c.h; path = FAchievement.h; sourceTree = "<group>"; };
		50183D0C20F2C4B100C776FA /* FAnimation.cpp */ = {isa = PBXFileReference; fileEncoding = 4; lastKnownFileType = sourcecode.cpp.cpp; path = FAnimation.cpp; sourceTree = "<group>"; };
		50183D0D20F2C4B100C776FA /* FAnimation.h */ = {isa = PBXFileReference; fileEncoding = 4; lastKnownFileType = sourcecode.c.h; path = FAnimation.h; sourceTree = "<group>"; };
		50183D0E20F2C4B100C776FA /* FApp.cpp */ = {isa = PBXFileReference; fileEncoding = 4; lastKnownFileType = sourcecode.cpp.cpp; path = FApp.cpp; sourceTree = "<group>"; };
		50183D0F20F2C4B100C776FA /* FApp.h */ = {isa = PBXFileReference; fileEncoding = 4; lastKnownFileType = sourcecode.c.h; path = FApp.h; sourceTree = "<group>"; };
		50183D1020F2C4B100C776FA /* FButton.cpp */ = {isa = PBXFileReference; fileEncoding = 4; lastKnownFileType = sourcecode.cpp.cpp; path = FButton.cpp; sourceTree = "<group>"; };
		50183D1120F2C4B100C776FA /* FButton.h */ = {isa = PBXFileReference; fileEncoding = 4; lastKnownFileType = sourcecode.c.h; path = FButton.h; sourceTree = "<group>"; };
		50183D1220F2C4B100C776FA /* FCanvas.cpp */ = {isa = PBXFileReference; fileEncoding = 4; lastKnownFileType = sourcecode.cpp.cpp; path = FCanvas.cpp; sourceTree = "<group>"; };
		50183D1320F2C4B100C776FA /* FCanvas.hpp */ = {isa = PBXFileReference; fileEncoding = 4; lastKnownFileType = sourcecode.cpp.h; path = FCanvas.hpp; sourceTree = "<group>"; };
		50183D1420F2C4B100C776FA /* FColor.cpp */ = {isa = PBXFileReference; fileEncoding = 4; lastKnownFileType = sourcecode.cpp.cpp; path = FColor.cpp; sourceTree = "<group>"; };
		50183D1520F2C4B100C776FA /* FColor.hpp */ = {isa = PBXFileReference; fileEncoding = 4; lastKnownFileType = sourcecode.cpp.h; path = FColor.hpp; sourceTree = "<group>"; };
		50183D1620F2C4B100C776FA /* FDrawQuad.cpp */ = {isa = PBXFileReference; fileEncoding = 4; lastKnownFileType = sourcecode.cpp.cpp; path = FDrawQuad.cpp; sourceTree = "<group>"; };
		50183D1720F2C4B100C776FA /* FDrawQuad.hpp */ = {isa = PBXFileReference; fileEncoding = 4; lastKnownFileType = sourcecode.cpp.h; path = FDrawQuad.hpp; sourceTree = "<group>"; };
		50183D1820F2C4B100C776FA /* FFile.cpp */ = {isa = PBXFileReference; fileEncoding = 4; lastKnownFileType = sourcecode.cpp.cpp; path = FFile.cpp; sourceTree = "<group>"; };
		50183D1920F2C4B100C776FA /* FFile.h */ = {isa = PBXFileReference; fileEncoding = 4; lastKnownFileType = sourcecode.c.h; path = FFile.h; sourceTree = "<group>"; };
		50183D1A20F2C4B100C776FA /* FFloatList.cpp */ = {isa = PBXFileReference; fileEncoding = 4; lastKnownFileType = sourcecode.cpp.cpp; path = FFloatList.cpp; sourceTree = "<group>"; };
		50183D1B20F2C4B100C776FA /* FFloatList.h */ = {isa = PBXFileReference; fileEncoding = 4; lastKnownFileType = sourcecode.c.h; path = FFloatList.h; sourceTree = "<group>"; };
		50183D1C20F2C4B100C776FA /* FFont.cpp */ = {isa = PBXFileReference; fileEncoding = 4; lastKnownFileType = sourcecode.cpp.cpp; path = FFont.cpp; sourceTree = "<group>"; };
		50183D1D20F2C4B100C776FA /* FFont.h */ = {isa = PBXFileReference; fileEncoding = 4; lastKnownFileType = sourcecode.c.h; path = FFont.h; sourceTree = "<group>"; };
		50183D1E20F2C4B100C776FA /* FGestureCanvas.cpp */ = {isa = PBXFileReference; fileEncoding = 4; lastKnownFileType = sourcecode.cpp.cpp; path = FGestureCanvas.cpp; sourceTree = "<group>"; };
		50183D1F20F2C4B100C776FA /* FGestureCanvas.hpp */ = {isa = PBXFileReference; fileEncoding = 4; lastKnownFileType = sourcecode.cpp.h; path = FGestureCanvas.hpp; sourceTree = "<group>"; };
		50183D2020F2C4B100C776FA /* FGestureView.cpp */ = {isa = PBXFileReference; fileEncoding = 4; lastKnownFileType = sourcecode.cpp.cpp; path = FGestureView.cpp; sourceTree = "<group>"; };
		50183D2120F2C4B100C776FA /* FGestureView.h */ = {isa = PBXFileReference; fileEncoding = 4; lastKnownFileType = sourcecode.c.h; path = FGestureView.h; sourceTree = "<group>"; };
		50183D2220F2C4B100C776FA /* FHashTable.cpp */ = {isa = PBXFileReference; fileEncoding = 4; lastKnownFileType = sourcecode.cpp.cpp; path = FHashTable.cpp; sourceTree = "<group>"; };
		50183D2320F2C4B100C776FA /* FHashTable.hpp */ = {isa = PBXFileReference; fileEncoding = 4; lastKnownFileType = sourcecode.cpp.h; path = FHashTable.hpp; sourceTree = "<group>"; };
		50183D2420F2C4B100C776FA /* FImage.cpp */ = {isa = PBXFileReference; fileEncoding = 4; lastKnownFileType = sourcecode.cpp.cpp; path = FImage.cpp; sourceTree = "<group>"; };
		50183D2520F2C4B100C776FA /* FImage.h */ = {isa = PBXFileReference; fileEncoding = 4; lastKnownFileType = sourcecode.c.h; path = FImage.h; sourceTree = "<group>"; };
		50183D2620F2C4B100C776FA /* FImageBundler.cpp */ = {isa = PBXFileReference; fileEncoding = 4; lastKnownFileType = sourcecode.cpp.cpp; path = FImageBundler.cpp; sourceTree = "<group>"; };
		50183D2720F2C4B100C776FA /* FImageBundler.h */ = {isa = PBXFileReference; fileEncoding = 4; lastKnownFileType = sourcecode.c.h; path = FImageBundler.h; sourceTree = "<group>"; };
		50183D2820F2C4B100C776FA /* FIndexList.cpp */ = {isa = PBXFileReference; fileEncoding = 4; lastKnownFileType = sourcecode.cpp.cpp; path = FIndexList.cpp; sourceTree = "<group>"; };
		50183D2920F2C4B100C776FA /* FIndexList.h */ = {isa = PBXFileReference; fileEncoding = 4; lastKnownFileType = sourcecode.c.h; path = FIndexList.h; sourceTree = "<group>"; };
		50183D2C20F2C4B100C776FA /* FJoystick.cpp */ = {isa = PBXFileReference; fileEncoding = 4; lastKnownFileType = sourcecode.cpp.cpp; path = FJoystick.cpp; sourceTree = "<group>"; };
		50183D2D20F2C4B100C776FA /* FJoystick.h */ = {isa = PBXFileReference; fileEncoding = 4; lastKnownFileType = sourcecode.c.h; path = FJoystick.h; sourceTree = "<group>"; };
		50183D2E20F2C4B100C776FA /* FLine.cpp */ = {isa = PBXFileReference; fileEncoding = 4; lastKnownFileType = sourcecode.cpp.cpp; path = FLine.cpp; sourceTree = "<group>"; };
		50183D2F20F2C4B100C776FA /* FLine.h */ = {isa = PBXFileReference; fileEncoding = 4; lastKnownFileType = sourcecode.c.h; path = FLine.h; sourceTree = "<group>"; };
		50183D3020F2C4B100C776FA /* FList.cpp */ = {isa = PBXFileReference; fileEncoding = 4; lastKnownFileType = sourcecode.cpp.cpp; path = FList.cpp; sourceTree = "<group>"; };
		50183D3120F2C4B100C776FA /* FList.h */ = {isa = PBXFileReference; fileEncoding = 4; lastKnownFileType = sourcecode.c.h; path = FList.h; sourceTree = "<group>"; };
		50183D3220F2C4B100C776FA /* FMath.cpp */ = {isa = PBXFileReference; fileEncoding = 4; lastKnownFileType = sourcecode.cpp.cpp; path = FMath.cpp; sourceTree = "<group>"; };
		50183D3320F2C4B100C776FA /* FMath.h */ = {isa = PBXFileReference; fileEncoding = 4; lastKnownFileType = sourcecode.c.h; path = FMath.h; sourceTree = "<group>"; };
		50183D3420F2C4B100C776FA /* FMatrix.cpp */ = {isa = PBXFileReference; fileEncoding = 4; lastKnownFileType = sourcecode.cpp.cpp; path = FMatrix.cpp; sourceTree = "<group>"; };
		50183D3520F2C4B100C776FA /* FMatrix.h */ = {isa = PBXFileReference; fileEncoding = 4; lastKnownFileType = sourcecode.c.h; path = FMatrix.h; sourceTree = "<group>"; };
		50183D3620F2C4B100C776FA /* FModelData.cpp */ = {isa = PBXFileReference; fileEncoding = 4; lastKnownFileType = sourcecode.cpp.cpp; path = FModelData.cpp; sourceTree = "<group>"; };
		50183D3720F2C4B100C776FA /* FModelData.h */ = {isa = PBXFileReference; fileEncoding = 4; lastKnownFileType = sourcecode.c.h; path = FModelData.h; sourceTree = "<group>"; };
		50183D3820F2C4B100C776FA /* FModelDataSequence.cpp */ = {isa = PBXFileReference; fileEncoding = 4; lastKnownFileType = sourcecode.cpp.cpp; path = FModelDataSequence.cpp; sourceTree = "<group>"; };
		50183D3920F2C4B100C776FA /* FModelDataSequence.h */ = {isa = PBXFileReference; fileEncoding = 4; lastKnownFileType = sourcecode.c.h; path = FModelDataSequence.h; sourceTree = "<group>"; };
		50183D3C20F2C4B100C776FA /* FNotificationCenter.cpp */ = {isa = PBXFileReference; fileEncoding = 4; lastKnownFileType = sourcecode.cpp.cpp; path = FNotificationCenter.cpp; sourceTree = "<group>"; };
		50183D3D20F2C4B100C776FA /* FNotificationCenter.hpp */ = {isa = PBXFileReference; fileEncoding = 4; lastKnownFileType = sourcecode.cpp.h; path = FNotificationCenter.hpp; sourceTree = "<group>"; };
		50183D3E20F2C4B100C776FA /* FObject.cpp */ = {isa = PBXFileReference; fileEncoding = 4; lastKnownFileType = sourcecode.cpp.cpp; path = FObject.cpp; sourceTree = "<group>"; };
		50183D3F20F2C4B100C776FA /* FObject.h */ = {isa = PBXFileReference; fileEncoding = 4; lastKnownFileType = sourcecode.c.h; path = FObject.h; sourceTree = "<group>"; };
		50183D4020F2C4B100C776FA /* FParticle.cpp */ = {isa = PBXFileReference; fileEncoding = 4; lastKnownFileType = sourcecode.cpp.cpp; path = FParticle.cpp; sourceTree = "<group>"; };
		50183D4120F2C4B100C776FA /* FParticle.h */ = {isa = PBXFileReference; fileEncoding = 4; lastKnownFileType = sourcecode.c.h; path = FParticle.h; sourceTree = "<group>"; };
		50183D4220F2C4B100C776FA /* FPoint.cpp */ = {isa = PBXFileReference; fileEncoding = 4; lastKnownFileType = sourcecode.cpp.cpp; path = FPoint.cpp; sourceTree = "<group>"; };
		50183D4320F2C4B100C776FA /* FPoint.h */ = {isa = PBXFileReference; fileEncoding = 4; lastKnownFileType = sourcecode.c.h; path = FPoint.h; sourceTree = "<group>"; };
		50183D4420F2C4B100C776FA /* FPointList.cpp */ = {isa = PBXFileReference; fileEncoding = 4; lastKnownFileType = sourcecode.cpp.cpp; path = FPointList.cpp; sourceTree = "<group>"; };
		50183D4520F2C4B100C776FA /* FPointList.h */ = {isa = PBXFileReference; fileEncoding = 4; lastKnownFileType = sourcecode.c.h; path = FPointList.h; sourceTree = "<group>"; };
		50183D4620F2C4B100C776FA /* FPolyPath.cpp */ = {isa = PBXFileReference; fileEncoding = 4; lastKnownFileType = sourcecode.cpp.cpp; path = FPolyPath.cpp; sourceTree = "<group>"; };
		50183D4720F2C4B100C776FA /* FPolyPath.h */ = {isa = PBXFileReference; fileEncoding = 4; lastKnownFileType = sourcecode.c.h; path = FPolyPath.h; sourceTree = "<group>"; };
		50183D4820F2C4B100C776FA /* FPrimitive.cpp */ = {isa = PBXFileReference; fileEncoding = 4; lastKnownFileType = sourcecode.cpp.cpp; path = FPrimitive.cpp; sourceTree = "<group>"; };
		50183D4920F2C4B100C776FA /* FPrimitive.h */ = {isa = PBXFileReference; fileEncoding = 4; lastKnownFileType = sourcecode.c.h; path = FPrimitive.h; sourceTree = "<group>"; };
		50183D4A20F2C4B100C776FA /* FQuad.cpp */ = {isa = PBXFileReference; fileEncoding = 4; lastKnownFileType = sourcecode.cpp.cpp; path = FQuad.cpp; sourceTree = "<group>"; };
		50183D4B20F2C4B100C776FA /* FQuad.h */ = {isa = PBXFileReference; fileEncoding = 4; lastKnownFileType = sourcecode.c.h; path = FQuad.h; sourceTree = "<group>"; };
		50183D4C20F2C4B100C776FA /* FRandomizer.cpp */ = {isa = PBXFileReference; fileEncoding = 4; lastKnownFileType = sourcecode.cpp.cpp; path = FRandomizer.cpp; sourceTree = "<group>"; };
		50183D4D20F2C4B100C776FA /* FRandomizer.hpp */ = {isa = PBXFileReference; fileEncoding = 4; lastKnownFileType = sourcecode.cpp.h; path = FRandomizer.hpp; sourceTree = "<group>"; };
		50183D4E20F2C4B100C776FA /* FRect.cpp */ = {isa = PBXFileReference; fileEncoding = 4; lastKnownFileType = sourcecode.cpp.cpp; path = FRect.cpp; sourceTree = "<group>"; };
		50183D4F20F2C4B100C776FA /* FRect.h */ = {isa = PBXFileReference; fileEncoding = 4; lastKnownFileType = sourcecode.c.h; path = FRect.h; sourceTree = "<group>"; };
		50183D5020F2C4B100C776FA /* FResource.cpp */ = {isa = PBXFileReference; fileEncoding = 4; lastKnownFileType = sourcecode.cpp.cpp; path = FResource.cpp; sourceTree = "<group>"; };
		50183D5120F2C4B100C776FA /* FResource.h */ = {isa = PBXFileReference; fileEncoding = 4; lastKnownFileType = sourcecode.c.h; path = FResource.h; sourceTree = "<group>"; };
		50183D5220F2C4B100C776FA /* FScrollCanvas.cpp */ = {isa = PBXFileReference; fileEncoding = 4; lastKnownFileType = sourcecode.cpp.cpp; path = FScrollCanvas.cpp; sourceTree = "<group>"; };
		50183D5320F2C4B100C776FA /* FScrollCanvas.hpp */ = {isa = PBXFileReference; fileEncoding = 4; lastKnownFileType = sourcecode.cpp.h; path = FScrollCanvas.hpp; sourceTree = "<group>"; };
		50183D5420F2C4B100C776FA /* FSize.cpp */ = {isa = PBXFileReference; fileEncoding = 4; lastKnownFileType = sourcecode.cpp.cpp; path = FSize.cpp; sourceTree = "<group>"; };
		50183D5520F2C4B100C776FA /* FSize.h */ = {isa = PBXFileReference; fileEncoding = 4; lastKnownFileType = sourcecode.c.h; path = FSize.h; sourceTree = "<group>"; };
		50183D5620F2C4B100C776FA /* FSlider.cpp */ = {isa = PBXFileReference; fileEncoding = 4; lastKnownFileType = sourcecode.cpp.cpp; path = FSlider.cpp; sourceTree = "<group>"; };
		50183D5720F2C4B100C776FA /* FSlider.hpp */ = {isa = PBXFileReference; fileEncoding = 4; lastKnownFileType = sourcecode.cpp.h; path = FSlider.hpp; sourceTree = "<group>"; };
		50183D5820F2C4B100C776FA /* FSound.cpp */ = {isa = PBXFileReference; fileEncoding = 4; lastKnownFileType = sourcecode.cpp.cpp; path = FSound.cpp; sourceTree = "<group>"; };
		50183D5920F2C4B100C776FA /* FSound.h */ = {isa = PBXFileReference; fileEncoding = 4; lastKnownFileType = sourcecode.c.h; path = FSound.h; sourceTree = "<group>"; };
		50183D5A20F2C4B100C776FA /* FSpline.cpp */ = {isa = PBXFileReference; fileEncoding = 4; lastKnownFileType = sourcecode.cpp.cpp; path = FSpline.cpp; sourceTree = "<group>"; };
		50183D5B20F2C4B100C776FA /* FSpline.h */ = {isa = PBXFileReference; fileEncoding = 4; lastKnownFileType = sourcecode.c.h; path = FSpline.h; sourceTree = "<group>"; };
		50183D5C20F2C4B100C776FA /* FSprite.cpp */ = {isa = PBXFileReference; fileEncoding = 4; lastKnownFileType = sourcecode.cpp.cpp; path = FSprite.cpp; sourceTree = "<group>"; };
		50183D5D20F2C4B100C776FA /* FSprite.h */ = {isa = PBXFileReference; fileEncoding = 4; lastKnownFileType = sourcecode.c.h; path = FSprite.h; sourceTree = "<group>"; };
		50183D5E20F2C4B100C776FA /* FSpriteSequence.cpp */ = {isa = PBXFileReference; fileEncoding = 4; lastKnownFileType = sourcecode.cpp.cpp; path = FSpriteSequence.cpp; sourceTree = "<group>"; };
		50183D5F20F2C4B100C776FA /* FSpriteSequence.h */ = {isa = PBXFileReference; fileEncoding = 4; lastKnownFileType = sourcecode.c.h; path = FSpriteSequence.h; sourceTree = "<group>"; };
		50183D6020F2C4B100C776FA /* FString.cpp */ = {isa = PBXFileReference; fileEncoding = 4; lastKnownFileType = sourcecode.cpp.cpp; path = FString.cpp; sourceTree = "<group>"; };
		50183D6120F2C4B100C776FA /* FString.h */ = {isa = PBXFileReference; fileEncoding = 4; lastKnownFileType = sourcecode.c.h; path = FString.h; sourceTree = "<group>"; };
		50183D6220F2C4B100C776FA /* FStringBuffer.cpp */ = {isa = PBXFileReference; fileEncoding = 4; lastKnownFileType = sourcecode.cpp.cpp; path = FStringBuffer.cpp; sourceTree = "<group>"; };
		50183D6320F2C4B100C776FA /* FStringBuffer.h */ = {isa = PBXFileReference; fileEncoding = 4; lastKnownFileType = sourcecode.c.h; path = FStringBuffer.h; sourceTree = "<group>"; };
		50183D6420F2C4B100C776FA /* FTexture.cpp */ = {isa = PBXFileReference; fileEncoding = 4; lastKnownFileType = sourcecode.cpp.cpp; path = FTexture.cpp; sourceTree = "<group>"; };
		50183D6520F2C4B100C776FA /* FTexture.h */ = {isa = PBXFileReference; fileEncoding = 4; lastKnownFileType = sourcecode.c.h; path = FTexture.h; sourceTree = "<group>"; };
		50183D6620F2C4B100C776FA /* FTextureCache.cpp */ = {isa = PBXFileReference; fileEncoding = 4; lastKnownFileType = sourcecode.cpp.cpp; path = FTextureCache.cpp; sourceTree = "<group>"; };
		50183D6720F2C4B100C776FA /* FTextureCache.h */ = {isa = PBXFileReference; fileEncoding = 4; lastKnownFileType = sourcecode.c.h; path = FTextureCache.h; sourceTree = "<group>"; };
		50183D6820F2C4B100C776FA /* FTouchManager.cpp */ = {isa = PBXFileReference; fileEncoding = 4; lastKnownFileType = sourcecode.cpp.cpp; path = FTouchManager.cpp; sourceTree = "<group>"; };
		50183D6920F2C4B100C776FA /* FTouchManager.h */ = {isa = PBXFileReference; fileEncoding = 4; lastKnownFileType = sourcecode.c.h; path = FTouchManager.h; sourceTree = "<group>"; };
		50183D6A20F2C4B100C776FA /* FVec2.cpp */ = {isa = PBXFileReference; fileEncoding = 4; lastKnownFileType = sourcecode.cpp.cpp; path = FVec2.cpp; sourceTree = "<group>"; };
		50183D6B20F2C4B100C776FA /* FVec2.h */ = {isa = PBXFileReference; fileEncoding = 4; lastKnownFileType = sourcecode.c.h; path = FVec2.h; sourceTree = "<group>"; };
		50183D6C20F2C4B100C776FA /* FVec3.cpp */ = {isa = PBXFileReference; fileEncoding = 4; lastKnownFileType = sourcecode.cpp.cpp; path = FVec3.cpp; sourceTree = "<group>"; };
		50183D6D20F2C4B100C776FA /* FVec3.h */ = {isa = PBXFileReference; fileEncoding = 4; lastKnownFileType = sourcecode.c.h; path = FVec3.h; sourceTree = "<group>"; };
		50183D6E20F2C4B100C776FA /* FVertexBuffer.cpp */ = {isa = PBXFileReference; fileEncoding = 4; lastKnownFileType = sourcecode.cpp.cpp; path = FVertexBuffer.cpp; sourceTree = "<group>"; };
		50183D6F20F2C4B100C776FA /* FVertexBuffer.h */ = {isa = PBXFileReference; fileEncoding = 4; lastKnownFileType = sourcecode.c.h; path = FVertexBuffer.h; sourceTree = "<group>"; };
		50183D7020F2C4B100C776FA /* FWindow.cpp */ = {isa = PBXFileReference; fileEncoding = 4; lastKnownFileType = sourcecode.cpp.cpp; path = FWindow.cpp; sourceTree = "<group>"; };
		50183D7120F2C4B100C776FA /* FWindow.hpp */ = {isa = PBXFileReference; fileEncoding = 4; lastKnownFileType = sourcecode.cpp.h; path = FWindow.hpp; sourceTree = "<group>"; };
		50183D7220F2C4B100C776FA /* FXML.cpp */ = {isa = PBXFileReference; fileEncoding = 4; lastKnownFileType = sourcecode.cpp.cpp; path = FXML.cpp; sourceTree = "<group>"; };
		50183D7320F2C4B100C776FA /* FXML.h */ = {isa = PBXFileReference; fileEncoding = 4; lastKnownFileType = sourcecode.c.h; path = FXML.h; sourceTree = "<group>"; };
		50183D8220F2C4B100C776FA /* FScrollView.cpp */ = {isa = PBXFileReference; fileEncoding = 4; lastKnownFileType = sourcecode.cpp.cpp; path = FScrollView.cpp; sourceTree = "<group>"; };
		50183D8320F2C4B100C776FA /* FScrollView.h */ = {isa = PBXFileReference; fileEncoding = 4; lastKnownFileType = sourcecode.c.h; path = FScrollView.h; sourceTree = "<group>"; };
		50183D8420F2C4B100C776FA /* FScrollViewPaged.cpp */ = {isa = PBXFileReference; fileEncoding = 4; lastKnownFileType = sourcecode.cpp.cpp; path = FScrollViewPaged.cpp; sourceTree = "<group>"; };
		50183D8520F2C4B100C776FA /* FScrollViewPaged.h */ = {isa = PBXFileReference; fileEncoding = 4; lastKnownFileType = sourcecode.c.h; path = FScrollViewPaged.h; sourceTree = "<group>"; };
		50183D8620F2C4B100C776FA /* FView.cpp */ = {isa = PBXFileReference; fileEncoding = 4; lastKnownFileType = sourcecode.cpp.cpp; path = FView.cpp; sourceTree = "<group>"; };
		50183D8720F2C4B100C776FA /* FView.h */ = {isa = PBXFileReference; fileEncoding = 4; lastKnownFileType = sourcecode.c.h; path = FView.h; sourceTree = "<group>"; };
		50183D8820F2C4B100C776FA /* FViewAnimation.cpp */ = {isa = PBXFileReference; fileEncoding = 4; lastKnownFileType = sourcecode.cpp.cpp; path = FViewAnimation.cpp; sourceTree = "<group>"; };
		50183D8920F2C4B100C776FA /* FViewAnimation.h */ = {isa = PBXFileReference; fileEncoding = 4; lastKnownFileType = sourcecode.c.h; path = FViewAnimation.h; sourceTree = "<group>"; };
		50183D8A20F2C4B100C776FA /* FViewContainer.cpp */ = {isa = PBXFileReference; fileEncoding = 4; lastKnownFileType = sourcecode.cpp.cpp; path = FViewContainer.cpp; sourceTree = "<group>"; };
		50183D8B20F2C4B100C776FA /* FViewContainer.h */ = {isa = PBXFileReference; fileEncoding = 4; lastKnownFileType = sourcecode.c.h; path = FViewContainer.h; sourceTree = "<group>"; };
		50183D8C20F2C4B100C776FA /* FViewController.cpp */ = {isa = PBXFileReference; fileEncoding = 4; lastKnownFileType = sourcecode.cpp.cpp; path = FViewController.cpp; sourceTree = "<group>"; };
		50183D8D20F2C4B100C776FA /* FViewController.h */ = {isa = PBXFileReference; fileEncoding = 4; lastKnownFileType = sourcecode.c.h; path = FViewController.h; sourceTree = "<group>"; };
		50183D8E20F2C4B100C776FA /* FViewTransform.cpp */ = {isa = PBXFileReference; fileEncoding = 4; lastKnownFileType = sourcecode.cpp.cpp; path = FViewTransform.cpp; sourceTree = "<group>"; };
		50183D8F20F2C4B100C776FA /* FViewTransform.h */ = {isa = PBXFileReference; fileEncoding = 4; lastKnownFileType = sourcecode.c.h; path = FViewTransform.h; sourceTree = "<group>"; };
		50183D9120F2C4B100C776FA /* os_core_app_shell.h */ = {isa = PBXFileReference; fileEncoding = 4; lastKnownFileType = sourcecode.c.h; path = os_core_app_shell.h; sourceTree = "<group>"; };
		50183D9220F2C4B100C776FA /* os_core_app_shell_mac.mm */ = {isa = PBXFileReference; fileEncoding = 4; lastKnownFileType = sourcecode.cpp.objcpp; path = os_core_app_shell_mac.mm; sourceTree = "<group>"; };
		50183D9320F2C4B100C776FA /* os_core_includes.cpp */ = {isa = PBXFileReference; fileEncoding = 4; lastKnownFileType = sourcecode.cpp.cpp; path = os_core_includes.cpp; sourceTree = "<group>"; };
		50183D9420F2C4B100C776FA /* os_core_includes.h */ = {isa = PBXFileReference; fileEncoding = 4; lastKnownFileType = sourcecode.c.h; path = os_core_includes.h; sourceTree = "<group>"; };
		50183D9520F2C4B100C776FA /* os_core_outlets.h */ = {isa = PBXFileReference; fileEncoding = 4; lastKnownFileType = sourcecode.c.h; path = os_core_outlets.h; sourceTree = "<group>"; };
		50183D9620F2C4B100C776FA /* os_core_outlets_mac.mm */ = {isa = PBXFileReference; fileEncoding = 4; lastKnownFileType = sourcecode.cpp.objcpp; path = os_core_outlets_mac.mm; sourceTree = "<group>"; };
		50183D9720F2C4B100C776FA /* os_core_social.cpp */ = {isa = PBXFileReference; fileEncoding = 4; lastKnownFileType = sourcecode.cpp.cpp; path = os_core_social.cpp; sourceTree = "<group>"; };
		50183D9820F2C4B100C776FA /* os_core_social.h */ = {isa = PBXFileReference; fileEncoding = 4; lastKnownFileType = sourcecode.c.h; path = os_core_social.h; sourceTree = "<group>"; };
		50183D9920F2C4B100C776FA /* os_core_sound.h */ = {isa = PBXFileReference; fileEncoding = 4; lastKnownFileType = sourcecode.c.h; path = os_core_sound.h; sourceTree = "<group>"; };
		50183D9A20F2C4B100C776FA /* os_core_sound_mac.mm */ = {isa = PBXFileReference; fileEncoding = 4; lastKnownFileType = sourcecode.cpp.objcpp; path = os_core_sound_mac.mm; sourceTree = "<group>"; };
		50183D9B20F2C4B100C776FA /* os_core_web.cpp */ = {isa = PBXFileReference; fileEncoding = 4; lastKnownFileType = sourcecode.cpp.cpp; path = os_core_web.cpp; sourceTree = "<group>"; };
		50183D9C20F2C4B100C776FA /* os_core_web.h */ = {isa = PBXFileReference; fileEncoding = 4; lastKnownFileType = sourcecode.c.h; path = os_core_web.h; sourceTree = "<group>"; };
		50183D9D20F2C4B100C776FA /* OSInputGrabber.h */ = {isa = PBXFileReference; fileEncoding = 4; lastKnownFileType = sourcecode.c.h; path = OSInputGrabber.h; sourceTree = "<group>"; };
		50183D9E20F2C4B100C776FA /* OSInputGrabber.mm */ = {isa = PBXFileReference; fileEncoding = 4; lastKnownFileType = sourcecode.cpp.objcpp; path = OSInputGrabber.mm; sourceTree = "<group>"; };
		50183D9F20F2C4B100C776FA /* OSMusicPlayer.h */ = {isa = PBXFileReference; fileEncoding = 4; lastKnownFileType = sourcecode.c.h; path = OSMusicPlayer.h; sourceTree = "<group>"; };
		50183DA020F2C4B100C776FA /* OSMusicPlayer.mm */ = {isa = PBXFileReference; fileEncoding = 4; lastKnownFileType = sourcecode.cpp.objcpp; path = OSMusicPlayer.mm; sourceTree = "<group>"; };
		50183E0820F2C53700C776FA /* GLUT.framework */ = {isa = PBXFileReference; lastKnownFileType = wrapper.framework; name = GLUT.framework; path = System/Library/Frameworks/GLUT.framework; sourceTree = SDKROOT; };
		50183E0920F2C53700C776FA /* Foundation.framework */ = {isa = PBXFileReference; lastKnownFileType = wrapper.framework; name = Foundation.framework; path = System/Library/Frameworks/Foundation.framework; sourceTree = SDKROOT; };
		50183E0A20F2C53700C776FA /* AVFoundation.framework */ = {isa = PBXFileReference; lastKnownFileType = wrapper.framework; name = AVFoundation.framework; path = System/Library/Frameworks/AVFoundation.framework; sourceTree = SDKROOT; };
		50183E0B20F2C53700C776FA /* OpenGL.framework */ = {isa = PBXFileReference; lastKnownFileType = wrapper.framework; name = OpenGL.framework; path = System/Library/Frameworks/OpenGL.framework; sourceTree = SDKROOT; };
		50183E0C20F2C53700C776FA /* QuartzCore.framework */ = {isa = PBXFileReference; lastKnownFileType = wrapper.framework; name = QuartzCore.framework; path = System/Library/Frameworks/QuartzCore.framework; sourceTree = SDKROOT; };
		50183E0D20F2C53700C776FA /* AudioToolbox.framework */ = {isa = PBXFileReference; lastKnownFileType = wrapper.framework; name = AudioToolbox.framework; path = System/Library/Frameworks/AudioToolbox.framework; sourceTree = SDKROOT; };
		50183E0E20F2C53800C776FA /* OpenAL.framework */ = {isa = PBXFileReference; lastKnownFileType = wrapper.framework; name = OpenAL.framework; path = System/Library/Frameworks/OpenAL.framework; sourceTree = SDKROOT; };
		50183E1620F2C55200C776FA /* Cocoa.framework */ = {isa = PBXFileReference; lastKnownFileType = wrapper.framework; name = Cocoa.framework; path = System/Library/Frameworks/Cocoa.framework; sourceTree = SDKROOT; };
		5039F4A120F7B85E0048EC1B /* AnimatedGamePath.cpp */ = {isa = PBXFileReference; lastKnownFileType = sourcecode.cpp.cpp; path = AnimatedGamePath.cpp; sourceTree = "<group>"; };
		5039F4A220F7B85E0048EC1B /* AnimatedGamePath.hpp */ = {isa = PBXFileReference; lastKnownFileType = sourcecode.cpp.h; path = AnimatedGamePath.hpp; sourceTree = "<group>"; };
		50CBEA7A20F2C31000DD30B2 /* Apex.app */ = {isa = PBXFileReference; explicitFileType = wrapper.application; includeInIndex = 0; path = Apex.app; sourceTree = BUILT_PRODUCTS_DIR; };
		50CBEA8520F2C31000DD30B2 /* Info.plist */ = {isa = PBXFileReference; lastKnownFileType = text.plist.xml; path = Info.plist; sourceTree = "<group>"; };
		50CBEA8820F2C31000DD30B2 /* Apex.entitlements */ = {isa = PBXFileReference; lastKnownFileType = text.plist.entitlements; path = Apex.entitlements; sourceTree = "<group>"; };
		50CBEA8E20F2C40800DD30B2 /* main.cpp */ = {isa = PBXFileReference; fileEncoding = 4; lastKnownFileType = sourcecode.cpp.cpp; path = main.cpp; sourceTree = "<group>"; };
		50CF4E7020F9840200C8A5E5 /* EditorMainMenu.cpp */ = {isa = PBXFileReference; fileEncoding = 4; lastKnownFileType = sourcecode.cpp.cpp; path = EditorMainMenu.cpp; sourceTree = "<group>"; };
		50CF4E7120F9840200C8A5E5 /* EditorMainMenu.hpp */ = {isa = PBXFileReference; fileEncoding = 4; lastKnownFileType = sourcecode.cpp.h; path = EditorMainMenu.hpp; sourceTree = "<group>"; };
		50E0CF9520F8E0D200616486 /* EditorGameArena.cpp */ = {isa = PBXFileReference; fileEncoding = 4; lastKnownFileType = sourcecode.cpp.cpp; path = EditorGameArena.cpp; sourceTree = "<group>"; };
		50E0CF9620F8E0D200616486 /* EditorGameArena.hpp */ = {isa = PBXFileReference; fileEncoding = 4; lastKnownFileType = sourcecode.cpp.h; path = EditorGameArena.hpp; sourceTree = "<group>"; };
/* End PBXFileReference section */

/* Begin PBXFrameworksBuildPhase section */
		50CBEA7720F2C31000DD30B2 /* Frameworks */ = {
			isa = PBXFrameworksBuildPhase;
			buildActionMask = 2147483647;
			files = (
				50183E1720F2C55200C776FA /* Cocoa.framework in Frameworks */,
				50183E0F20F2C53800C776FA /* GLUT.framework in Frameworks */,
				50183E1020F2C53800C776FA /* Foundation.framework in Frameworks */,
				50183E1120F2C53800C776FA /* AVFoundation.framework in Frameworks */,
				50183E1220F2C53800C776FA /* OpenGL.framework in Frameworks */,
				50183E1320F2C53800C776FA /* QuartzCore.framework in Frameworks */,
				50183E1420F2C53800C776FA /* AudioToolbox.framework in Frameworks */,
				50183E1520F2C53800C776FA /* OpenAL.framework in Frameworks */,
			);
			runOnlyForDeploymentPostprocessing = 0;
		};
/* End PBXFrameworksBuildPhase section */

/* Begin PBXGroup section */
		0DC1E1D920F6CE14006349B6 /* Classes */ = {
			isa = PBXGroup;
			children = (
				50E0CF9420F8E0D200616486 /* [[Editor]] */,
				0DC1E1F020F6CE14006349B6 /* [[Playground]] */,
				5039F4A120F7B85E0048EC1B /* AnimatedGamePath.cpp */,
				5039F4A220F7B85E0048EC1B /* AnimatedGamePath.hpp */,
				0DC1E23920F6CE14006349B6 /* GameArena.cpp */,
				0DC1E1DC20F6CE14006349B6 /* GameArena.h */,
				0DC1E1E420F6CE14006349B6 /* GameObject.cpp */,
				0DC1E1DE20F6CE14006349B6 /* GameObject.h */,
				0DC1E1E220F6CE14006349B6 /* GamePath.cpp */,
				0DC1E1EF20F6CE14006349B6 /* GamePath.h */,
				0DC1E1E820F6CE14006349B6 /* GameTile.cpp */,
				0DC1E1EC20F6CE14006349B6 /* GameTile.h */,
				0DC1E23B20F6CE14006349B6 /* GLApp.cpp */,
				0DC1E1E020F6CE14006349B6 /* GLApp.h */,
				0DC1E23A20F6CE14006349B6 /* SpriteSequenceNested.cpp */,
				0DC1E1DF20F6CE14006349B6 /* SpriteSequenceNested.h */,
				0DC1E23020F6CE14006349B6 /* TilePathFinder.cpp */,
				0DC1E23420F6CE14006349B6 /* TilePathFinder.h */,
				0DC1E1E520F6CE14006349B6 /* TilePathFinderHeap.cpp */,
				0DC1E1EB20F6CE14006349B6 /* TilePathFinderHeap.h */,
				0DC1E1E720F6CE14006349B6 /* Tower.cpp */,
				0DC1E1E120F6CE14006349B6 /* Tower.h */,
				0DC1E22E20F6CE14006349B6 /* TowerBullet.cpp */,
				0DC1E1DD20F6CE14006349B6 /* TowerBullet.h */,
				0DC1E1EE20F6CE14006349B6 /* TowerDetailMenu.cpp */,
				0DC1E1DB20F6CE14006349B6 /* TowerDetailMenu.h */,
				0DC1E23C20F6CE14006349B6 /* TowerPickerMenu.cpp */,
				0DC1E22C20F6CE14006349B6 /* TowerPickerMenu.h */,
				0DC1E23120F6CE14006349B6 /* TowerPickerMenuButton.cpp */,
				0DC1E23820F6CE14006349B6 /* TowerPickerMenuButton.h */,
				0DC1E23320F6CE14006349B6 /* Unit.cpp */,
				0DC1E1EA20F6CE14006349B6 /* Unit.h */,
				0DC1E23620F6CE14006349B6 /* Util_ScreenFrame.cpp */,
				0DC1E23D20F6CE14006349B6 /* Util_ScreenFrame.h */,
				0DC1E1E320F6CE14006349B6 /* WorldContainer.cpp */,
				0DC1E23E20F6CE14006349B6 /* WorldContainer.hpp */,
				0DC1E1E620F6CE14006349B6 /* WorldGestureContainer.cpp */,
				0DC1E22F20F6CE14006349B6 /* WorldGestureContainer.hpp */,
				0DC1E23520F6CE14006349B6 /* WorldMenu.cpp */,
				0DC1E1ED20F6CE14006349B6 /* WorldMenu.hpp */,
				0DC1E1E920F6CE14006349B6 /* WorldTransformContainer.cpp */,
				0DC1E23220F6CE14006349B6 /* WorldTransformContainer.hpp */,
			);
			path = Classes;
			sourceTree = "<group>";
		};
		0DC1E1F020F6CE14006349B6 /* [[Playground]] */ = {
			isa = PBXGroup;
			children = (
				0DC1E1F120F6CE14006349B6 /* PGPathEditor.cpp */,
				0DC1E1F220F6CE14006349B6 /* PathEditorMenu.hpp */,
				0DC1E1F320F6CE14006349B6 /* [[Menu Components]] */,
				0DC1E20220F6CE14006349B6 /* PGMainToolbar.hpp */,
				0DC1E20320F6CE14006349B6 /* PGPath.hpp */,
				0DC1E20420F6CE14006349B6 /* PGNode.cpp */,
				0DC1E20520F6CE14006349B6 /* ScreenTransformMenu.cpp */,
				0DC1E20620F6CE14006349B6 /* ToolMenuModalUnderlay.cpp */,
				0DC1E20720F6CE14006349B6 /* PGMainCanvas.hpp */,
				0DC1E20820F6CE14006349B6 /* [[UI Components]] */,
				0DC1E21F20F6CE14006349B6 /* PGMainToolbar.cpp */,
				0DC1E22020F6CE14006349B6 /* PGPath.cpp */,
				0DC1E22120F6CE14006349B6 /* [Image Picker] */,
				0DC1E22620F6CE14006349B6 /* PGNode.hpp */,
				0DC1E22720F6CE14006349B6 /* ScreenTransformMenu.hpp */,
				0DC1E22820F6CE14006349B6 /* ToolMenuModalUnderlay.hpp */,
				0DC1E22920F6CE14006349B6 /* PGMainCanvas.cpp */,
				0DC1E22A20F6CE14006349B6 /* PGPathEditor.hpp */,
				0DC1E22B20F6CE14006349B6 /* PathEditorMenu.cpp */,
			);
			path = "[[Playground]]";
			sourceTree = "<group>";
		};
		0DC1E1F320F6CE14006349B6 /* [[Menu Components]] */ = {
			isa = PBXGroup;
			children = (
				0DC1E1F420F6CE14006349B6 /* ToolMenuPanelHeader.hpp */,
				0DC1E1F520F6CE14006349B6 /* ToolMenuPanel.hpp */,
				0DC1E1F620F6CE14006349B6 /* DragableCanvas.hpp */,
				0DC1E1F720F6CE14006349B6 /* ToolMenuHeader.cpp */,
				0DC1E1F820F6CE14006349B6 /* ToolMenuSection.hpp */,
				0DC1E1F920F6CE14006349B6 /* ToolMenu.hpp */,
				0DC1E1FA20F6CE14006349B6 /* ToolMenuSectionRow.cpp */,
				0DC1E1FB20F6CE14006349B6 /* DragableCanvas.cpp */,
				0DC1E1FC20F6CE14006349B6 /* ToolMenuHeader.hpp */,
				0DC1E1FD20F6CE14006349B6 /* ToolMenuSection.cpp */,
				0DC1E1FE20F6CE14006349B6 /* ToolMenu.cpp */,
				0DC1E1FF20F6CE14006349B6 /* ToolMenuSectionRow.hpp */,
				0DC1E20020F6CE14006349B6 /* ToolMenuPanelHeader.cpp */,
				0DC1E20120F6CE14006349B6 /* ToolMenuPanel.cpp */,
			);
			path = "[[Menu Components]]";
			sourceTree = "<group>";
		};
		0DC1E20820F6CE14006349B6 /* [[UI Components]] */ = {
			isa = PBXGroup;
			children = (
				0DC1E21120F6CE14006349B6 /* UIAlignmentPicker.cpp */,
				0DC1E21520F6CE14006349B6 /* UIAlignmentPicker.hpp */,
				0DC1E21220F6CE14006349B6 /* UIAlignmentPickerButton.cpp */,
				0DC1E21620F6CE14006349B6 /* UIAlignmentPickerButton.hpp */,
				0DC1E20E20F6CE14006349B6 /* UIButton.cpp */,
				0DC1E21D20F6CE14006349B6 /* UIButton.hpp */,
				0DC1E21020F6CE14006349B6 /* UICheckBox.cpp */,
				0DC1E21420F6CE14006349B6 /* UICheckBox.hpp */,
				0DC1E20B20F6CE14006349B6 /* UIElement.cpp */,
				0DC1E21A20F6CE14006349B6 /* UIElement.hpp */,
				0DC1E20A20F6CE14006349B6 /* UILabel.cpp */,
				0DC1E21920F6CE14006349B6 /* UILabel.hpp */,
				0DC1E21720F6CE14006349B6 /* UIRoundedRect.cpp */,
				0DC1E21320F6CE14006349B6 /* UIRoundedRect.hpp */,
				0DC1E20D20F6CE14006349B6 /* UISegment.cpp */,
				0DC1E21B20F6CE14006349B6 /* UISegment.hpp */,
				0DC1E20F20F6CE14006349B6 /* UISegmentButton.cpp */,
				0DC1E21E20F6CE14006349B6 /* UISegmentButton.hpp */,
				0DC1E21C20F6CE14006349B6 /* UISlider.cpp */,
				0DC1E20C20F6CE14006349B6 /* UISlider.hpp */,
				0DC1E21820F6CE14006349B6 /* UIStepper.cpp */,
				0DC1E20920F6CE14006349B6 /* UIStepper.hpp */,
			);
			path = "[[UI Components]]";
			sourceTree = "<group>";
		};
		0DC1E22120F6CE14006349B6 /* [Image Picker] */ = {
			isa = PBXGroup;
			children = (
				0DC1E22220F6CE14006349B6 /* UIImagePickerCell.hpp */,
				0DC1E22320F6CE14006349B6 /* UIImagePicker.hpp */,
				0DC1E22420F6CE14006349B6 /* UIImagePicker.cpp */,
				0DC1E22520F6CE14006349B6 /* UIImagePickerCell.cpp */,
			);
			path = "[Image Picker]";
			sourceTree = "<group>";
		};
		50183CFF20F2C4B100C776FA /* Framework [V] */ = {
			isa = PBXGroup;
			children = (
				50183D0020F2C4B100C776FA /* [C++ Core] */,
				50183D8120F2C4B100C776FA /* [Deprecated] */,
				50183D9020F2C4B100C776FA /* [Mac] */,
			);
			name = "Framework [V]";
			path = "../Framework [V]";
			sourceTree = "<group>";
		};
		50183D0020F2C4B100C776FA /* [C++ Core] */ = {
			isa = PBXGroup;
			children = (
				50183D0120F2C4B100C776FA /* core_app_shell.cpp */,
				50183D0220F2C4B100C776FA /* core_app_shell.h */,
				50183D0320F2C4B100C776FA /* core_graphics.cpp */,
				50183D0420F2C4B100C776FA /* core_graphics.h */,
				50183D0520F2C4B100C776FA /* core_includes.h */,
				50183D0620F2C4B100C776FA /* core_social.cpp */,
				50183D0720F2C4B100C776FA /* core_social.h */,
				50183D0820F2C4B100C776FA /* core_web.cpp */,
				50183D0920F2C4B100C776FA /* core_web.h */,
				50183D0A20F2C4B100C776FA /* FAchievement.cpp */,
				50183D0B20F2C4B100C776FA /* FAchievement.h */,
				50183D0C20F2C4B100C776FA /* FAnimation.cpp */,
				50183D0D20F2C4B100C776FA /* FAnimation.h */,
				50183D0E20F2C4B100C776FA /* FApp.cpp */,
				50183D0F20F2C4B100C776FA /* FApp.h */,
				50183D1020F2C4B100C776FA /* FButton.cpp */,
				50183D1120F2C4B100C776FA /* FButton.h */,
				50183D1220F2C4B100C776FA /* FCanvas.cpp */,
				50183D1320F2C4B100C776FA /* FCanvas.hpp */,
				50183D1420F2C4B100C776FA /* FColor.cpp */,
				50183D1520F2C4B100C776FA /* FColor.hpp */,
				50183D1620F2C4B100C776FA /* FDrawQuad.cpp */,
				50183D1720F2C4B100C776FA /* FDrawQuad.hpp */,
				50183D1820F2C4B100C776FA /* FFile.cpp */,
				50183D1920F2C4B100C776FA /* FFile.h */,
				50183D1A20F2C4B100C776FA /* FFloatList.cpp */,
				50183D1B20F2C4B100C776FA /* FFloatList.h */,
				50183D1C20F2C4B100C776FA /* FFont.cpp */,
				50183D1D20F2C4B100C776FA /* FFont.h */,
				50183D1E20F2C4B100C776FA /* FGestureCanvas.cpp */,
				50183D1F20F2C4B100C776FA /* FGestureCanvas.hpp */,
				50183D2020F2C4B100C776FA /* FGestureView.cpp */,
				50183D2120F2C4B100C776FA /* FGestureView.h */,
				50183D2220F2C4B100C776FA /* FHashTable.cpp */,
				50183D2320F2C4B100C776FA /* FHashTable.hpp */,
				50183D2420F2C4B100C776FA /* FImage.cpp */,
				50183D2520F2C4B100C776FA /* FImage.h */,
				50183D2620F2C4B100C776FA /* FImageBundler.cpp */,
				50183D2720F2C4B100C776FA /* FImageBundler.h */,
				50183D2820F2C4B100C776FA /* FIndexList.cpp */,
				50183D2920F2C4B100C776FA /* FIndexList.h */,
				50183D2C20F2C4B100C776FA /* FJoystick.cpp */,
				50183D2D20F2C4B100C776FA /* FJoystick.h */,
				50183D2E20F2C4B100C776FA /* FLine.cpp */,
				50183D2F20F2C4B100C776FA /* FLine.h */,
				50183D3020F2C4B100C776FA /* FList.cpp */,
				50183D3120F2C4B100C776FA /* FList.h */,
				50183D3220F2C4B100C776FA /* FMath.cpp */,
				50183D3320F2C4B100C776FA /* FMath.h */,
				50183D3420F2C4B100C776FA /* FMatrix.cpp */,
				50183D3520F2C4B100C776FA /* FMatrix.h */,
				50183D3620F2C4B100C776FA /* FModelData.cpp */,
				50183D3720F2C4B100C776FA /* FModelData.h */,
				50183D3820F2C4B100C776FA /* FModelDataSequence.cpp */,
				50183D3920F2C4B100C776FA /* FModelDataSequence.h */,
				50183D3C20F2C4B100C776FA /* FNotificationCenter.cpp */,
				50183D3D20F2C4B100C776FA /* FNotificationCenter.hpp */,
				50183D3E20F2C4B100C776FA /* FObject.cpp */,
				50183D3F20F2C4B100C776FA /* FObject.h */,
				50183D4020F2C4B100C776FA /* FParticle.cpp */,
				50183D4120F2C4B100C776FA /* FParticle.h */,
				50183D4220F2C4B100C776FA /* FPoint.cpp */,
				50183D4320F2C4B100C776FA /* FPoint.h */,
				50183D4420F2C4B100C776FA /* FPointList.cpp */,
				50183D4520F2C4B100C776FA /* FPointList.h */,
				50183D4620F2C4B100C776FA /* FPolyPath.cpp */,
				50183D4720F2C4B100C776FA /* FPolyPath.h */,
				50183D4820F2C4B100C776FA /* FPrimitive.cpp */,
				50183D4920F2C4B100C776FA /* FPrimitive.h */,
				50183D4A20F2C4B100C776FA /* FQuad.cpp */,
				50183D4B20F2C4B100C776FA /* FQuad.h */,
				50183D4C20F2C4B100C776FA /* FRandomizer.cpp */,
				50183D4D20F2C4B100C776FA /* FRandomizer.hpp */,
				50183D4E20F2C4B100C776FA /* FRect.cpp */,
				50183D4F20F2C4B100C776FA /* FRect.h */,
				50183D5020F2C4B100C776FA /* FResource.cpp */,
				50183D5120F2C4B100C776FA /* FResource.h */,
				50183D5220F2C4B100C776FA /* FScrollCanvas.cpp */,
				50183D5320F2C4B100C776FA /* FScrollCanvas.hpp */,
				50183D5420F2C4B100C776FA /* FSize.cpp */,
				50183D5520F2C4B100C776FA /* FSize.h */,
				50183D5620F2C4B100C776FA /* FSlider.cpp */,
				50183D5720F2C4B100C776FA /* FSlider.hpp */,
				50183D5820F2C4B100C776FA /* FSound.cpp */,
				50183D5920F2C4B100C776FA /* FSound.h */,
				50183D5A20F2C4B100C776FA /* FSpline.cpp */,
				50183D5B20F2C4B100C776FA /* FSpline.h */,
				50183D5C20F2C4B100C776FA /* FSprite.cpp */,
				50183D5D20F2C4B100C776FA /* FSprite.h */,
				50183D5E20F2C4B100C776FA /* FSpriteSequence.cpp */,
				50183D5F20F2C4B100C776FA /* FSpriteSequence.h */,
				50183D6020F2C4B100C776FA /* FString.cpp */,
				50183D6120F2C4B100C776FA /* FString.h */,
				50183D6220F2C4B100C776FA /* FStringBuffer.cpp */,
				50183D6320F2C4B100C776FA /* FStringBuffer.h */,
				50183D6420F2C4B100C776FA /* FTexture.cpp */,
				50183D6520F2C4B100C776FA /* FTexture.h */,
				50183D6620F2C4B100C776FA /* FTextureCache.cpp */,
				50183D6720F2C4B100C776FA /* FTextureCache.h */,
				50183D6820F2C4B100C776FA /* FTouchManager.cpp */,
				50183D6920F2C4B100C776FA /* FTouchManager.h */,
				50183D6A20F2C4B100C776FA /* FVec2.cpp */,
				50183D6B20F2C4B100C776FA /* FVec2.h */,
				50183D6C20F2C4B100C776FA /* FVec3.cpp */,
				50183D6D20F2C4B100C776FA /* FVec3.h */,
				50183D6E20F2C4B100C776FA /* FVertexBuffer.cpp */,
				50183D6F20F2C4B100C776FA /* FVertexBuffer.h */,
				50183D7020F2C4B100C776FA /* FWindow.cpp */,
				50183D7120F2C4B100C776FA /* FWindow.hpp */,
				50183D7220F2C4B100C776FA /* FXML.cpp */,
				50183D7320F2C4B100C776FA /* FXML.h */,
			);
			path = "[C++ Core]";
			sourceTree = "<group>";
		};
		50183D8120F2C4B100C776FA /* [Deprecated] */ = {
			isa = PBXGroup;
			children = (
				50183D8220F2C4B100C776FA /* FScrollView.cpp */,
				50183D8320F2C4B100C776FA /* FScrollView.h */,
				50183D8420F2C4B100C776FA /* FScrollViewPaged.cpp */,
				50183D8520F2C4B100C776FA /* FScrollViewPaged.h */,
				50183D8620F2C4B100C776FA /* FView.cpp */,
				50183D8720F2C4B100C776FA /* FView.h */,
				50183D8820F2C4B100C776FA /* FViewAnimation.cpp */,
				50183D8920F2C4B100C776FA /* FViewAnimation.h */,
				50183D8A20F2C4B100C776FA /* FViewContainer.cpp */,
				50183D8B20F2C4B100C776FA /* FViewContainer.h */,
				50183D8C20F2C4B100C776FA /* FViewController.cpp */,
				50183D8D20F2C4B100C776FA /* FViewController.h */,
				50183D8E20F2C4B100C776FA /* FViewTransform.cpp */,
				50183D8F20F2C4B100C776FA /* FViewTransform.h */,
			);
			path = "[Deprecated]";
			sourceTree = "<group>";
		};
		50183D9020F2C4B100C776FA /* [Mac] */ = {
			isa = PBXGroup;
			children = (
				50183D9120F2C4B100C776FA /* os_core_app_shell.h */,
				50183D9220F2C4B100C776FA /* os_core_app_shell_mac.mm */,
				50183D9320F2C4B100C776FA /* os_core_includes.cpp */,
				50183D9420F2C4B100C776FA /* os_core_includes.h */,
				50183D9520F2C4B100C776FA /* os_core_outlets.h */,
				50183D9620F2C4B100C776FA /* os_core_outlets_mac.mm */,
				50183D9720F2C4B100C776FA /* os_core_social.cpp */,
				50183D9820F2C4B100C776FA /* os_core_social.h */,
				50183D9920F2C4B100C776FA /* os_core_sound.h */,
				50183D9A20F2C4B100C776FA /* os_core_sound_mac.mm */,
				50183D9B20F2C4B100C776FA /* os_core_web.cpp */,
				50183D9C20F2C4B100C776FA /* os_core_web.h */,
				50183D9D20F2C4B100C776FA /* OSInputGrabber.h */,
				50183D9E20F2C4B100C776FA /* OSInputGrabber.mm */,
				50183D9F20F2C4B100C776FA /* OSMusicPlayer.h */,
				50183DA020F2C4B100C776FA /* OSMusicPlayer.mm */,
			);
			path = "[Mac]";
			sourceTree = "<group>";
		};
		50183E0720F2C53700C776FA /* Frameworks */ = {
			isa = PBXGroup;
			children = (
				50183E1620F2C55200C776FA /* Cocoa.framework */,
				50183E0D20F2C53700C776FA /* AudioToolbox.framework */,
				50183E0A20F2C53700C776FA /* AVFoundation.framework */,
				50183E0920F2C53700C776FA /* Foundation.framework */,
				50183E0820F2C53700C776FA /* GLUT.framework */,
				50183E0E20F2C53800C776FA /* OpenAL.framework */,
				50183E0B20F2C53700C776FA /* OpenGL.framework */,
				50183E0C20F2C53700C776FA /* QuartzCore.framework */,
			);
			name = Frameworks;
			sourceTree = "<group>";
		};
		50CBEA7120F2C31000DD30B2 = {
			isa = PBXGroup;
			children = (
				0DC1E1D920F6CE14006349B6 /* Classes */,
				50183CFF20F2C4B100C776FA /* Framework [V] */,
				50CBEA7C20F2C31000DD30B2 /* Apex */,
				50CBEA7B20F2C31000DD30B2 /* Products */,
				50183E0720F2C53700C776FA /* Frameworks */,
			);
			sourceTree = "<group>";
		};
		50CBEA7B20F2C31000DD30B2 /* Products */ = {
			isa = PBXGroup;
			children = (
				50CBEA7A20F2C31000DD30B2 /* Apex.app */,
			);
			name = Products;
			sourceTree = "<group>";
		};
		50CBEA7C20F2C31000DD30B2 /* Apex */ = {
			isa = PBXGroup;
			children = (
				50CBEA8520F2C31000DD30B2 /* Info.plist */,
				50CBEA8E20F2C40800DD30B2 /* main.cpp */,
				50CBEA8820F2C31000DD30B2 /* Apex.entitlements */,
			);
			path = Apex;
			sourceTree = "<group>";
		};
		50E0CF9420F8E0D200616486 /* [[Editor]] */ = {
			isa = PBXGroup;
			children = (
				50CF4E7020F9840200C8A5E5 /* EditorMainMenu.cpp */,
				50CF4E7120F9840200C8A5E5 /* EditorMainMenu.hpp */,
				50E0CF9520F8E0D200616486 /* EditorGameArena.cpp */,
				50E0CF9620F8E0D200616486 /* EditorGameArena.hpp */,
			);
			path = "[[Editor]]";
			sourceTree = "<group>";
		};
/* End PBXGroup section */

/* Begin PBXNativeTarget section */
		50CBEA7920F2C31000DD30B2 /* Apex */ = {
			isa = PBXNativeTarget;
			buildConfigurationList = 50CBEA8B20F2C31000DD30B2 /* Build configuration list for PBXNativeTarget "Apex" */;
			buildPhases = (
				50CBEA7620F2C31000DD30B2 /* Sources */,
				50CBEA7720F2C31000DD30B2 /* Frameworks */,
				50CBEA7820F2C31000DD30B2 /* Resources */,
			);
			buildRules = (
			);
			dependencies = (
			);
			name = Apex;
			productName = Apex;
			productReference = 50CBEA7A20F2C31000DD30B2 /* Apex.app */;
			productType = "com.apple.product-type.application";
		};
/* End PBXNativeTarget section */

/* Begin PBXProject section */
		50CBEA7220F2C31000DD30B2 /* Project object */ = {
			isa = PBXProject;
			attributes = {
				LastUpgradeCheck = 0920;
				ORGANIZATIONNAME = "Raptis, Nicholas";
				TargetAttributes = {
					50CBEA7920F2C31000DD30B2 = {
						CreatedOnToolsVersion = 9.2;
						ProvisioningStyle = Automatic;
						SystemCapabilities = {
							com.apple.Sandbox = {
								enabled = 0;
							};
						};
					};
				};
			};
			buildConfigurationList = 50CBEA7520F2C31000DD30B2 /* Build configuration list for PBXProject "Apex" */;
			compatibilityVersion = "Xcode 8.0";
			developmentRegion = en;
			hasScannedForEncodings = 0;
			knownRegions = (
				en,
				Base,
			);
			mainGroup = 50CBEA7120F2C31000DD30B2;
			productRefGroup = 50CBEA7B20F2C31000DD30B2 /* Products */;
			projectDirPath = "";
			projectRoot = "";
			targets = (
				50CBEA7920F2C31000DD30B2 /* Apex */,
			);
		};
/* End PBXProject section */

/* Begin PBXResourcesBuildPhase section */
		50CBEA7820F2C31000DD30B2 /* Resources */ = {
			isa = PBXResourcesBuildPhase;
			buildActionMask = 2147483647;
			files = (
			);
			runOnlyForDeploymentPostprocessing = 0;
		};
/* End PBXResourcesBuildPhase section */

/* Begin PBXSourcesBuildPhase section */
		50CBEA7620F2C31000DD30B2 /* Sources */ = {
			isa = PBXSourcesBuildPhase;
			buildActionMask = 2147483647;
			files = (
				50183DDD20F2C4B100C776FA /* FSpline.cpp in Sources */,
				0DC1E26120F6CE14006349B6 /* UIImagePicker.cpp in Sources */,
				50183DFB20F2C4B100C776FA /* os_core_sound_mac.mm in Sources */,
				50183DDB20F2C4B100C776FA /* FSlider.cpp in Sources */,
				50183DE720F2C4B100C776FA /* FVertexBuffer.cpp in Sources */,
				0DC1E25120F6CE14006349B6 /* PGNode.cpp in Sources */,
				50CBEA8F20F2C40800DD30B2 /* main.cpp in Sources */,
				50183DC620F2C4B100C776FA /* FJoystick.cpp in Sources */,
				50183DC320F2C4B100C776FA /* FImageBundler.cpp in Sources */,
				50183DF920F2C4B100C776FA /* os_core_outlets_mac.mm in Sources */,
				0DC1E24E20F6CE14006349B6 /* ToolMenu.cpp in Sources */,
				0DC1E25D20F6CE14006349B6 /* UIStepper.cpp in Sources */,
				50183DBF20F2C4B100C776FA /* FGestureCanvas.cpp in Sources */,
				0DC1E25320F6CE14006349B6 /* ToolMenuModalUnderlay.cpp in Sources */,
				50183DF320F2C4B100C776FA /* FViewAnimation.cpp in Sources */,
				5039F4A320F7B85E0048EC1B /* AnimatedGamePath.cpp in Sources */,
				50183DE120F2C4B100C776FA /* FStringBuffer.cpp in Sources */,
				50183DBB20F2C4B100C776FA /* FDrawQuad.cpp in Sources */,
				50183DF820F2C4B100C776FA /* os_core_includes.cpp in Sources */,
				50183DE620F2C4B100C776FA /* FVec3.cpp in Sources */,
				50183DC120F2C4B100C776FA /* FHashTable.cpp in Sources */,
				50183DD220F2C4B100C776FA /* FPointList.cpp in Sources */,
				50183DC920F2C4B100C776FA /* FMath.cpp in Sources */,
				50183DB820F2C4B100C776FA /* FButton.cpp in Sources */,
				0DC1E25720F6CE14006349B6 /* UIButton.cpp in Sources */,
				50183DC020F2C4B100C776FA /* FGestureView.cpp in Sources */,
				50183DD920F2C4B100C776FA /* FScrollCanvas.cpp in Sources */,
				50183DC420F2C4B100C776FA /* FIndexList.cpp in Sources */,
				50183DD520F2C4B100C776FA /* FQuad.cpp in Sources */,
				0DC1E24B20F6CE14006349B6 /* ToolMenuSectionRow.cpp in Sources */,
				50CF4E7220F9840200C8A5E5 /* EditorMainMenu.cpp in Sources */,
				0DC1E26E20F6CE14006349B6 /* GLApp.cpp in Sources */,
				0DC1E24C20F6CE14006349B6 /* DragableCanvas.cpp in Sources */,
				50183DFE20F2C4B100C776FA /* OSMusicPlayer.mm in Sources */,
				50183DB320F2C4B100C776FA /* core_social.cpp in Sources */,
				0DC1E26420F6CE14006349B6 /* PathEditorMenu.cpp in Sources */,
				0DC1E26F20F6CE14006349B6 /* TowerPickerMenu.cpp in Sources */,
				50183DB620F2C4B100C776FA /* FAnimation.cpp in Sources */,
				50183DF620F2C4B100C776FA /* FViewTransform.cpp in Sources */,
				50183DD320F2C4B100C776FA /* FPolyPath.cpp in Sources */,
				50183DFC20F2C4B100C776FA /* os_core_web.cpp in Sources */,
				0DC1E24420F6CE14006349B6 /* WorldGestureContainer.cpp in Sources */,
				50183DE520F2C4B100C776FA /* FVec2.cpp in Sources */,
				50183DD020F2C4B100C776FA /* FParticle.cpp in Sources */,
				0DC1E26920F6CE14006349B6 /* WorldMenu.cpp in Sources */,
				50183DD820F2C4B100C776FA /* FResource.cpp in Sources */,
				50183DD720F2C4B100C776FA /* FRect.cpp in Sources */,
				0DC1E26C20F6CE14006349B6 /* GameArena.cpp in Sources */,
				0DC1E24A20F6CE14006349B6 /* ToolMenuHeader.cpp in Sources */,
				50183DDF20F2C4B100C776FA /* FSpriteSequence.cpp in Sources */,
				0DC1E26520F6CE14006349B6 /* TowerBullet.cpp in Sources */,
				50E0CF9720F8E0D200616486 /* EditorGameArena.cpp in Sources */,
				50183DCB20F2C4B100C776FA /* FModelData.cpp in Sources */,
				50183DBC20F2C4B100C776FA /* FFile.cpp in Sources */,
				50183DE820F2C4B100C776FA /* FWindow.cpp in Sources */,
				0DC1E26320F6CE14006349B6 /* PGMainCanvas.cpp in Sources */,
				50183DC720F2C4B100C776FA /* FLine.cpp in Sources */,
				0DC1E26220F6CE14006349B6 /* UIImagePickerCell.cpp in Sources */,
				50183DFA20F2C4B100C776FA /* os_core_social.cpp in Sources */,
				0DC1E25620F6CE14006349B6 /* UISegment.cpp in Sources */,
				50183DE220F2C4B100C776FA /* FTexture.cpp in Sources */,
				50183DE320F2C4B100C776FA /* FTextureCache.cpp in Sources */,
				0DC1E24120F6CE14006349B6 /* WorldContainer.cpp in Sources */,
				0DC1E25220F6CE14006349B6 /* ScreenTransformMenu.cpp in Sources */,
				0DC1E25520F6CE14006349B6 /* UIElement.cpp in Sources */,
				50183DCF20F2C4B100C776FA /* FObject.cpp in Sources */,
				0DC1E24220F6CE14006349B6 /* GameObject.cpp in Sources */,
				50183DBE20F2C4B100C776FA /* FFont.cpp in Sources */,
				50183DD120F2C4B100C776FA /* FPoint.cpp in Sources */,
				50183DB220F2C4B100C776FA /* core_graphics.cpp in Sources */,
				0DC1E24020F6CE14006349B6 /* GamePath.cpp in Sources */,
				50183DBA20F2C4B100C776FA /* FColor.cpp in Sources */,
				50183DD620F2C4B100C776FA /* FRandomizer.cpp in Sources */,
				0DC1E26D20F6CE14006349B6 /* SpriteSequenceNested.cpp in Sources */,
				0DC1E26A20F6CE14006349B6 /* Util_ScreenFrame.cpp in Sources */,
				50183DE920F2C4B100C776FA /* FXML.cpp in Sources */,
				50183DBD20F2C4B100C776FA /* FFloatList.cpp in Sources */,
				0DC1E26620F6CE14006349B6 /* TilePathFinder.cpp in Sources */,
				50183DF720F2C4B100C776FA /* os_core_app_shell_mac.mm in Sources */,
				50183DF420F2C4B100C776FA /* FViewContainer.cpp in Sources */,
				50183DF520F2C4B100C776FA /* FViewController.cpp in Sources */,
				50183DCC20F2C4B100C776FA /* FModelDataSequence.cpp in Sources */,
				50183DE020F2C4B100C776FA /* FString.cpp in Sources */,
				0DC1E25920F6CE14006349B6 /* UICheckBox.cpp in Sources */,
				0DC1E24720F6CE14006349B6 /* WorldTransformContainer.cpp in Sources */,
				50183DF020F2C4B100C776FA /* FScrollView.cpp in Sources */,
				0DC1E24320F6CE14006349B6 /* TilePathFinderHeap.cpp in Sources */,
				50183DF220F2C4B100C776FA /* FView.cpp in Sources */,
				0DC1E24D20F6CE14006349B6 /* ToolMenuSection.cpp in Sources */,
				50183DB720F2C4B100C776FA /* FApp.cpp in Sources */,
				50183DB520F2C4B100C776FA /* FAchievement.cpp in Sources */,
				0DC1E25E20F6CE14006349B6 /* UISlider.cpp in Sources */,
				0DC1E25C20F6CE14006349B6 /* UIRoundedRect.cpp in Sources */,
				50183DB420F2C4B100C776FA /* core_web.cpp in Sources */,
				0DC1E26820F6CE14006349B6 /* Unit.cpp in Sources */,
				0DC1E24F20F6CE14006349B6 /* ToolMenuPanelHeader.cpp in Sources */,
				50183DE420F2C4B100C776FA /* FTouchManager.cpp in Sources */,
				0DC1E25B20F6CE14006349B6 /* UIAlignmentPickerButton.cpp in Sources */,
				0DC1E25820F6CE14006349B6 /* UISegmentButton.cpp in Sources */,
				0DC1E25020F6CE14006349B6 /* ToolMenuPanel.cpp in Sources */,
				0DC1E25F20F6CE14006349B6 /* PGMainToolbar.cpp in Sources */,
				50183DDA20F2C4B100C776FA /* FSize.cpp in Sources */,
				50183DDC20F2C4B100C776FA /* FSound.cpp in Sources */,
				50183DFD20F2C4B100C776FA /* OSInputGrabber.mm in Sources */,
				0DC1E24620F6CE14006349B6 /* GameTile.cpp in Sources */,
				0DC1E26020F6CE14006349B6 /* PGPath.cpp in Sources */,
				50183DB920F2C4B100C776FA /* FCanvas.cpp in Sources */,
				50183DDE20F2C4B100C776FA /* FSprite.cpp in Sources */,
				50183DB120F2C4B100C776FA /* core_app_shell.cpp in Sources */,
				0DC1E26720F6CE14006349B6 /* TowerPickerMenuButton.cpp in Sources */,
				0DC1E25420F6CE14006349B6 /* UILabel.cpp in Sources */,
				0DC1E24920F6CE14006349B6 /* PGPathEditor.cpp in Sources */,
				50183DCE20F2C4B100C776FA /* FNotificationCenter.cpp in Sources */,
				50183DF120F2C4B100C776FA /* FScrollViewPaged.cpp in Sources */,
				0DC1E24520F6CE14006349B6 /* Tower.cpp in Sources */,
				50183DD420F2C4B100C776FA /* FPrimitive.cpp in Sources */,
				50183DC220F2C4B100C776FA /* FImage.cpp in Sources */,
				50183DC820F2C4B100C776FA /* FList.cpp in Sources */,
				0DC1E25A20F6CE14006349B6 /* UIAlignmentPicker.cpp in Sources */,
				50183DCA20F2C4B100C776FA /* FMatrix.cpp in Sources */,
				0DC1E24820F6CE14006349B6 /* TowerDetailMenu.cpp in Sources */,
			);
			runOnlyForDeploymentPostprocessing = 0;
		};
/* End PBXSourcesBuildPhase section */

/* Begin XCBuildConfiguration section */
		50CBEA8920F2C31000DD30B2 /* Debug */ = {
			isa = XCBuildConfiguration;
			buildSettings = {
				ALWAYS_SEARCH_USER_PATHS = NO;
				CLANG_ANALYZER_NONNULL = YES;
				CLANG_ANALYZER_NUMBER_OBJECT_CONVERSION = YES_AGGRESSIVE;
				CLANG_CXX_LANGUAGE_STANDARD = "gnu++14";
				CLANG_CXX_LIBRARY = "libc++";
				CLANG_ENABLE_MODULES = YES;
				CLANG_ENABLE_OBJC_ARC = YES;
				CLANG_WARN_BLOCK_CAPTURE_AUTORELEASING = YES;
				CLANG_WARN_BOOL_CONVERSION = YES;
				CLANG_WARN_COMMA = YES;
				CLANG_WARN_CONSTANT_CONVERSION = YES;
				CLANG_WARN_DIRECT_OBJC_ISA_USAGE = YES_ERROR;
				CLANG_WARN_DOCUMENTATION_COMMENTS = YES;
				CLANG_WARN_EMPTY_BODY = YES;
				CLANG_WARN_ENUM_CONVERSION = YES;
				CLANG_WARN_INFINITE_RECURSION = YES;
				CLANG_WARN_INT_CONVERSION = YES;
				CLANG_WARN_NON_LITERAL_NULL_CONVERSION = YES;
				CLANG_WARN_OBJC_LITERAL_CONVERSION = YES;
				CLANG_WARN_OBJC_ROOT_CLASS = YES_ERROR;
				CLANG_WARN_RANGE_LOOP_ANALYSIS = YES;
				CLANG_WARN_STRICT_PROTOTYPES = YES;
				CLANG_WARN_SUSPICIOUS_MOVE = YES;
				CLANG_WARN_UNGUARDED_AVAILABILITY = YES_AGGRESSIVE;
				CLANG_WARN_UNREACHABLE_CODE = YES;
				CLANG_WARN__DUPLICATE_METHOD_MATCH = YES;
				CODE_SIGN_IDENTITY = "-";
				COPY_PHASE_STRIP = NO;
				DEBUG_INFORMATION_FORMAT = dwarf;
				ENABLE_STRICT_OBJC_MSGSEND = YES;
				ENABLE_TESTABILITY = YES;
				GCC_C_LANGUAGE_STANDARD = gnu11;
				GCC_DYNAMIC_NO_PIC = NO;
				GCC_NO_COMMON_BLOCKS = YES;
				GCC_OPTIMIZATION_LEVEL = 0;
				GCC_PREPROCESSOR_DEFINITIONS = (
					"DEBUG=1",
					"$(inherited)",
				);
				GCC_WARN_64_TO_32_BIT_CONVERSION = YES;
				GCC_WARN_ABOUT_RETURN_TYPE = YES_ERROR;
				GCC_WARN_UNDECLARED_SELECTOR = YES;
				GCC_WARN_UNINITIALIZED_AUTOS = YES_AGGRESSIVE;
				GCC_WARN_UNUSED_FUNCTION = YES;
				GCC_WARN_UNUSED_VARIABLE = YES;
				MACOSX_DEPLOYMENT_TARGET = 10.12;
				MTL_ENABLE_DEBUG_INFO = YES;
				ONLY_ACTIVE_ARCH = YES;
				SDKROOT = macosx;
			};
			name = Debug;
		};
		50CBEA8A20F2C31000DD30B2 /* Release */ = {
			isa = XCBuildConfiguration;
			buildSettings = {
				ALWAYS_SEARCH_USER_PATHS = NO;
				CLANG_ANALYZER_NONNULL = YES;
				CLANG_ANALYZER_NUMBER_OBJECT_CONVERSION = YES_AGGRESSIVE;
				CLANG_CXX_LANGUAGE_STANDARD = "gnu++14";
				CLANG_CXX_LIBRARY = "libc++";
				CLANG_ENABLE_MODULES = YES;
				CLANG_ENABLE_OBJC_ARC = YES;
				CLANG_WARN_BLOCK_CAPTURE_AUTORELEASING = YES;
				CLANG_WARN_BOOL_CONVERSION = YES;
				CLANG_WARN_COMMA = YES;
				CLANG_WARN_CONSTANT_CONVERSION = YES;
				CLANG_WARN_DIRECT_OBJC_ISA_USAGE = YES_ERROR;
				CLANG_WARN_DOCUMENTATION_COMMENTS = YES;
				CLANG_WARN_EMPTY_BODY = YES;
				CLANG_WARN_ENUM_CONVERSION = YES;
				CLANG_WARN_INFINITE_RECURSION = YES;
				CLANG_WARN_INT_CONVERSION = YES;
				CLANG_WARN_NON_LITERAL_NULL_CONVERSION = YES;
				CLANG_WARN_OBJC_LITERAL_CONVERSION = YES;
				CLANG_WARN_OBJC_ROOT_CLASS = YES_ERROR;
				CLANG_WARN_RANGE_LOOP_ANALYSIS = YES;
				CLANG_WARN_STRICT_PROTOTYPES = YES;
				CLANG_WARN_SUSPICIOUS_MOVE = YES;
				CLANG_WARN_UNGUARDED_AVAILABILITY = YES_AGGRESSIVE;
				CLANG_WARN_UNREACHABLE_CODE = YES;
				CLANG_WARN__DUPLICATE_METHOD_MATCH = YES;
				CODE_SIGN_IDENTITY = "-";
				COPY_PHASE_STRIP = NO;
				DEBUG_INFORMATION_FORMAT = "dwarf-with-dsym";
				ENABLE_NS_ASSERTIONS = NO;
				ENABLE_STRICT_OBJC_MSGSEND = YES;
				GCC_C_LANGUAGE_STANDARD = gnu11;
				GCC_NO_COMMON_BLOCKS = YES;
				GCC_WARN_64_TO_32_BIT_CONVERSION = YES;
				GCC_WARN_ABOUT_RETURN_TYPE = YES_ERROR;
				GCC_WARN_UNDECLARED_SELECTOR = YES;
				GCC_WARN_UNINITIALIZED_AUTOS = YES_AGGRESSIVE;
				GCC_WARN_UNUSED_FUNCTION = YES;
				GCC_WARN_UNUSED_VARIABLE = YES;
				MACOSX_DEPLOYMENT_TARGET = 10.12;
				MTL_ENABLE_DEBUG_INFO = NO;
				SDKROOT = macosx;
			};
			name = Release;
		};
		50CBEA8C20F2C31000DD30B2 /* Debug */ = {
			isa = XCBuildConfiguration;
			buildSettings = {
				ASSETCATALOG_COMPILER_APPICON_NAME = AppIcon;
				CODE_SIGN_STYLE = Automatic;
				COMBINE_HIDPI_IMAGES = YES;
				INFOPLIST_FILE = Apex/Info.plist;
				LD_RUNPATH_SEARCH_PATHS = "$(inherited) @executable_path/../Frameworks";
				PRODUCT_BUNDLE_IDENTIFIER = com.com.comcom.Apex;
				PRODUCT_NAME = "$(TARGET_NAME)";
			};
			name = Debug;
		};
		50CBEA8D20F2C31000DD30B2 /* Release */ = {
			isa = XCBuildConfiguration;
			buildSettings = {
				ASSETCATALOG_COMPILER_APPICON_NAME = AppIcon;
				CODE_SIGN_STYLE = Automatic;
				COMBINE_HIDPI_IMAGES = YES;
				INFOPLIST_FILE = Apex/Info.plist;
				LD_RUNPATH_SEARCH_PATHS = "$(inherited) @executable_path/../Frameworks";
				PRODUCT_BUNDLE_IDENTIFIER = com.com.comcom.Apex;
				PRODUCT_NAME = "$(TARGET_NAME)";
			};
			name = Release;
		};
/* End XCBuildConfiguration section */

/* Begin XCConfigurationList section */
		50CBEA7520F2C31000DD30B2 /* Build configuration list for PBXProject "Apex" */ = {
			isa = XCConfigurationList;
			buildConfigurations = (
				50CBEA8920F2C31000DD30B2 /* Debug */,
				50CBEA8A20F2C31000DD30B2 /* Release */,
			);
			defaultConfigurationIsVisible = 0;
			defaultConfigurationName = Release;
		};
		50CBEA8B20F2C31000DD30B2 /* Build configuration list for PBXNativeTarget "Apex" */ = {
			isa = XCConfigurationList;
			buildConfigurations = (
				50CBEA8C20F2C31000DD30B2 /* Debug */,
				50CBEA8D20F2C31000DD30B2 /* Release */,
			);
			defaultConfigurationIsVisible = 0;
			defaultConfigurationName = Release;
		};
/* End XCConfigurationList section */
	};
	rootObject = 50CBEA7220F2C31000DD30B2 /* Project object */;
}
